<?xml version="1.0" encoding="utf-8"?>
<Project ToolsVersion="4.0" xmlns="http://schemas.microsoft.com/developer/msbuild/2003">
  <ItemGroup>
    <Filter Include="Resource Files">
      <UniqueIdentifier>{67DA6AB6-F800-4c08-8B7A-83BB121AAD01}</UniqueIdentifier>
      <Extensions>rc;ico;cur;bmp;dlg;rc2;rct;bin;rgs;gif;jpg;jpeg;jpe;resx;tiff;tif;png;wav;mfcribbon-ms</Extensions>
    </Filter>
    <Filter Include="Connector">
      <UniqueIdentifier>{3e120d58-60af-4e4b-a308-c32198aad172}</UniqueIdentifier>
    </Filter>
    <Filter Include="Connector\Event">
      <UniqueIdentifier>{9e90da7d-1c9a-4ef5-827f-b0c03bf3a3b1}</UniqueIdentifier>
    </Filter>
    <Filter Include="Connector\Interface">
      <UniqueIdentifier>{c74d6482-b21c-4a58-a233-d529b7ba2253}</UniqueIdentifier>
    </Filter>
    <Filter Include="Connector\Interface\Browser">
      <UniqueIdentifier>{41265b1d-cc7a-44e1-a9b0-bf166e3762a7}</UniqueIdentifier>
    </Filter>
    <Filter Include="Connector\Interface\Browser\Bridge">
      <UniqueIdentifier>{7487caf8-b052-4bb7-b88c-b645b92f9428}</UniqueIdentifier>
    </Filter>
    <Filter Include="Connector\Interface\Browser\Bridge\Account">
      <UniqueIdentifier>{865d017c-cbf0-4507-a815-41a37bcaa4af}</UniqueIdentifier>
    </Filter>
    <Filter Include="Connector\Interface\Browser\Bridge\Config">
      <UniqueIdentifier>{4e5d7206-9d4b-4edf-88c2-be7260f5e41e}</UniqueIdentifier>
    </Filter>
    <Filter Include="Connector\Interface\Browser\Bridge\Base">
      <UniqueIdentifier>{34a1ed7b-2f9f-4407-aba7-bf9830118593}</UniqueIdentifier>
    </Filter>
    <Filter Include="Connector\Database">
      <UniqueIdentifier>{2f459f56-86f0-4794-b4b7-1bd7b8ee5617}</UniqueIdentifier>
    </Filter>
    <Filter Include="Connector\Database\Model">
      <UniqueIdentifier>{2820ad4f-60d9-436e-a7a2-d019d7e0ce0c}</UniqueIdentifier>
    </Filter>
    <Filter Include="Connector\Database\Model\Card">
      <UniqueIdentifier>{85935d00-16ac-466a-a614-ad9ea802bffa}</UniqueIdentifier>
    </Filter>
    <Filter Include="Connector\Interface\Browser\Bridge\Config\Arg">
      <UniqueIdentifier>{6a2f1f18-a554-4546-bba3-314d5f2ec9f9}</UniqueIdentifier>
    </Filter>
    <Filter Include="Connector\Interface\Browser\Bridge\Base\Arg">
      <UniqueIdentifier>{d74446ad-e141-48ac-9fa0-8b82279bbdbf}</UniqueIdentifier>
    </Filter>
    <Filter Include="Connector\Interface\Browser\Bridge\Test">
      <UniqueIdentifier>{9976ca16-8f99-44a2-b596-b81df82d847a}</UniqueIdentifier>
    </Filter>
    <Filter Include="Connector\Interface\Browser\Bridge\Test\Arg">
      <UniqueIdentifier>{1656a0df-aa39-4f41-860f-7b278b31784a}</UniqueIdentifier>
    </Filter>
    <Filter Include="Connector\Interface\Browser\Bridge\Send">
      <UniqueIdentifier>{2b87cf11-87cd-435f-ab24-42170c2e657e}</UniqueIdentifier>
    </Filter>
  </ItemGroup>
  <ItemGroup>
    <None Include="RFIX.win\Connector.rc2">
      <Filter>Resource Files</Filter>
    </None>
    <None Include="Make.win\Connector.addin">
      <Filter>Resource Files</Filter>
    </None>
    <None Include="RINT\Connector.grc">
      <Filter>Resource Files</Filter>
    </None>
    <None Include="RINT\ConnectorMenu.grc">
      <Filter>Resource Files</Filter>
    </None>
    <None Include="RINT\SpecklePalette.grc">
      <Filter>Resource Files</Filter>
    </None>
  </ItemGroup>
  <ItemGroup>
    <ResourceCompile Include="RFIX.win\Connector.rc">
      <Filter>Resource Files</Filter>
    </ResourceCompile>
  </ItemGroup>
  <ItemGroup>
    <ClCompile Include="Connector\Connector.cpp">
      <Filter>Connector</Filter>
    </ClCompile>
    <ClCompile Include="Connector\Interface\ConnectorMenu.cpp">
      <Filter>Connector\Interface</Filter>
    </ClCompile>
    <ClCompile Include="Connector\Interface\ConnectorPalette.cpp">
      <Filter>Connector\Interface</Filter>
    </ClCompile>
    <ClCompile Include="Connector\Interface\Browser\Bridge\Account\AccountBridge.cpp">
      <Filter>Connector\Interface\Browser\Bridge\Account</Filter>
    </ClCompile>
    <ClCompile Include="Connector\Interface\Browser\Bridge\Account\GetAccounts.cpp">
      <Filter>Connector\Interface\Browser\Bridge\Account</Filter>
    </ClCompile>
    <ClCompile Include="Connector\Interface\Browser\Bridge\Config\ConfigBridge.cpp">
      <Filter>Connector\Interface\Browser\Bridge\Config</Filter>
    </ClCompile>
    <ClCompile Include="Connector\Interface\Browser\Bridge\Config\GetConfig.cpp">
      <Filter>Connector\Interface\Browser\Bridge\Config</Filter>
    </ClCompile>
    <ClCompile Include="Connector\Interface\Browser\Bridge\Config\UpdateConfig.cpp">
      <Filter>Connector\Interface\Browser\Bridge\Config</Filter>
    </ClCompile>
    <ClCompile Include="Connector\Interface\Browser\Bridge\Base\BaseBridge.cpp">
      <Filter>Connector\Interface\Browser\Bridge\Base</Filter>
    </ClCompile>
    <ClCompile Include="Connector\Interface\Browser\Bridge\Base\GetConnectorVersion.cpp">
      <Filter>Connector\Interface\Browser\Bridge\Base</Filter>
    </ClCompile>
    <ClCompile Include="Connector\Interface\Browser\Bridge\Base\GetDocumentInfo.cpp">
      <Filter>Connector\Interface\Browser\Bridge\Base</Filter>
    </ClCompile>
    <ClCompile Include="Connector\Interface\Browser\Bridge\Base\GetDocumentState.cpp">
      <Filter>Connector\Interface\Browser\Bridge\Base</Filter>
    </ClCompile>
    <ClCompile Include="Connector\Interface\Browser\Bridge\Base\GetSourceApplicationName.cpp">
      <Filter>Connector\Interface\Browser\Bridge\Base</Filter>
    </ClCompile>
    <ClCompile Include="Connector\Interface\Browser\Bridge\Base\GetSourceApplicationVersion.cpp">
      <Filter>Connector\Interface\Browser\Bridge\Base</Filter>
    </ClCompile>
    <ClCompile Include="Connector\Database\Model\Card\ModelCardDatabase.cpp">
      <Filter>Connector\Database\Model\Card</Filter>
    </ClCompile>
    <ClCompile Include="Connector\Interface\Browser\Bridge\Config\Arg\ConnectorConfig.cpp">
      <Filter>Connector\Interface\Browser\Bridge\Config\Arg</Filter>
    </ClCompile>
    <ClCompile Include="Connector\Interface\Browser\Bridge\Base\Arg\DocumentInfo.cpp">
      <Filter>Connector\Interface\Browser\Bridge\Base\Arg</Filter>
    </ClCompile>
    <ClCompile Include="Connector\Interface\Browser\Bridge\Test\GetComplexType.cpp">
      <Filter>Connector\Interface\Browser\Bridge\Test</Filter>
    </ClCompile>
    <ClCompile Include="Connector\Interface\Browser\Bridge\Test\GoAway.cpp">
      <Filter>Connector\Interface\Browser\Bridge\Test</Filter>
    </ClCompile>
    <ClCompile Include="Connector\Interface\Browser\Bridge\Test\SayHi.cpp">
      <Filter>Connector\Interface\Browser\Bridge\Test</Filter>
    </ClCompile>
    <ClCompile Include="Connector\Interface\Browser\Bridge\Test\TestBridge.cpp">
      <Filter>Connector\Interface\Browser\Bridge\Test</Filter>
    </ClCompile>
    <ClCompile Include="Connector\Interface\Browser\Bridge\Test\Arg\SayHiArg.cpp">
      <Filter>Connector\Interface\Browser\Bridge\Test\Arg</Filter>
    </ClCompile>
    <ClCompile Include="Connector\Interface\Browser\Bridge\Test\TriggerEvent.cpp">
      <Filter>Connector\Interface\Browser\Bridge\Test</Filter>
    </ClCompile>
    <ClCompile Include="Connector\Interface\Browser\Bridge\Send\SendBridge.cpp">
      <Filter>Connector\Interface\Browser\Bridge\Send</Filter>
    </ClCompile>
    <ClCompile Include="Connector\Interface\Browser\Bridge\Config\GetIsDevMode.cpp" />
    <ClCompile Include="Connector\Interface\Browser\Bridge\Send\Send.cpp">
      <Filter>Connector\Interface\Browser\Bridge\Send</Filter>
    </ClCompile>
  </ItemGroup>
  <ItemGroup>
    <ClInclude Include="Connector\ConnectorResource.h">
      <Filter>Connector</Filter>
    </ClInclude>
    <ClInclude Include="Connector\Event\ConnectorEventID.h">
      <Filter>Connector\Event</Filter>
    </ClInclude>
    <ClInclude Include="Connector\Interface\ConnectorMenu.h">
      <Filter>Connector\Interface</Filter>
    </ClInclude>
    <ClInclude Include="Connector\Interface\ConnectorPalette.h">
      <Filter>Connector\Interface</Filter>
    </ClInclude>
    <ClInclude Include="Connector\Interface\Browser\Bridge\Account\AccountBridge.h">
      <Filter>Connector\Interface\Browser\Bridge\Account</Filter>
    </ClInclude>
    <ClInclude Include="Connector\Interface\Browser\Bridge\Account\GetAccounts.h">
      <Filter>Connector\Interface\Browser\Bridge\Account</Filter>
    </ClInclude>
    <ClInclude Include="Connector\Interface\Browser\Bridge\Config\ConfigBridge.h">
      <Filter>Connector\Interface\Browser\Bridge\Config</Filter>
    </ClInclude>
    <ClInclude Include="Connector\Interface\Browser\Bridge\Config\GetConfig.h">
      <Filter>Connector\Interface\Browser\Bridge\Config</Filter>
    </ClInclude>
    <ClInclude Include="Connector\Interface\Browser\Bridge\Config\UpdateConfig.h">
      <Filter>Connector\Interface\Browser\Bridge\Config</Filter>
    </ClInclude>
    <ClInclude Include="Connector\Interface\Browser\Bridge\Base\BaseBridge.h">
      <Filter>Connector\Interface\Browser\Bridge\Base</Filter>
    </ClInclude>
    <ClInclude Include="Connector\Interface\Browser\Bridge\Base\GetConnectorVersion.h">
      <Filter>Connector\Interface\Browser\Bridge\Base</Filter>
    </ClInclude>
    <ClInclude Include="Connector\Interface\Browser\Bridge\Base\GetDocumentInfo.h">
      <Filter>Connector\Interface\Browser\Bridge\Base</Filter>
    </ClInclude>
    <ClInclude Include="Connector\Interface\Browser\Bridge\Base\GetDocumentState.h">
      <Filter>Connector\Interface\Browser\Bridge\Base</Filter>
    </ClInclude>
    <ClInclude Include="Connector\Interface\Browser\Bridge\Base\GetSourceApplicationName.h">
      <Filter>Connector\Interface\Browser\Bridge\Base</Filter>
    </ClInclude>
    <ClInclude Include="Connector\Interface\Browser\Bridge\Base\GetSourceApplicationVersion.h">
      <Filter>Connector\Interface\Browser\Bridge\Base</Filter>
    </ClInclude>
    <ClInclude Include="Connector\Connector.h">
      <Filter>Connector</Filter>
    </ClInclude>
    <ClInclude Include="Connector\Version.h">
      <Filter>Connector</Filter>
    </ClInclude>
    <ClInclude Include="Connector\Database\Model\Card\ModelCardDatabase.h">
      <Filter>Connector\Database\Model\Card</Filter>
    </ClInclude>
    <ClInclude Include="Connector\Interface\Browser\Bridge\Config\Arg\ConnectorConfig.h">
      <Filter>Connector\Interface\Browser\Bridge\Config\Arg</Filter>
    </ClInclude>
    <ClInclude Include="Connector\Interface\Browser\Bridge\Base\Arg\DocumentInfo.h">
      <Filter>Connector\Interface\Browser\Bridge\Base\Arg</Filter>
    </ClInclude>
    <ClInclude Include="Connector\Interface\Browser\Bridge\Test\GetComplexType.h">
      <Filter>Connector\Interface\Browser\Bridge\Test</Filter>
    </ClInclude>
    <ClInclude Include="Connector\Interface\Browser\Bridge\Test\GoAway.h">
      <Filter>Connector\Interface\Browser\Bridge\Test</Filter>
    </ClInclude>
    <ClInclude Include="Connector\Interface\Browser\Bridge\Test\SayHi.h">
      <Filter>Connector\Interface\Browser\Bridge\Test</Filter>
    </ClInclude>
    <ClInclude Include="Connector\Interface\Browser\Bridge\Test\TestBridge.h">
      <Filter>Connector\Interface\Browser\Bridge\Test</Filter>
    </ClInclude>
    <ClInclude Include="Connector\Interface\Browser\Bridge\Test\Arg\SayHiArg.h">
      <Filter>Connector\Interface\Browser\Bridge\Test\Arg</Filter>
    </ClInclude>
    <ClInclude Include="Connector\Interface\Browser\Bridge\Test\TriggerEvent.h">
      <Filter>Connector\Interface\Browser\Bridge\Test</Filter>
    </ClInclude>
    <ClInclude Include="Connector\Interface\Browser\Bridge\Send\SendBridge.h">
      <Filter>Connector\Interface\Browser\Bridge\Send</Filter>
    </ClInclude>
    <ClInclude Include="Connector\Interface\Browser\Bridge\Config\GetIsDevMode.h" />
    <ClInclude Include="Connector\Interface\Browser\Bridge\Send\Send.h">
      <Filter>Connector\Interface\Browser\Bridge\Send</Filter>
    </ClInclude>
  </ItemGroup>
</Project>