<?xml version="1.0" encoding="utf-8"?>
<Project ToolsVersion="4.0" xmlns="http://schemas.microsoft.com/developer/msbuild/2003">
  <ItemGroup>
    <Filter Include="Resource Files">
      <UniqueIdentifier>{67DA6AB6-F800-4c08-8B7A-83BB121AAD01}</UniqueIdentifier>
      <Extensions>rc;ico;cur;bmp;dlg;rc2;rct;bin;rgs;gif;jpg;jpeg;jpe;resx;tiff;tif;png;wav;mfcribbon-ms</Extensions>
    </Filter>
    <Filter Include="Connector">
      <UniqueIdentifier>{3e120d58-60af-4e4b-a308-c32198aad172}</UniqueIdentifier>
    </Filter>
    <Filter Include="Connector\Event">
      <UniqueIdentifier>{9e90da7d-1c9a-4ef5-827f-b0c03bf3a3b1}</UniqueIdentifier>
    </Filter>
    <Filter Include="Connector\Interface">
      <UniqueIdentifier>{c74d6482-b21c-4a58-a233-d529b7ba2253}</UniqueIdentifier>
    </Filter>
    <Filter Include="Connector\Interface\Browser">
      <UniqueIdentifier>{41265b1d-cc7a-44e1-a9b0-bf166e3762a7}</UniqueIdentifier>
    </Filter>
    <Filter Include="Connector\Interface\Browser\Bridge">
      <UniqueIdentifier>{7487caf8-b052-4bb7-b88c-b645b92f9428}</UniqueIdentifier>
    </Filter>
    <Filter Include="Connector\Interface\Browser\Bridge\Account">
      <UniqueIdentifier>{865d017c-cbf0-4507-a815-41a37bcaa4af}</UniqueIdentifier>
    </Filter>
  </ItemGroup>
  <ItemGroup>
    <None Include="RFIX.win\Connector.rc2">
      <Filter>Resource Files</Filter>
    </None>
    <None Include="Make.win\Connector.addin">
      <Filter>Resource Files</Filter>
    </None>
    <None Include="RINT\Connector.grc">
      <Filter>Resource Files</Filter>
    </None>
    <None Include="RINT\ConnectorMenu.grc">
      <Filter>Resource Files</Filter>
    </None>
    <None Include="RINT\SpecklePalette.grc">
      <Filter>Resource Files</Filter>
    </None>
  </ItemGroup>
  <ItemGroup>
    <ResourceCompile Include="RFIX.win\Connector.rc">
      <Filter>Resource Files</Filter>
    </ResourceCompile>
  </ItemGroup>
  <ItemGroup>
    <ClCompile Include="Connector\Connector.cpp">
      <Filter>Connector</Filter>
    </ClCompile>
    <ClCompile Include="Connector\Interface\ConnectorMenu.cpp">
      <Filter>Connector\Interface</Filter>
    </ClCompile>
    <ClCompile Include="Connector\Interface\ConnectorPalette.cpp">
      <Filter>Connector\Interface</Filter>
    </ClCompile>
    <ClCompile Include="Connector\Interface\Browser\Bridge\Account\AccountBridge.cpp">
      <Filter>Connector\Interface\Browser\Bridge\Account</Filter>
    </ClCompile>
    <ClCompile Include="Connector\Interface\Browser\Bridge\Account\GetAccounts.cpp">
      <Filter>Connector\Interface\Browser\Bridge\Account</Filter>
    </ClCompile>
  </ItemGroup>
  <ItemGroup>
    <ClInclude Include="Connector\ConnectorResource.h">
      <Filter>Connector</Filter>
    </ClInclude>
    <ClInclude Include="Connector\Event\ConnectorEventID.h">
      <Filter>Connector\Event</Filter>
    </ClInclude>
    <ClInclude Include="Connector\Interface\ConnectorMenu.h">
      <Filter>Connector\Interface</Filter>
    </ClInclude>
    <ClInclude Include="Connector\Interface\ConnectorPalette.h">
      <Filter>Connector\Interface</Filter>
    </ClInclude>
    <ClInclude Include="Connector\Interface\Browser\Bridge\Account\AccountBridge.h">
      <Filter>Connector\Interface\Browser\Bridge\Account</Filter>
    </ClInclude>
    <ClInclude Include="Connector\Interface\Browser\Bridge\Account\GetAccounts.h">
      <Filter>Connector\Interface\Browser\Bridge\Account</Filter>
    </ClInclude>
  </ItemGroup>
</Project>