
Microsoft Visual Studio Solution File, Format Version 12.00
# Visual Studio Version 17
VisualStudioVersion = 17.8.34309.116
MinimumVisualStudioVersion = 10.0.40219.1
Project("{8BC9CEB8-8B4A-11D0-8D11-00A0C91BC942}") = "Connector", "Connector.vcxproj", "{CB120C04-054F-485B-BB5F-1EDE23F7FACB}"
	ProjectSection(ProjectDependencies) = postProject
		{64EBDBC7-AB2D-4AE1-8E54-922B6FA6E1CC} = {64EBDBC7-AB2D-4AE1-8E54-922B6FA6E1CC}
		{942743B7-B3CB-4F91-BE46-28937F5E3FD1} = {942743B7-B3CB-4F91-BE46-28937F5E3FD1}
	EndProjectSection
EndProject
Project("{8BC9CEB8-8B4A-11D0-8D11-00A0C91BC942}") = "ActiveLib17", "..\..\ActiveLib\ActiveLib17.vcxproj", "{64EBDBC7-AB2D-4AE1-8E54-922B6FA6E1CC}"
EndProject
Project("{8BC9CEB8-8B4A-11D0-8D11-00A0C91BC942}") = "SpeckleLib17", "..\SpeckleLib\SpeckleLib17.vcxproj", "{942743B7-B3CB-4F91-BE46-28937F5E3FD1}"
EndProject
Global
	GlobalSection(SolutionConfigurationPlatforms) = preSolution
		Debug16|x64 = Debug16|x64
		Debug16|x86 = Debug16|x86
		Debug17|x64 = Debug17|x64
		Debug17|x86 = Debug17|x86
		DebugAC27|x64 = DebugAC27|x64
		DebugAC27|x86 = DebugAC27|x86
		DebugVS2022|x64 = DebugVS2022|x64
		DebugVS2022|x86 = DebugVS2022|x86
		Release16|x64 = Release16|x64
		Release16|x86 = Release16|x86
		Release17|x64 = Release17|x64
		Release17|x86 = Release17|x86
		ReleaseAC27|x64 = ReleaseAC27|x64
		ReleaseAC27|x86 = ReleaseAC27|x86
		ReleaseVS2019|x64 = ReleaseVS2019|x64
		ReleaseVS2019|x86 = ReleaseVS2019|x86
		ReleaseVS2022|x64 = ReleaseVS2022|x64
		ReleaseVS2022|x86 = ReleaseVS2022|x86
	EndGlobalSection
	GlobalSection(ProjectConfigurationPlatforms) = postSolution
		{CB120C04-054F-485B-BB5F-1EDE23F7FACB}.Debug16|x64.ActiveCfg = DebugVW2024|x64
		{CB120C04-054F-485B-BB5F-1EDE23F7FACB}.Debug16|x64.Build.0 = DebugVW2024|x64
		{CB120C04-054F-485B-BB5F-1EDE23F7FACB}.Debug16|x86.ActiveCfg = DebugAC27|Win32
		{CB120C04-054F-485B-BB5F-1EDE23F7FACB}.Debug16|x86.Build.0 = DebugAC27|Win32
		{CB120C04-054F-485B-BB5F-1EDE23F7FACB}.Debug17|x64.ActiveCfg = DebugVW2024|x64
		{CB120C04-054F-485B-BB5F-1EDE23F7FACB}.Debug17|x64.Build.0 = DebugVW2024|x64
		{CB120C04-054F-485B-BB5F-1EDE23F7FACB}.Debug17|x86.ActiveCfg = DebugAC27|Win32
		{CB120C04-054F-485B-BB5F-1EDE23F7FACB}.Debug17|x86.Build.0 = DebugAC27|Win32
		{CB120C04-054F-485B-BB5F-1EDE23F7FACB}.DebugAC27|x64.ActiveCfg = DebugAC27|x64
		{CB120C04-054F-485B-BB5F-1EDE23F7FACB}.DebugAC27|x64.Build.0 = DebugAC27|x64
		{CB120C04-054F-485B-BB5F-1EDE23F7FACB}.DebugAC27|x86.ActiveCfg = DebugVW2024|Win32
		{CB120C04-054F-485B-BB5F-1EDE23F7FACB}.DebugAC27|x86.Build.0 = DebugVW2024|Win32
		{CB120C04-054F-485B-BB5F-1EDE23F7FACB}.DebugVS2022|x64.ActiveCfg = DebugVW2024|x64
		{CB120C04-054F-485B-BB5F-1EDE23F7FACB}.DebugVS2022|x64.Build.0 = DebugVW2024|x64
		{CB120C04-054F-485B-BB5F-1EDE23F7FACB}.DebugVS2022|x86.ActiveCfg = DebugRV2024|Win32
		{CB120C04-054F-485B-BB5F-1EDE23F7FACB}.DebugVS2022|x86.Build.0 = DebugRV2024|Win32
		{CB120C04-054F-485B-BB5F-1EDE23F7FACB}.Release16|x64.ActiveCfg = ReleaseVW2024|x64
		{CB120C04-054F-485B-BB5F-1EDE23F7FACB}.Release16|x64.Build.0 = ReleaseVW2024|x64
		{CB120C04-054F-485B-BB5F-1EDE23F7FACB}.Release16|x86.ActiveCfg = ReleaseAC27|Win32
		{CB120C04-054F-485B-BB5F-1EDE23F7FACB}.Release16|x86.Build.0 = ReleaseAC27|Win32
		{CB120C04-054F-485B-BB5F-1EDE23F7FACB}.Release17|x64.ActiveCfg = ReleaseVW2024|x64
		{CB120C04-054F-485B-BB5F-1EDE23F7FACB}.Release17|x64.Build.0 = ReleaseVW2024|x64
		{CB120C04-054F-485B-BB5F-1EDE23F7FACB}.Release17|x86.ActiveCfg = ReleaseAC27|Win32
		{CB120C04-054F-485B-BB5F-1EDE23F7FACB}.Release17|x86.Build.0 = ReleaseAC27|Win32
		{CB120C04-054F-485B-BB5F-1EDE23F7FACB}.ReleaseAC27|x64.ActiveCfg = ReleaseAC27|x64
		{CB120C04-054F-485B-BB5F-1EDE23F7FACB}.ReleaseAC27|x64.Build.0 = ReleaseAC27|x64
		{CB120C04-054F-485B-BB5F-1EDE23F7FACB}.ReleaseAC27|x86.ActiveCfg = ReleaseVW2024|Win32
		{CB120C04-054F-485B-BB5F-1EDE23F7FACB}.ReleaseAC27|x86.Build.0 = ReleaseVW2024|Win32
		{CB120C04-054F-485B-BB5F-1EDE23F7FACB}.ReleaseVS2019|x64.ActiveCfg = ReleaseVW2024|x64
		{CB120C04-054F-485B-BB5F-1EDE23F7FACB}.ReleaseVS2019|x64.Build.0 = ReleaseVW2024|x64
		{CB120C04-054F-485B-BB5F-1EDE23F7FACB}.ReleaseVS2019|x86.ActiveCfg = ReleaseRV2024|Win32
		{CB120C04-054F-485B-BB5F-1EDE23F7FACB}.ReleaseVS2019|x86.Build.0 = ReleaseRV2024|Win32
		{CB120C04-054F-485B-BB5F-1EDE23F7FACB}.ReleaseVS2022|x64.ActiveCfg = ReleaseVW2024|x64
		{CB120C04-054F-485B-BB5F-1EDE23F7FACB}.ReleaseVS2022|x64.Build.0 = ReleaseVW2024|x64
		{CB120C04-054F-485B-BB5F-1EDE23F7FACB}.ReleaseVS2022|x86.ActiveCfg = ReleaseRV2024|Win32
		{CB120C04-054F-485B-BB5F-1EDE23F7FACB}.ReleaseVS2022|x86.Build.0 = ReleaseRV2024|Win32
		{64EBDBC7-AB2D-4AE1-8E54-922B6FA6E1CC}.Debug16|x64.ActiveCfg = Debug16|x64
		{64EBDBC7-AB2D-4AE1-8E54-922B6FA6E1CC}.Debug16|x64.Build.0 = Debug16|x64
		{64EBDBC7-AB2D-4AE1-8E54-922B6FA6E1CC}.Debug16|x86.ActiveCfg = Debug16|Win32
		{64EBDBC7-AB2D-4AE1-8E54-922B6FA6E1CC}.Debug16|x86.Build.0 = Debug16|Win32
		{64EBDBC7-AB2D-4AE1-8E54-922B6FA6E1CC}.Debug17|x64.ActiveCfg = Debug17|x64
		{64EBDBC7-AB2D-4AE1-8E54-922B6FA6E1CC}.Debug17|x64.Build.0 = Debug17|x64
		{64EBDBC7-AB2D-4AE1-8E54-922B6FA6E1CC}.Debug17|x86.ActiveCfg = Debug17|Win32
		{64EBDBC7-AB2D-4AE1-8E54-922B6FA6E1CC}.Debug17|x86.Build.0 = Debug17|Win32
		{64EBDBC7-AB2D-4AE1-8E54-922B6FA6E1CC}.DebugAC27|x64.ActiveCfg = Debug16|x64
		{64EBDBC7-AB2D-4AE1-8E54-922B6FA6E1CC}.DebugAC27|x64.Build.0 = Debug16|x64
		{64EBDBC7-AB2D-4AE1-8E54-922B6FA6E1CC}.DebugAC27|x86.ActiveCfg = Debug17|Win32
		{64EBDBC7-AB2D-4AE1-8E54-922B6FA6E1CC}.DebugAC27|x86.Build.0 = Debug17|Win32
		{64EBDBC7-AB2D-4AE1-8E54-922B6FA6E1CC}.DebugVS2022|x64.ActiveCfg = Debug16|x64
		{64EBDBC7-AB2D-4AE1-8E54-922B6FA6E1CC}.DebugVS2022|x64.Build.0 = Debug16|x64
		{64EBDBC7-AB2D-4AE1-8E54-922B6FA6E1CC}.DebugVS2022|x86.ActiveCfg = Debug17|Win32
		{64EBDBC7-AB2D-4AE1-8E54-922B6FA6E1CC}.DebugVS2022|x86.Build.0 = Debug17|Win32
		{64EBDBC7-AB2D-4AE1-8E54-922B6FA6E1CC}.Release16|x64.ActiveCfg = Release16|x64
		{64EBDBC7-AB2D-4AE1-8E54-922B6FA6E1CC}.Release16|x64.Build.0 = Release16|x64
		{64EBDBC7-AB2D-4AE1-8E54-922B6FA6E1CC}.Release16|x86.ActiveCfg = Release16|Win32
		{64EBDBC7-AB2D-4AE1-8E54-922B6FA6E1CC}.Release16|x86.Build.0 = Release16|Win32
		{64EBDBC7-AB2D-4AE1-8E54-922B6FA6E1CC}.Release17|x64.ActiveCfg = Release17|x64
		{64EBDBC7-AB2D-4AE1-8E54-922B6FA6E1CC}.Release17|x64.Build.0 = Release17|x64
		{64EBDBC7-AB2D-4AE1-8E54-922B6FA6E1CC}.Release17|x86.ActiveCfg = Release17|Win32
		{64EBDBC7-AB2D-4AE1-8E54-922B6FA6E1CC}.Release17|x86.Build.0 = Release17|Win32
		{64EBDBC7-AB2D-4AE1-8E54-922B6FA6E1CC}.ReleaseAC27|x64.ActiveCfg = Release16|x64
		{64EBDBC7-AB2D-4AE1-8E54-922B6FA6E1CC}.ReleaseAC27|x64.Build.0 = Release16|x64
		{64EBDBC7-AB2D-4AE1-8E54-922B6FA6E1CC}.ReleaseAC27|x86.ActiveCfg = Release17|Win32
		{64EBDBC7-AB2D-4AE1-8E54-922B6FA6E1CC}.ReleaseAC27|x86.Build.0 = Release17|Win32
		{64EBDBC7-AB2D-4AE1-8E54-922B6FA6E1CC}.ReleaseVS2019|x64.ActiveCfg = Release16|x64
		{64EBDBC7-AB2D-4AE1-8E54-922B6FA6E1CC}.ReleaseVS2019|x64.Build.0 = Release16|x64
		{64EBDBC7-AB2D-4AE1-8E54-922B6FA6E1CC}.ReleaseVS2019|x86.ActiveCfg = Release17|Win32
		{64EBDBC7-AB2D-4AE1-8E54-922B6FA6E1CC}.ReleaseVS2019|x86.Build.0 = Release17|Win32
		{64EBDBC7-AB2D-4AE1-8E54-922B6FA6E1CC}.ReleaseVS2022|x64.ActiveCfg = Release16|x64
		{64EBDBC7-AB2D-4AE1-8E54-922B6FA6E1CC}.ReleaseVS2022|x64.Build.0 = Release16|x64
		{64EBDBC7-AB2D-4AE1-8E54-922B6FA6E1CC}.ReleaseVS2022|x86.ActiveCfg = Release17|Win32
		{64EBDBC7-AB2D-4AE1-8E54-922B6FA6E1CC}.ReleaseVS2022|x86.Build.0 = Release17|Win32
		{942743B7-B3CB-4F91-BE46-28937F5E3FD1}.Debug16|x64.ActiveCfg = DebugAC27|x64
		{942743B7-B3CB-4F91-BE46-28937F5E3FD1}.Debug16|x64.Build.0 = DebugAC27|x64
		{942743B7-B3CB-4F91-BE46-28937F5E3FD1}.Debug16|x86.ActiveCfg = DebugAC27|Win32
		{942743B7-B3CB-4F91-BE46-28937F5E3FD1}.Debug16|x86.Build.0 = DebugAC27|Win32
		{942743B7-B3CB-4F91-BE46-28937F5E3FD1}.Debug17|x64.ActiveCfg = DebugAC27|x64
		{942743B7-B3CB-4F91-BE46-28937F5E3FD1}.Debug17|x64.Build.0 = DebugAC27|x64
		{942743B7-B3CB-4F91-BE46-28937F5E3FD1}.Debug17|x86.ActiveCfg = DebugAC27|Win32
		{942743B7-B3CB-4F91-BE46-28937F5E3FD1}.Debug17|x86.Build.0 = DebugAC27|Win32
		{942743B7-B3CB-4F91-BE46-28937F5E3FD1}.DebugAC27|x64.ActiveCfg = DebugAC27|x64
		{942743B7-B3CB-4F91-BE46-28937F5E3FD1}.DebugAC27|x64.Build.0 = DebugAC27|x64
		{942743B7-B3CB-4F91-BE46-28937F5E3FD1}.DebugAC27|x86.ActiveCfg = DebugAC27|Win32
		{942743B7-B3CB-4F91-BE46-28937F5E3FD1}.DebugAC27|x86.Build.0 = DebugAC27|Win32
		{942743B7-B3CB-4F91-BE46-28937F5E3FD1}.DebugVS2022|x64.ActiveCfg = DebugAC27|x64
		{942743B7-B3CB-4F91-BE46-28937F5E3FD1}.DebugVS2022|x64.Build.0 = DebugAC27|x64
		{942743B7-B3CB-4F91-BE46-28937F5E3FD1}.DebugVS2022|x86.ActiveCfg = DebugAC27|Win32
		{942743B7-B3CB-4F91-BE46-28937F5E3FD1}.DebugVS2022|x86.Build.0 = DebugAC27|Win32
		{942743B7-B3CB-4F91-BE46-28937F5E3FD1}.Release16|x64.ActiveCfg = ReleaseAC27|x64
		{942743B7-B3CB-4F91-BE46-28937F5E3FD1}.Release16|x64.Build.0 = ReleaseAC27|x64
		{942743B7-B3CB-4F91-BE46-28937F5E3FD1}.Release16|x86.ActiveCfg = ReleaseAC27|Win32
		{942743B7-B3CB-4F91-BE46-28937F5E3FD1}.Release16|x86.Build.0 = ReleaseAC27|Win32
		{942743B7-B3CB-4F91-BE46-28937F5E3FD1}.Release17|x64.ActiveCfg = ReleaseAC27|x64
		{942743B7-B3CB-4F91-BE46-28937F5E3FD1}.Release17|x64.Build.0 = ReleaseAC27|x64
		{942743B7-B3CB-4F91-BE46-28937F5E3FD1}.Release17|x86.ActiveCfg = ReleaseAC27|Win32
		{942743B7-B3CB-4F91-BE46-28937F5E3FD1}.Release17|x86.Build.0 = ReleaseAC27|Win32
		{942743B7-B3CB-4F91-BE46-28937F5E3FD1}.ReleaseAC27|x64.ActiveCfg = ReleaseAC27|x64
		{942743B7-B3CB-4F91-BE46-28937F5E3FD1}.ReleaseAC27|x64.Build.0 = ReleaseAC27|x64
		{942743B7-B3CB-4F91-BE46-28937F5E3FD1}.ReleaseAC27|x86.ActiveCfg = ReleaseAC27|Win32
		{942743B7-B3CB-4F91-BE46-28937F5E3FD1}.ReleaseAC27|x86.Build.0 = ReleaseAC27|Win32
		{942743B7-B3CB-4F91-BE46-28937F5E3FD1}.ReleaseVS2019|x64.ActiveCfg = ReleaseAC27|x64
		{942743B7-B3CB-4F91-BE46-28937F5E3FD1}.ReleaseVS2019|x64.Build.0 = ReleaseAC27|x64
		{942743B7-B3CB-4F91-BE46-28937F5E3FD1}.ReleaseVS2019|x86.ActiveCfg = ReleaseAC27|Win32
		{942743B7-B3CB-4F91-BE46-28937F5E3FD1}.ReleaseVS2019|x86.Build.0 = ReleaseAC27|Win32
		{942743B7-B3CB-4F91-BE46-28937F5E3FD1}.ReleaseVS2022|x64.ActiveCfg = ReleaseAC27|x64
		{942743B7-B3CB-4F91-BE46-28937F5E3FD1}.ReleaseVS2022|x64.Build.0 = ReleaseAC27|x64
		{942743B7-B3CB-4F91-BE46-28937F5E3FD1}.ReleaseVS2022|x86.ActiveCfg = ReleaseAC27|Win32
		{942743B7-B3CB-4F91-BE46-28937F5E3FD1}.ReleaseVS2022|x86.Build.0 = ReleaseAC27|Win32
	EndGlobalSection
	GlobalSection(SolutionProperties) = preSolution
		HideSolutionNode = FALSE
	EndGlobalSection
	GlobalSection(ExtensibilityGlobals) = postSolution
		SolutionGuid = {AC280C81-3E9C-4734-9E45-7FA68E5485A2}
	EndGlobalSection
EndGlobal
