// !$*UTF8*$!
{
	archiveVersion = 1;
	classes = {
	};
	objectVersion = 56;
	objects = {

/* Begin PBXBuildFile section */
		210CC86F2C7E879700610F58 /* ArgumentBase.h in Headers */ = {isa = PBXBuildFile; fileRef = 210CC86D2C7E879700610F58 /* ArgumentBase.h */; };
		210CC8802C80CD2A00610F58 /* BridgeChild.h in Headers */ = {isa = PBXBuildFile; fileRef = 210CC87D2C80CD2A00610F58 /* BridgeChild.h */; };
		210CC88F2C81A98500610F58 /* Guid64.h in Headers */ = {isa = PBXBuildFile; fileRef = 210CC88D2C81A98500610F58 /* Guid64.h */; };
		210CC8902C81A98500610F58 /* Guid64.cpp in Sources */ = {isa = PBXBuildFile; fileRef = 210CC88E2C81A98500610F58 /* Guid64.cpp */; };
		210CC8922C81AEBB00610F58 /* Guid32Tests.cpp in Sources */ = {isa = PBXBuildFile; fileRef = 210CC8912C81AEBB00610F58 /* Guid32Tests.cpp */; };
		210CC89F2C81E34400610F58 /* Platform.cpp in Sources */ = {isa = PBXBuildFile; fileRef = 210CC89D2C81E34400610F58 /* Platform.cpp */; };
		210CC8A02C81E34400610F58 /* Platform.h in Headers */ = {isa = PBXBuildFile; fileRef = 210CC89E2C81E34400610F58 /* Platform.h */; };
		212A88132AE48821001EAFE7 /* libArchicad27.a in Frameworks */ = {isa = PBXBuildFile; fileRef = 21379E082AE47A6400A1584C /* libArchicad27.a */; platformFilters = (macos, ); };
		2193517B2C624FC100E5A69C /* MenuSubscriber.cpp in Sources */ = {isa = PBXBuildFile; fileRef = 219351782C624FC100E5A69C /* MenuSubscriber.cpp */; };
		2193519B2C6278D900E5A69C /* SelectionSubscriber.cpp in Sources */ = {isa = PBXBuildFile; fileRef = 219351992C6278D900E5A69C /* SelectionSubscriber.cpp */; };
		219351B12C62CC1A00E5A69C /* Guid.cpp in Sources */ = {isa = PBXBuildFile; fileRef = 219351AC2C62CC1A00E5A69C /* Guid.cpp */; };
		219351B32C62CC1A00E5A69C /* String.cpp in Sources */ = {isa = PBXBuildFile; fileRef = 219351AE2C62CC1A00E5A69C /* String.cpp */; };
		2199881E2BD833830035E5EA /* libArchicad27.a in CopyFiles */ = {isa = PBXBuildFile; fileRef = 21379E082AE47A6400A1584C /* libArchicad27.a */; };
		21B67D002C7CE15100FD64FC /* Exception.h in Headers */ = {isa = PBXBuildFile; fileRef = 21B67CFE2C7CE15100FD64FC /* Exception.h */; };
		21B67D0D2C7E0E8D00FD64FC /* ErrorReport.h in Headers */ = {isa = PBXBuildFile; fileRef = 21B67D092C7E0E8D00FD64FC /* ErrorReport.h */; };
		21B67D0E2C7E0E8D00FD64FC /* ErrorReport.cpp in Sources */ = {isa = PBXBuildFile; fileRef = 21B67D0C2C7E0E8D00FD64FC /* ErrorReport.cpp */; };
		21D0BD202C86F0280077E104 /* AccountDatabase.cpp in Sources */ = {isa = PBXBuildFile; fileRef = 21D0BD1D2C86F0280077E104 /* AccountDatabase.cpp */; };
		21D0BD212C86F0280077E104 /* AccountDatabase.h in Headers */ = {isa = PBXBuildFile; fileRef = 21D0BD1E2C86F0280077E104 /* AccountDatabase.h */; };
		21D0BD2B2C86FC350077E104 /* Record.cpp in Sources */ = {isa = PBXBuildFile; fileRef = 21D0BD252C86FC350077E104 /* Record.cpp */; };
		21D0BD2C2C86FC350077E104 /* Record.h in Headers */ = {isa = PBXBuildFile; fileRef = 21D0BD262C86FC350077E104 /* Record.h */; };
		21D0BD312C86FE090077E104 /* Index.h in Headers */ = {isa = PBXBuildFile; fileRef = 21D0BD2D2C86FE090077E104 /* Index.h */; };
		21D0BD322C86FE090077E104 /* Link.cpp in Sources */ = {isa = PBXBuildFile; fileRef = 21D0BD2E2C86FE090077E104 /* Link.cpp */; };
		21D0BD332C86FE090077E104 /* Link.h in Headers */ = {isa = PBXBuildFile; fileRef = 21D0BD2F2C86FE090077E104 /* Link.h */; };
		21D0BD4D2C8901A00077E104 /* ServerInfo.h in Headers */ = {isa = PBXBuildFile; fileRef = 21D0BD4B2C8901A00077E104 /* ServerInfo.h */; };
		21D0BD4E2C8901A00077E104 /* ServerInfo.cpp in Sources */ = {isa = PBXBuildFile; fileRef = 21D0BD4C2C8901A00077E104 /* ServerInfo.cpp */; };
		21D0BD552C890B1C0077E104 /* ServerMigration.cpp in Sources */ = {isa = PBXBuildFile; fileRef = 21D0BD512C890B1C0077E104 /* ServerMigration.cpp */; };
		21D0BD562C890B1C0077E104 /* ServerMigration.h in Headers */ = {isa = PBXBuildFile; fileRef = 21D0BD542C890B1C0077E104 /* ServerMigration.h */; };
		21D0BD592C8910400077E104 /* UserInfo.cpp in Sources */ = {isa = PBXBuildFile; fileRef = 21D0BD572C8910400077E104 /* UserInfo.cpp */; };
		21D0BD5A2C8910400077E104 /* UserInfo.h in Headers */ = {isa = PBXBuildFile; fileRef = 21D0BD582C8910400077E104 /* UserInfo.h */; };
		21D0BDB32C8F8AB60077E104 /* DocumentStoreCore.cpp in Sources */ = {isa = PBXBuildFile; fileRef = 21D0BDAC2C8F8AB60077E104 /* DocumentStoreCore.cpp */; };
		21D0BDB42C8F8AB60077E104 /* DocumentStoreCore.h in Headers */ = {isa = PBXBuildFile; fileRef = 21D0BDAD2C8F8AB60077E104 /* DocumentStoreCore.h */; };
		21D0BDB52C8F8AB60077E104 /* DocumentStoreEngine.h in Headers */ = {isa = PBXBuildFile; fileRef = 21D0BDAE2C8F8AB60077E104 /* DocumentStoreEngine.h */; };
		21D0BDBD2C90F2830077E104 /* DocStoreSubscriber.cpp in Sources */ = {isa = PBXBuildFile; fileRef = 21D0BDBB2C90F2830077E104 /* DocStoreSubscriber.cpp */; };
		21D0BDC42C9241940077E104 /* ProjectSubscriber.cpp in Sources */ = {isa = PBXBuildFile; fileRef = 21D0BDC22C9241940077E104 /* ProjectSubscriber.cpp */; };
		21D0BDC52C9241940077E104 /* ProjectSubscriber.h in Headers */ = {isa = PBXBuildFile; fileRef = 21D0BDC32C9241940077E104 /* ProjectSubscriber.h */; };
		21D0BDE72C943D3F0077E104 /* RecordID.h in Headers */ = {isa = PBXBuildFile; fileRef = 21D0BDE42C943D3F0077E104 /* RecordID.h */; };
		21F69F3B2C6B880C008B6A06 /* JSBaseTransport.cpp in Sources */ = {isa = PBXBuildFile; fileRef = 21F69F382C6B880B008B6A06 /* JSBaseTransport.cpp */; };
		21F69F512C6CCC25008B6A06 /* BrowserBridge.cpp in Sources */ = {isa = PBXBuildFile; fileRef = 21F69F4A2C6CCC25008B6A06 /* BrowserBridge.cpp */; };
		21F69F612C6D0286008B6A06 /* GetBindingsMethodNames.cpp in Sources */ = {isa = PBXBuildFile; fileRef = 21F69F602C6D0286008B6A06 /* GetBindingsMethodNames.cpp */; };
		21F69F682C6DFB01008B6A06 /* RunMethod.cpp in Sources */ = {isa = PBXBuildFile; fileRef = 21F69F662C6DFB01008B6A06 /* RunMethod.cpp */; };
		21F69F7E2C6FD9FC008B6A06 /* GetCallResult.cpp in Sources */ = {isa = PBXBuildFile; fileRef = 21F69F7A2C6FD9FC008B6A06 /* GetCallResult.cpp */; };
		21F69F812C6FF3B0008B6A06 /* BridgeArgumentWrap.cpp in Sources */ = {isa = PBXBuildFile; fileRef = 21F69F802C6FF3B0008B6A06 /* BridgeArgumentWrap.cpp */; };
		21F69F962C71087A008B6A06 /* Account.cpp in Sources */ = {isa = PBXBuildFile; fileRef = 21F69F922C71087A008B6A06 /* Account.cpp */; };
		21F69FA62C733EDA008B6A06 /* BridgeArgument.cpp in Sources */ = {isa = PBXBuildFile; fileRef = 21F69FA52C733EDA008B6A06 /* BridgeArgument.cpp */; };
		21F93AEC2B2F406E009A2C5B /* Addon.cpp in Sources */ = {isa = PBXBuildFile; fileRef = 21F93AEA2B2F406D009A2C5B /* Addon.cpp */; };
/* End PBXBuildFile section */

/* Begin PBXContainerItemProxy section */
		212A88102AE48817001EAFE7 /* PBXContainerItemProxy */ = {
			isa = PBXContainerItemProxy;
			containerPortal = 21379E002AE47A6400A1584C /* Project object */;
			proxyType = 1;
			remoteGlobalIDString = 21379E072AE47A6400A1584C;
			remoteInfo = SpeckleLib;
		};
		2193516F2C62318B00E5A69C /* PBXContainerItemProxy */ = {
			isa = PBXContainerItemProxy;
			containerPortal = 2193516A2C62318B00E5A69C /* ActiveLib.xcodeproj */;
			proxyType = 2;
			remoteGlobalIDString = 21379E082AE47A6400A1584C;
			remoteInfo = ActiveLib;
		};
		219351712C62318B00E5A69C /* PBXContainerItemProxy */ = {
			isa = PBXContainerItemProxy;
			containerPortal = 2193516A2C62318B00E5A69C /* ActiveLib.xcodeproj */;
			proxyType = 2;
			remoteGlobalIDString = 212A87EF2AE4868C001EAFE7;
			remoteInfo = "ActiveLib-test";
		};
/* End PBXContainerItemProxy section */

/* Begin PBXCopyFilesBuildPhase section */
		2199881D2BD831D60035E5EA /* CopyFiles */ = {
			isa = PBXCopyFilesBuildPhase;
			buildActionMask = 12;
			dstPath = "";
			dstSubfolderSpec = 0;
			files = (
				2199881E2BD833830035E5EA /* libArchicad27.a in CopyFiles */,
			);
			runOnlyForDeploymentPostprocessing = 0;
		};
/* End PBXCopyFilesBuildPhase section */

/* Begin PBXFileReference section */
		210CC86D2C7E879700610F58 /* ArgumentBase.h */ = {isa = PBXFileReference; fileEncoding = 4; lastKnownFileType = sourcecode.c.h; path = ArgumentBase.h; sourceTree = "<group>"; };
		210CC87D2C80CD2A00610F58 /* BridgeChild.h */ = {isa = PBXFileReference; fileEncoding = 4; lastKnownFileType = sourcecode.c.h; path = BridgeChild.h; sourceTree = "<group>"; };
		210CC88D2C81A98500610F58 /* Guid64.h */ = {isa = PBXFileReference; fileEncoding = 4; lastKnownFileType = sourcecode.c.h; path = Guid64.h; sourceTree = "<group>"; };
		210CC88E2C81A98500610F58 /* Guid64.cpp */ = {isa = PBXFileReference; fileEncoding = 4; lastKnownFileType = sourcecode.cpp.cpp; path = Guid64.cpp; sourceTree = "<group>"; };
		210CC8912C81AEBB00610F58 /* Guid32Tests.cpp */ = {isa = PBXFileReference; explicitFileType = sourcecode.cpp.objcpp; fileEncoding = 4; path = Guid32Tests.cpp; sourceTree = "<group>"; };
		210CC89D2C81E34400610F58 /* Platform.cpp */ = {isa = PBXFileReference; fileEncoding = 4; lastKnownFileType = sourcecode.cpp.cpp; path = Platform.cpp; sourceTree = "<group>"; };
		210CC89E2C81E34400610F58 /* Platform.h */ = {isa = PBXFileReference; fileEncoding = 4; lastKnownFileType = sourcecode.c.h; path = Platform.h; sourceTree = "<group>"; };
		212A87EF2AE4868C001EAFE7 /* SpeckleLib-test.xctest */ = {isa = PBXFileReference; explicitFileType = wrapper.cfbundle; includeInIndex = 0; path = "SpeckleLib-test.xctest"; sourceTree = BUILT_PRODUCTS_DIR; };
		21329F472BFA611C00B5C7AF /* README.md */ = {isa = PBXFileReference; lastKnownFileType = net.daringfireball.markdown; path = README.md; sourceTree = "<group>"; };
		21329F632BFD452C00B5C7AF /* Environment.md */ = {isa = PBXFileReference; lastKnownFileType = net.daringfireball.markdown; path = Environment.md; sourceTree = "<group>"; };
		21329F642BFD457000B5C7AF /* Event.md */ = {isa = PBXFileReference; lastKnownFileType = net.daringfireball.markdown; path = Event.md; sourceTree = "<group>"; };
		21379E082AE47A6400A1584C /* libArchicad27.a */ = {isa = PBXFileReference; explicitFileType = archive.ar; includeInIndex = 0; path = libArchicad27.a; sourceTree = BUILT_PRODUCTS_DIR; };
		214EA4C52BA374FD008E5358 /* CMakeLists.txt */ = {isa = PBXFileReference; fileEncoding = 4; lastKnownFileType = text; path = CMakeLists.txt; sourceTree = "<group>"; };
		214EA4C62BA3762D008E5358 /* CMakeLists.txt */ = {isa = PBXFileReference; lastKnownFileType = text; path = CMakeLists.txt; sourceTree = SOURCE_ROOT; };
		2167E2782C4911E2000827D3 /* CMakeLists.txt */ = {isa = PBXFileReference; lastKnownFileType = text; path = CMakeLists.txt; sourceTree = "<group>"; };
		2167E2792C4911EB000827D3 /* CMakeLists.txt */ = {isa = PBXFileReference; lastKnownFileType = text; path = CMakeLists.txt; sourceTree = "<group>"; };
		2167E27C2C49121F000827D3 /* CMakeLists.txt */ = {isa = PBXFileReference; lastKnownFileType = text; path = CMakeLists.txt; sourceTree = "<group>"; };
		218953A32C0C9CB00078F182 /* Version.h */ = {isa = PBXFileReference; fileEncoding = 4; lastKnownFileType = sourcecode.c.h; path = Version.h; sourceTree = "<group>"; };
		2193516A2C62318B00E5A69C /* ActiveLib.xcodeproj */ = {isa = PBXFileReference; lastKnownFileType = "wrapper.pb-project"; name = ActiveLib.xcodeproj; path = ../../ActiveLib/ActiveLib.xcodeproj; sourceTree = "<group>"; };
		219351782C624FC100E5A69C /* MenuSubscriber.cpp */ = {isa = PBXFileReference; fileEncoding = 4; lastKnownFileType = sourcecode.cpp.cpp; path = MenuSubscriber.cpp; sourceTree = "<group>"; };
		219351792C624FC100E5A69C /* MenuSubscriber.h */ = {isa = PBXFileReference; fileEncoding = 4; lastKnownFileType = sourcecode.c.h; path = MenuSubscriber.h; sourceTree = "<group>"; };
		219351892C62655700E5A69C /* MenuEvent.h */ = {isa = PBXFileReference; fileEncoding = 4; lastKnownFileType = sourcecode.c.h; path = MenuEvent.h; sourceTree = "<group>"; };
		219351982C6278D900E5A69C /* SelectionSubscriber.h */ = {isa = PBXFileReference; fileEncoding = 4; lastKnownFileType = sourcecode.c.h; path = SelectionSubscriber.h; sourceTree = "<group>"; };
		219351992C6278D900E5A69C /* SelectionSubscriber.cpp */ = {isa = PBXFileReference; fileEncoding = 4; lastKnownFileType = sourcecode.cpp.cpp; path = SelectionSubscriber.cpp; sourceTree = "<group>"; };
		2193519C2C627E3100E5A69C /* SelectionEvent.h */ = {isa = PBXFileReference; fileEncoding = 4; lastKnownFileType = sourcecode.c.h; path = SelectionEvent.h; sourceTree = "<group>"; };
		219351AC2C62CC1A00E5A69C /* Guid.cpp */ = {isa = PBXFileReference; fileEncoding = 4; lastKnownFileType = sourcecode.cpp.cpp; path = Guid.cpp; sourceTree = "<group>"; };
		219351AD2C62CC1A00E5A69C /* Guid.h */ = {isa = PBXFileReference; fileEncoding = 4; lastKnownFileType = sourcecode.c.h; path = Guid.h; sourceTree = "<group>"; };
		219351AE2C62CC1A00E5A69C /* String.cpp */ = {isa = PBXFileReference; fileEncoding = 4; lastKnownFileType = sourcecode.cpp.cpp; path = String.cpp; sourceTree = "<group>"; };
		219351AF2C62CC1A00E5A69C /* String.h */ = {isa = PBXFileReference; fileEncoding = 4; lastKnownFileType = sourcecode.c.h; path = String.h; sourceTree = "<group>"; };
		219712682BE7E2D500D9EF7E /* Serialisation.md */ = {isa = PBXFileReference; lastKnownFileType = net.daringfireball.markdown; path = Serialisation.md; sourceTree = "<group>"; };
		21B67CFE2C7CE15100FD64FC /* Exception.h */ = {isa = PBXFileReference; fileEncoding = 4; lastKnownFileType = sourcecode.c.h; path = Exception.h; sourceTree = "<group>"; };
		21B67D092C7E0E8D00FD64FC /* ErrorReport.h */ = {isa = PBXFileReference; fileEncoding = 4; lastKnownFileType = sourcecode.c.h; path = ErrorReport.h; sourceTree = "<group>"; };
		21B67D0C2C7E0E8D00FD64FC /* ErrorReport.cpp */ = {isa = PBXFileReference; fileEncoding = 4; lastKnownFileType = sourcecode.cpp.cpp; path = ErrorReport.cpp; sourceTree = "<group>"; };
		21D0BD1D2C86F0280077E104 /* AccountDatabase.cpp */ = {isa = PBXFileReference; fileEncoding = 4; lastKnownFileType = sourcecode.cpp.cpp; path = AccountDatabase.cpp; sourceTree = "<group>"; };
		21D0BD1E2C86F0280077E104 /* AccountDatabase.h */ = {isa = PBXFileReference; fileEncoding = 4; lastKnownFileType = sourcecode.c.h; path = AccountDatabase.h; sourceTree = "<group>"; };
		21D0BD252C86FC350077E104 /* Record.cpp */ = {isa = PBXFileReference; fileEncoding = 4; lastKnownFileType = sourcecode.cpp.cpp; path = Record.cpp; sourceTree = "<group>"; };
		21D0BD262C86FC350077E104 /* Record.h */ = {isa = PBXFileReference; fileEncoding = 4; lastKnownFileType = sourcecode.c.h; path = Record.h; sourceTree = "<group>"; };
		21D0BD2D2C86FE090077E104 /* Index.h */ = {isa = PBXFileReference; fileEncoding = 4; lastKnownFileType = sourcecode.c.h; path = Index.h; sourceTree = "<group>"; };
		21D0BD2E2C86FE090077E104 /* Link.cpp */ = {isa = PBXFileReference; fileEncoding = 4; lastKnownFileType = sourcecode.cpp.cpp; path = Link.cpp; sourceTree = "<group>"; };
		21D0BD2F2C86FE090077E104 /* Link.h */ = {isa = PBXFileReference; fileEncoding = 4; lastKnownFileType = sourcecode.c.h; path = Link.h; sourceTree = "<group>"; };
		21D0BD4B2C8901A00077E104 /* ServerInfo.h */ = {isa = PBXFileReference; fileEncoding = 4; lastKnownFileType = sourcecode.c.h; path = ServerInfo.h; sourceTree = "<group>"; };
		21D0BD4C2C8901A00077E104 /* ServerInfo.cpp */ = {isa = PBXFileReference; fileEncoding = 4; lastKnownFileType = sourcecode.cpp.cpp; path = ServerInfo.cpp; sourceTree = "<group>"; };
		21D0BD512C890B1C0077E104 /* ServerMigration.cpp */ = {isa = PBXFileReference; fileEncoding = 4; lastKnownFileType = sourcecode.cpp.cpp; path = ServerMigration.cpp; sourceTree = "<group>"; };
		21D0BD542C890B1C0077E104 /* ServerMigration.h */ = {isa = PBXFileReference; fileEncoding = 4; lastKnownFileType = sourcecode.c.h; path = ServerMigration.h; sourceTree = "<group>"; };
		21D0BD572C8910400077E104 /* UserInfo.cpp */ = {isa = PBXFileReference; fileEncoding = 4; lastKnownFileType = sourcecode.cpp.cpp; path = UserInfo.cpp; sourceTree = "<group>"; };
		21D0BD582C8910400077E104 /* UserInfo.h */ = {isa = PBXFileReference; fileEncoding = 4; lastKnownFileType = sourcecode.c.h; path = UserInfo.h; sourceTree = "<group>"; };
		21D0BDAC2C8F8AB60077E104 /* DocumentStoreCore.cpp */ = {isa = PBXFileReference; fileEncoding = 4; lastKnownFileType = sourcecode.cpp.cpp; path = DocumentStoreCore.cpp; sourceTree = "<group>"; };
		21D0BDAD2C8F8AB60077E104 /* DocumentStoreCore.h */ = {isa = PBXFileReference; fileEncoding = 4; lastKnownFileType = sourcecode.c.h; path = DocumentStoreCore.h; sourceTree = "<group>"; };
		21D0BDAE2C8F8AB60077E104 /* DocumentStoreEngine.h */ = {isa = PBXFileReference; fileEncoding = 4; lastKnownFileType = sourcecode.c.h; path = DocumentStoreEngine.h; sourceTree = "<group>"; };
		21D0BDBA2C90F2830077E104 /* DocStoreSubscriber.h */ = {isa = PBXFileReference; fileEncoding = 4; lastKnownFileType = sourcecode.c.h; path = DocStoreSubscriber.h; sourceTree = "<group>"; };
		21D0BDBB2C90F2830077E104 /* DocStoreSubscriber.cpp */ = {isa = PBXFileReference; fileEncoding = 4; lastKnownFileType = sourcecode.cpp.cpp; path = DocStoreSubscriber.cpp; sourceTree = "<group>"; };
		21D0BDBE2C90F36B0077E104 /* DocStoreMergeEvent.h */ = {isa = PBXFileReference; fileEncoding = 4; lastKnownFileType = sourcecode.c.h; path = DocStoreMergeEvent.h; sourceTree = "<group>"; };
		21D0BDC22C9241940077E104 /* ProjectSubscriber.cpp */ = {isa = PBXFileReference; fileEncoding = 4; lastKnownFileType = sourcecode.cpp.cpp; path = ProjectSubscriber.cpp; sourceTree = "<group>"; };
		21D0BDC32C9241940077E104 /* ProjectSubscriber.h */ = {isa = PBXFileReference; fileEncoding = 4; lastKnownFileType = sourcecode.c.h; path = ProjectSubscriber.h; sourceTree = "<group>"; };
		21D0BDC62C9245E40077E104 /* ProjectEvent.h */ = {isa = PBXFileReference; fileEncoding = 4; lastKnownFileType = sourcecode.c.h; path = ProjectEvent.h; sourceTree = "<group>"; };
		21D0BDE42C943D3F0077E104 /* RecordID.h */ = {isa = PBXFileReference; fileEncoding = 4; lastKnownFileType = sourcecode.c.h; path = RecordID.h; sourceTree = "<group>"; };
		21F69F012C66C229008B6A06 /* Doxyfile */ = {isa = PBXFileReference; lastKnownFileType = text; name = Doxyfile; path = Documentation/Doxyfile; sourceTree = "<group>"; };
		21F69F192C6A0FE2008B6A06 /* JSBinding.h */ = {isa = PBXFileReference; fileEncoding = 4; lastKnownFileType = sourcecode.c.h; path = JSBinding.h; sourceTree = "<group>"; };
		21F69F352C6AA9B3008B6A06 /* JSFunction.h */ = {isa = PBXFileReference; lastKnownFileType = sourcecode.c.h; path = JSFunction.h; sourceTree = "<group>"; };
		21F69F362C6AA9B3008B6A06 /* JSObject.h */ = {isa = PBXFileReference; lastKnownFileType = sourcecode.c.h; path = JSObject.h; sourceTree = "<group>"; };
		21F69F382C6B880B008B6A06 /* JSBaseTransport.cpp */ = {isa = PBXFileReference; fileEncoding = 4; lastKnownFileType = sourcecode.cpp.cpp; path = JSBaseTransport.cpp; sourceTree = "<group>"; };
		21F69F392C6B880B008B6A06 /* JSBaseTransport.h */ = {isa = PBXFileReference; fileEncoding = 4; lastKnownFileType = sourcecode.c.h; path = JSBaseTransport.h; sourceTree = "<group>"; };
		21F69F432C6BF202008B6A06 /* NamedFunction.h */ = {isa = PBXFileReference; lastKnownFileType = sourcecode.c.h; path = NamedFunction.h; sourceTree = "<group>"; };
		21F69F492C6CC2B8008B6A06 /* Functional.h */ = {isa = PBXFileReference; lastKnownFileType = sourcecode.c.h; path = Functional.h; sourceTree = "<group>"; };
		21F69F4A2C6CCC25008B6A06 /* BrowserBridge.cpp */ = {isa = PBXFileReference; fileEncoding = 4; lastKnownFileType = sourcecode.cpp.cpp; path = BrowserBridge.cpp; sourceTree = "<group>"; };
		21F69F4B2C6CCC25008B6A06 /* BrowserBridge.h */ = {isa = PBXFileReference; fileEncoding = 4; lastKnownFileType = sourcecode.c.h; path = BrowserBridge.h; sourceTree = "<group>"; };
		21F69F4D2C6CCC25008B6A06 /* BridgeArgument.h */ = {isa = PBXFileReference; fileEncoding = 4; lastKnownFileType = sourcecode.c.h; path = BridgeArgument.h; sourceTree = "<group>"; };
		21F69F4F2C6CCC25008B6A06 /* BridgeMethod.h */ = {isa = PBXFileReference; fileEncoding = 4; lastKnownFileType = sourcecode.c.h; path = BridgeMethod.h; sourceTree = "<group>"; };
		21F69F572C6CDAEE008B6A06 /* GetBindingsMethodNames.h */ = {isa = PBXFileReference; lastKnownFileType = sourcecode.c.h; path = GetBindingsMethodNames.h; sourceTree = "<group>"; };
		21F69F602C6D0286008B6A06 /* GetBindingsMethodNames.cpp */ = {isa = PBXFileReference; fileEncoding = 4; lastKnownFileType = sourcecode.cpp.cpp; path = GetBindingsMethodNames.cpp; sourceTree = "<group>"; };
		21F69F652C6DFB01008B6A06 /* RunMethod.h */ = {isa = PBXFileReference; fileEncoding = 4; lastKnownFileType = sourcecode.c.h; path = RunMethod.h; sourceTree = "<group>"; };
		21F69F662C6DFB01008B6A06 /* RunMethod.cpp */ = {isa = PBXFileReference; fileEncoding = 4; lastKnownFileType = sourcecode.cpp.cpp; path = RunMethod.cpp; sourceTree = "<group>"; };
		21F69F692C6E0D59008B6A06 /* BridgeArgumentWrap.h */ = {isa = PBXFileReference; lastKnownFileType = sourcecode.c.h; path = BridgeArgumentWrap.h; sourceTree = "<group>"; };
		21F69F6A2C6E61E1008B6A06 /* JSPortal.h */ = {isa = PBXFileReference; lastKnownFileType = sourcecode.c.h; path = JSPortal.h; sourceTree = "<group>"; };
		21F69F6D2C6E7D9F008B6A06 /* PlatformBinding.h */ = {isa = PBXFileReference; lastKnownFileType = sourcecode.c.h; path = PlatformBinding.h; sourceTree = "<group>"; };
		21F69F7A2C6FD9FC008B6A06 /* GetCallResult.cpp */ = {isa = PBXFileReference; fileEncoding = 4; lastKnownFileType = sourcecode.cpp.cpp; path = GetCallResult.cpp; sourceTree = "<group>"; };
		21F69F7D2C6FD9FC008B6A06 /* GetCallResult.h */ = {isa = PBXFileReference; fileEncoding = 4; lastKnownFileType = sourcecode.c.h; path = GetCallResult.h; sourceTree = "<group>"; };
		21F69F802C6FF3B0008B6A06 /* BridgeArgumentWrap.cpp */ = {isa = PBXFileReference; fileEncoding = 4; lastKnownFileType = sourcecode.cpp.cpp; path = BridgeArgumentWrap.cpp; sourceTree = "<group>"; };
		21F69F822C701A8E008B6A06 /* BridgeMethodBase.h */ = {isa = PBXFileReference; lastKnownFileType = sourcecode.c.h; path = BridgeMethodBase.h; sourceTree = "<group>"; };
		21F69F922C71087A008B6A06 /* Account.cpp */ = {isa = PBXFileReference; fileEncoding = 4; lastKnownFileType = sourcecode.cpp.cpp; path = Account.cpp; sourceTree = "<group>"; };
		21F69F932C71087A008B6A06 /* Account.h */ = {isa = PBXFileReference; fileEncoding = 4; lastKnownFileType = sourcecode.c.h; path = Account.h; sourceTree = "<group>"; };
		21F69FA52C733EDA008B6A06 /* BridgeArgument.cpp */ = {isa = PBXFileReference; fileEncoding = 4; lastKnownFileType = sourcecode.cpp.cpp; path = BridgeArgument.cpp; sourceTree = "<group>"; };
		21F93AE92B2F406D009A2C5B /* Addon.h */ = {isa = PBXFileReference; fileEncoding = 4; lastKnownFileType = sourcecode.c.h; path = Addon.h; sourceTree = "<group>"; };
		21F93AEA2B2F406D009A2C5B /* Addon.cpp */ = {isa = PBXFileReference; fileEncoding = 4; lastKnownFileType = sourcecode.cpp.cpp; path = Addon.cpp; sourceTree = "<group>"; };
/* End PBXFileReference section */

/* Begin PBXFrameworksBuildPhase section */
		212A87EC2AE4868C001EAFE7 /* Frameworks */ = {
			isa = PBXFrameworksBuildPhase;
			buildActionMask = 2147483647;
			files = (
				212A88132AE48821001EAFE7 /* libArchicad27.a in Frameworks */,
			);
			runOnlyForDeploymentPostprocessing = 0;
		};
		21379E062AE47A6400A1584C /* Frameworks */ = {
			isa = PBXFrameworksBuildPhase;
			buildActionMask = 2147483647;
			files = (
			);
			runOnlyForDeploymentPostprocessing = 0;
		};
/* End PBXFrameworksBuildPhase section */

/* Begin PBXGroup section */
		212A83422AE47AD9001EAFE7 /* Speckle */ = {
			isa = PBXGroup;
			children = (
				214EA4C52BA374FD008E5358 /* CMakeLists.txt */,
				21D0BD1F2C86F0280077E104 /* Database */,
				21F93AE82B2F406D009A2C5B /* Environment */,
				21F93ACC2B2B67FC009A2C5B /* Event */,
				21F69F1B2C6A0FE2008B6A06 /* Interface */,
				21F69F952C71087A008B6A06 /* Record */,
				212A834E2AE47AD9001EAFE7 /* Serialise */,
				219351B02C62CC1A00E5A69C /* Utility */,
				218953A32C0C9CB00078F182 /* Version.h */,
			);
			path = Speckle;
			sourceTree = "<group>";
		};
		212A834E2AE47AD9001EAFE7 /* Serialise */ = {
			isa = PBXGroup;
			children = (
				2167E27C2C49121F000827D3 /* CMakeLists.txt */,
				21F69F3A2C6B880B008B6A06 /* JSBase */,
				219712682BE7E2D500D9EF7E /* Serialisation.md */,
			);
			path = Serialise;
			sourceTree = "<group>";
		};
		21379DFF2AE47A6400A1584C = {
			isa = PBXGroup;
			children = (
				2193516A2C62318B00E5A69C /* ActiveLib.xcodeproj */,
				214EA4C62BA3762D008E5358 /* CMakeLists.txt */,
				21F69F012C66C229008B6A06 /* Doxyfile */,
				21379E092AE47A6400A1584C /* Products */,
				21329F472BFA611C00B5C7AF /* README.md */,
				212A83422AE47AD9001EAFE7 /* Speckle */,
				219987FA2BD708BC0035E5EA /* SpeckleLibDoctest */,
			);
			sourceTree = "<group>";
		};
		21379E092AE47A6400A1584C /* Products */ = {
			isa = PBXGroup;
			children = (
				21379E082AE47A6400A1584C /* libArchicad27.a */,
				212A87EF2AE4868C001EAFE7 /* SpeckleLib-test.xctest */,
			);
			name = Products;
			sourceTree = "<group>";
		};
		218953A92C0F29FB0078F182 /* EventTests */ = {
			isa = PBXGroup;
			children = (
			);
			name = EventTests;
			sourceTree = "<group>";
		};
		2193516B2C62318B00E5A69C /* Products */ = {
			isa = PBXGroup;
			children = (
				219351702C62318B00E5A69C /* libActiveLib.a */,
				219351722C62318B00E5A69C /* ActiveLib-test.xctest */,
			);
			name = Products;
			sourceTree = "<group>";
		};
		2193517A2C624FC100E5A69C /* Subscriber */ = {
			isa = PBXGroup;
			children = (
				21D0BDBB2C90F2830077E104 /* DocStoreSubscriber.cpp */,
				21D0BDBA2C90F2830077E104 /* DocStoreSubscriber.h */,
				219351782C624FC100E5A69C /* MenuSubscriber.cpp */,
				219351792C624FC100E5A69C /* MenuSubscriber.h */,
				21D0BDC22C9241940077E104 /* ProjectSubscriber.cpp */,
				21D0BDC32C9241940077E104 /* ProjectSubscriber.h */,
				219351992C6278D900E5A69C /* SelectionSubscriber.cpp */,
				219351982C6278D900E5A69C /* SelectionSubscriber.h */,
			);
			path = Subscriber;
			sourceTree = "<group>";
		};
		2193518A2C62655700E5A69C /* Type */ = {
			isa = PBXGroup;
			children = (
				21D0BDBE2C90F36B0077E104 /* DocStoreMergeEvent.h */,
				219351892C62655700E5A69C /* MenuEvent.h */,
				21D0BDC62C9245E40077E104 /* ProjectEvent.h */,
				2193519C2C627E3100E5A69C /* SelectionEvent.h */,
			);
			path = Type;
			sourceTree = "<group>";
		};
		219351B02C62CC1A00E5A69C /* Utility */ = {
			isa = PBXGroup;
			children = (
				21B67CFE2C7CE15100FD64FC /* Exception.h */,
				219351AC2C62CC1A00E5A69C /* Guid.cpp */,
				219351AD2C62CC1A00E5A69C /* Guid.h */,
				210CC88E2C81A98500610F58 /* Guid64.cpp */,
				210CC88D2C81A98500610F58 /* Guid64.h */,
				219351AE2C62CC1A00E5A69C /* String.cpp */,
				219351AF2C62CC1A00E5A69C /* String.h */,
			);
			path = Utility;
			sourceTree = "<group>";
		};
		219987FA2BD708BC0035E5EA /* SpeckleLibDoctest */ = {
			isa = PBXGroup;
			children = (
				210CC8912C81AEBB00610F58 /* Guid32Tests.cpp */,
				218953A92C0F29FB0078F182 /* EventTests */,
			);
			path = SpeckleLibDoctest;
			sourceTree = "<group>";
		};
		21D0BD1F2C86F0280077E104 /* Database */ = {
			isa = PBXGroup;
			children = (
				21D0BD1D2C86F0280077E104 /* AccountDatabase.cpp */,
				21D0BD1E2C86F0280077E104 /* AccountDatabase.h */,
				21D0BD272C86FC350077E104 /* Content */,
				21D0BD302C86FE090077E104 /* Identity */,
				21D0BDB02C8F8AB60077E104 /* Storage */,
			);
			path = Database;
			sourceTree = "<group>";
		};
		21D0BD272C86FC350077E104 /* Content */ = {
			isa = PBXGroup;
			children = (
				21D0BD252C86FC350077E104 /* Record.cpp */,
				21D0BD262C86FC350077E104 /* Record.h */,
			);
			path = Content;
			sourceTree = "<group>";
		};
		21D0BD302C86FE090077E104 /* Identity */ = {
			isa = PBXGroup;
			children = (
				21D0BD2D2C86FE090077E104 /* Index.h */,
				21D0BD2E2C86FE090077E104 /* Link.cpp */,
				21D0BD2F2C86FE090077E104 /* Link.h */,
				21D0BDE42C943D3F0077E104 /* RecordID.h */,
			);
			path = Identity;
			sourceTree = "<group>";
		};
		21D0BDAF2C8F8AB60077E104 /* DocumentStore */ = {
			isa = PBXGroup;
			children = (
				21D0BDAC2C8F8AB60077E104 /* DocumentStoreCore.cpp */,
				21D0BDAD2C8F8AB60077E104 /* DocumentStoreCore.h */,
				21D0BDAE2C8F8AB60077E104 /* DocumentStoreEngine.h */,
			);
			path = DocumentStore;
			sourceTree = "<group>";
		};
		21D0BDB02C8F8AB60077E104 /* Storage */ = {
			isa = PBXGroup;
			children = (
				21D0BDAF2C8F8AB60077E104 /* DocumentStore */,
			);
			path = Storage;
			sourceTree = "<group>";
		};
		21F69F1A2C6A0FE2008B6A06 /* Browser */ = {
			isa = PBXGroup;
			children = (
				21F69F502C6CCC25008B6A06 /* Bridge */,
				21F69F492C6CC2B8008B6A06 /* Functional.h */,
				21F69F192C6A0FE2008B6A06 /* JSBinding.h */,
				21F69F352C6AA9B3008B6A06 /* JSFunction.h */,
				21F69F362C6AA9B3008B6A06 /* JSObject.h */,
				21F69F6A2C6E61E1008B6A06 /* JSPortal.h */,
				21F69F432C6BF202008B6A06 /* NamedFunction.h */,
				21F69F6D2C6E7D9F008B6A06 /* PlatformBinding.h */,
			);
			path = Browser;
			sourceTree = "<group>";
		};
		21F69F1B2C6A0FE2008B6A06 /* Interface */ = {
			isa = PBXGroup;
			children = (
				21F69F1A2C6A0FE2008B6A06 /* Browser */,
			);
			path = Interface;
			sourceTree = "<group>";
		};
		21F69F3A2C6B880B008B6A06 /* JSBase */ = {
			isa = PBXGroup;
			children = (
				21F69F382C6B880B008B6A06 /* JSBaseTransport.cpp */,
				21F69F392C6B880B008B6A06 /* JSBaseTransport.h */,
			);
			path = JSBase;
			sourceTree = "<group>";
		};
		21F69F502C6CCC25008B6A06 /* Bridge */ = {
			isa = PBXGroup;
			children = (
				21F69F4A2C6CCC25008B6A06 /* BrowserBridge.cpp */,
				21F69F4B2C6CCC25008B6A06 /* BrowserBridge.h */,
				21F69F582C6CDAEE008B6A06 /* Functions */,
				210CC86D2C7E879700610F58 /* ArgumentBase.h */,
				21F69FA52C733EDA008B6A06 /* BridgeArgument.cpp */,
				21F69F4D2C6CCC25008B6A06 /* BridgeArgument.h */,
				21F69F802C6FF3B0008B6A06 /* BridgeArgumentWrap.cpp */,
				21F69F692C6E0D59008B6A06 /* BridgeArgumentWrap.h */,
				210CC87D2C80CD2A00610F58 /* BridgeChild.h */,
				21F69F4F2C6CCC25008B6A06 /* BridgeMethod.h */,
				21F69F822C701A8E008B6A06 /* BridgeMethodBase.h */,
			);
			path = Bridge;
			sourceTree = "<group>";
		};
		21F69F582C6CDAEE008B6A06 /* Functions */ = {
			isa = PBXGroup;
			children = (
				21B67D0C2C7E0E8D00FD64FC /* ErrorReport.cpp */,
				21B67D092C7E0E8D00FD64FC /* ErrorReport.h */,
				21F69F602C6D0286008B6A06 /* GetBindingsMethodNames.cpp */,
				21F69F572C6CDAEE008B6A06 /* GetBindingsMethodNames.h */,
				21F69F7A2C6FD9FC008B6A06 /* GetCallResult.cpp */,
				21F69F7D2C6FD9FC008B6A06 /* GetCallResult.h */,
				21F69F662C6DFB01008B6A06 /* RunMethod.cpp */,
				21F69F652C6DFB01008B6A06 /* RunMethod.h */,
			);
			path = Functions;
			sourceTree = "<group>";
		};
		21F69F942C71087A008B6A06 /* Credentials */ = {
			isa = PBXGroup;
			children = (
				21F69F922C71087A008B6A06 /* Account.cpp */,
				21F69F932C71087A008B6A06 /* Account.h */,
				21D0BD4C2C8901A00077E104 /* ServerInfo.cpp */,
				21D0BD4B2C8901A00077E104 /* ServerInfo.h */,
				21D0BD512C890B1C0077E104 /* ServerMigration.cpp */,
				21D0BD542C890B1C0077E104 /* ServerMigration.h */,
				21D0BD572C8910400077E104 /* UserInfo.cpp */,
				21D0BD582C8910400077E104 /* UserInfo.h */,
			);
			path = Credentials;
			sourceTree = "<group>";
		};
		21F69F952C71087A008B6A06 /* Record */ = {
			isa = PBXGroup;
			children = (
				21F69F942C71087A008B6A06 /* Credentials */,
			);
			path = Record;
			sourceTree = "<group>";
		};
		21F93ACC2B2B67FC009A2C5B /* Event */ = {
			isa = PBXGroup;
			children = (
				2167E2792C4911EB000827D3 /* CMakeLists.txt */,
				21329F642BFD457000B5C7AF /* Event.md */,
				2193517A2C624FC100E5A69C /* Subscriber */,
				2193518A2C62655700E5A69C /* Type */,
			);
			path = Event;
			sourceTree = "<group>";
		};
		21F93AE82B2F406D009A2C5B /* Environment */ = {
			isa = PBXGroup;
			children = (
				2167E2782C4911E2000827D3 /* CMakeLists.txt */,
				21F93AEA2B2F406D009A2C5B /* Addon.cpp */,
				21F93AE92B2F406D009A2C5B /* Addon.h */,
				210CC89D2C81E34400610F58 /* Platform.cpp */,
				210CC89E2C81E34400610F58 /* Platform.h */,
				21329F632BFD452C00B5C7AF /* Environment.md */,
			);
			path = Environment;
			sourceTree = "<group>";
		};
/* End PBXGroup section */

/* Begin PBXHeadersBuildPhase section */
		21379E042AE47A6400A1584C /* Headers */ = {
			isa = PBXHeadersBuildPhase;
			buildActionMask = 2147483647;
			files = (
				21D0BDE72C943D3F0077E104 /* RecordID.h in Headers */,
				21D0BD212C86F0280077E104 /* AccountDatabase.h in Headers */,
				210CC86F2C7E879700610F58 /* ArgumentBase.h in Headers */,
				210CC8A02C81E34400610F58 /* Platform.h in Headers */,
				21B67D0D2C7E0E8D00FD64FC /* ErrorReport.h in Headers */,
				21D0BD332C86FE090077E104 /* Link.h in Headers */,
				21D0BD5A2C8910400077E104 /* UserInfo.h in Headers */,
				21D0BD562C890B1C0077E104 /* ServerMigration.h in Headers */,
				210CC88F2C81A98500610F58 /* Guid64.h in Headers */,
				21B67D002C7CE15100FD64FC /* Exception.h in Headers */,
				21D0BD2C2C86FC350077E104 /* Record.h in Headers */,
				21D0BDB42C8F8AB60077E104 /* DocumentStoreCore.h in Headers */,
				210CC8802C80CD2A00610F58 /* BridgeChild.h in Headers */,
				21D0BD4D2C8901A00077E104 /* ServerInfo.h in Headers */,
				21D0BDB52C8F8AB60077E104 /* DocumentStoreEngine.h in Headers */,
				21D0BDC52C9241940077E104 /* ProjectSubscriber.h in Headers */,
				21D0BD312C86FE090077E104 /* Index.h in Headers */,
			);
			runOnlyForDeploymentPostprocessing = 0;
		};
/* End PBXHeadersBuildPhase section */

/* Begin PBXNativeTarget section */
		212A87EE2AE4868C001EAFE7 /* SpeckleLib-test */ = {
			isa = PBXNativeTarget;
			buildConfigurationList = 212A87F62AE4868C001EAFE7 /* Build configuration list for PBXNativeTarget "SpeckleLib-test" */;
			buildPhases = (
				212A87EB2AE4868C001EAFE7 /* Sources */,
				212A87EC2AE4868C001EAFE7 /* Frameworks */,
				212A87ED2AE4868C001EAFE7 /* Resources */,
			);
			buildRules = (
			);
			dependencies = (
				212A88112AE48817001EAFE7 /* PBXTargetDependency */,
			);
			name = "SpeckleLib-test";
			productName = "SpeckleLib-test";
			productReference = 212A87EF2AE4868C001EAFE7 /* SpeckleLib-test.xctest */;
			productType = "com.apple.product-type.bundle.unit-test";
		};
		21379E072AE47A6400A1584C /* Archicad27 */ = {
			isa = PBXNativeTarget;
			buildConfigurationList = 21379E132AE47A6400A1584C /* Build configuration list for PBXNativeTarget "Archicad27" */;
			buildPhases = (
				21379E042AE47A6400A1584C /* Headers */,
				21379E052AE47A6400A1584C /* Sources */,
				21379E062AE47A6400A1584C /* Frameworks */,
				2199881D2BD831D60035E5EA /* CopyFiles */,
			);
			buildRules = (
			);
			dependencies = (
			);
			name = Archicad27;
			productName = SpeckleLib;
			productReference = 21379E082AE47A6400A1584C /* libArchicad27.a */;
			productType = "com.apple.product-type.library.static";
		};
/* End PBXNativeTarget section */

/* Begin PBXProject section */
		21379E002AE47A6400A1584C /* Project object */ = {
			isa = PBXProject;
			attributes = {
				BuildIndependentTargetsInParallel = 1;
				LastUpgradeCheck = 1510;
				TargetAttributes = {
					212A87EE2AE4868C001EAFE7 = {
						CreatedOnToolsVersion = 15.0;
					};
					21379E072AE47A6400A1584C = {
						CreatedOnToolsVersion = 15.0;
					};
				};
			};
			buildConfigurationList = 21379E032AE47A6400A1584C /* Build configuration list for PBXProject "SpeckleLib" */;
			compatibilityVersion = "Xcode 14.0";
			developmentRegion = en;
			hasScannedForEncodings = 0;
			knownRegions = (
				en,
				Base,
			);
			mainGroup = 21379DFF2AE47A6400A1584C;
			productRefGroup = 21379E092AE47A6400A1584C /* Products */;
			projectDirPath = "";
			projectReferences = (
				{
					ProductGroup = 2193516B2C62318B00E5A69C /* Products */;
					ProjectRef = 2193516A2C62318B00E5A69C /* ActiveLib.xcodeproj */;
				},
			);
			projectRoot = "";
			targets = (
				21379E072AE47A6400A1584C /* Archicad27 */,
				212A87EE2AE4868C001EAFE7 /* SpeckleLib-test */,
			);
		};
/* End PBXProject section */

/* Begin PBXReferenceProxy section */
		219351702C62318B00E5A69C /* libActiveLib.a */ = {
			isa = PBXReferenceProxy;
			fileType = archive.ar;
			path = libActiveLib.a;
			remoteRef = 2193516F2C62318B00E5A69C /* PBXContainerItemProxy */;
			sourceTree = BUILT_PRODUCTS_DIR;
		};
		219351722C62318B00E5A69C /* ActiveLib-test.xctest */ = {
			isa = PBXReferenceProxy;
			fileType = wrapper.cfbundle;
			path = "ActiveLib-test.xctest";
			remoteRef = 219351712C62318B00E5A69C /* PBXContainerItemProxy */;
			sourceTree = BUILT_PRODUCTS_DIR;
		};
/* End PBXReferenceProxy section */

/* Begin PBXResourcesBuildPhase section */
		212A87ED2AE4868C001EAFE7 /* Resources */ = {
			isa = PBXResourcesBuildPhase;
			buildActionMask = 2147483647;
			files = (
			);
			runOnlyForDeploymentPostprocessing = 0;
		};
/* End PBXResourcesBuildPhase section */

/* Begin PBXSourcesBuildPhase section */
		212A87EB2AE4868C001EAFE7 /* Sources */ = {
			isa = PBXSourcesBuildPhase;
			buildActionMask = 2147483647;
			files = (
				210CC8922C81AEBB00610F58 /* Guid32Tests.cpp in Sources */,
			);
			runOnlyForDeploymentPostprocessing = 0;
		};
		21379E052AE47A6400A1584C /* Sources */ = {
			isa = PBXSourcesBuildPhase;
			buildActionMask = 2147483647;
			files = (
				21D0BD552C890B1C0077E104 /* ServerMigration.cpp in Sources */,
				21F69FA62C733EDA008B6A06 /* BridgeArgument.cpp in Sources */,
				21F69F682C6DFB01008B6A06 /* RunMethod.cpp in Sources */,
				21F69F812C6FF3B0008B6A06 /* BridgeArgumentWrap.cpp in Sources */,
				2193517B2C624FC100E5A69C /* MenuSubscriber.cpp in Sources */,
				21F69F612C6D0286008B6A06 /* GetBindingsMethodNames.cpp in Sources */,
				21D0BDBD2C90F2830077E104 /* DocStoreSubscriber.cpp in Sources */,
				21D0BDB32C8F8AB60077E104 /* DocumentStoreCore.cpp in Sources */,
				21F93AEC2B2F406E009A2C5B /* Addon.cpp in Sources */,
				21D0BD4E2C8901A00077E104 /* ServerInfo.cpp in Sources */,
				21B67D0E2C7E0E8D00FD64FC /* ErrorReport.cpp in Sources */,
				21F69F7E2C6FD9FC008B6A06 /* GetCallResult.cpp in Sources */,
				2193519B2C6278D900E5A69C /* SelectionSubscriber.cpp in Sources */,
				21D0BD2B2C86FC350077E104 /* Record.cpp in Sources */,
				21D0BD592C8910400077E104 /* UserInfo.cpp in Sources */,
				210CC8902C81A98500610F58 /* Guid64.cpp in Sources */,
				21D0BDC42C9241940077E104 /* ProjectSubscriber.cpp in Sources */,
				21D0BD322C86FE090077E104 /* Link.cpp in Sources */,
				219351B32C62CC1A00E5A69C /* String.cpp in Sources */,
				219351B12C62CC1A00E5A69C /* Guid.cpp in Sources */,
				21F69F512C6CCC25008B6A06 /* BrowserBridge.cpp in Sources */,
				21F69F3B2C6B880C008B6A06 /* JSBaseTransport.cpp in Sources */,
				210CC89F2C81E34400610F58 /* Platform.cpp in Sources */,
				21D0BD202C86F0280077E104 /* AccountDatabase.cpp in Sources */,
				21F69F962C71087A008B6A06 /* Account.cpp in Sources */,
			);
			runOnlyForDeploymentPostprocessing = 0;
		};
/* End PBXSourcesBuildPhase section */

/* Begin PBXTargetDependency section */
		212A88112AE48817001EAFE7 /* PBXTargetDependency */ = {
			isa = PBXTargetDependency;
			platformFilters = (
				macos,
			);
			target = 21379E072AE47A6400A1584C /* Archicad27 */;
			targetProxy = 212A88102AE48817001EAFE7 /* PBXContainerItemProxy */;
		};
/* End PBXTargetDependency section */

/* Begin XCBuildConfiguration section */
		212A87F72AE4868C001EAFE7 /* Debug */ = {
			isa = XCBuildConfiguration;
			buildSettings = {
				CODE_SIGN_STYLE = Automatic;
				CURRENT_PROJECT_VERSION = 1;
				DEAD_CODE_STRIPPING = YES;
				DEVELOPMENT_TEAM = T4C464595P;
				GENERATE_INFOPLIST_FILE = YES;
				LIBRARY_SEARCH_PATHS = "";
				MACH_O_TYPE = mh_bundle;
				MARKETING_VERSION = 1.0;
				PRODUCT_BUNDLE_IDENTIFIER = "speckle.systems.SpeckleLib-test";
				PRODUCT_NAME = "$(TARGET_NAME)";
				SDKROOT = auto;
				SUPPORTED_PLATFORMS = "iphoneos iphonesimulator macosx";
				SWIFT_EMIT_LOC_STRINGS = NO;
				SYMROOT = "";
				TARGETED_DEVICE_FAMILY = "1,2";
			};
			name = Debug;
		};
		212A87F82AE4868C001EAFE7 /* Release */ = {
			isa = XCBuildConfiguration;
			buildSettings = {
				CODE_SIGN_STYLE = Automatic;
				CURRENT_PROJECT_VERSION = 1;
				DEAD_CODE_STRIPPING = YES;
				DEVELOPMENT_TEAM = T4C464595P;
				GENERATE_INFOPLIST_FILE = YES;
				LIBRARY_SEARCH_PATHS = "";
				MACH_O_TYPE = mh_bundle;
				MARKETING_VERSION = 1.0;
				PRODUCT_BUNDLE_IDENTIFIER = "speckle.systems.SpeckleLib-test";
				PRODUCT_NAME = "$(TARGET_NAME)";
				SDKROOT = auto;
				SUPPORTED_PLATFORMS = "iphoneos iphonesimulator macosx";
				SWIFT_EMIT_LOC_STRINGS = NO;
				SYMROOT = "";
				TARGETED_DEVICE_FAMILY = "1,2";
			};
			name = Release;
		};
		21379E112AE47A6400A1584C /* Debug */ = {
			isa = XCBuildConfiguration;
			buildSettings = {
				ALWAYS_SEARCH_USER_PATHS = NO;
				ASSETCATALOG_COMPILER_GENERATE_SWIFT_ASSET_SYMBOL_EXTENSIONS = YES;
				BIM_PLATFORM = "";
				BIM_VERSION = "";
				CLANG_ANALYZER_NONNULL = YES;
				CLANG_ANALYZER_NUMBER_OBJECT_CONVERSION = YES_AGGRESSIVE;
				CLANG_CXX_LANGUAGE_STANDARD = "c++20";
				CLANG_ENABLE_MODULES = YES;
				CLANG_ENABLE_OBJC_ARC = YES;
				CLANG_ENABLE_OBJC_WEAK = YES;
				CLANG_WARN_BLOCK_CAPTURE_AUTORELEASING = YES;
				CLANG_WARN_BOOL_CONVERSION = YES;
				CLANG_WARN_COMMA = YES;
				CLANG_WARN_CONSTANT_CONVERSION = YES;
				CLANG_WARN_DEPRECATED_OBJC_IMPLEMENTATIONS = YES;
				CLANG_WARN_DIRECT_OBJC_ISA_USAGE = YES_ERROR;
				CLANG_WARN_DOCUMENTATION_COMMENTS = YES;
				CLANG_WARN_EMPTY_BODY = YES;
				CLANG_WARN_ENUM_CONVERSION = YES;
				CLANG_WARN_INFINITE_RECURSION = YES;
				CLANG_WARN_INT_CONVERSION = YES;
				CLANG_WARN_NON_LITERAL_NULL_CONVERSION = YES;
				CLANG_WARN_OBJC_IMPLICIT_RETAIN_SELF = YES;
				CLANG_WARN_OBJC_LITERAL_CONVERSION = YES;
				CLANG_WARN_OBJC_ROOT_CLASS = YES_ERROR;
				CLANG_WARN_QUOTED_INCLUDE_IN_FRAMEWORK_HEADER = YES;
				CLANG_WARN_RANGE_LOOP_ANALYSIS = YES;
				CLANG_WARN_STRICT_PROTOTYPES = YES;
				CLANG_WARN_SUSPICIOUS_MOVE = YES;
				CLANG_WARN_UNGUARDED_AVAILABILITY = YES_AGGRESSIVE;
				CLANG_WARN_UNREACHABLE_CODE = YES;
				CLANG_WARN__DUPLICATE_METHOD_MATCH = YES;
				COPY_PHASE_STRIP = NO;
				DEAD_CODE_STRIPPING = YES;
				DEBUG_INFORMATION_FORMAT = dwarf;
				DEPLOYMENT_LOCATION = YES;
				DSTROOT = "$(PROJECT_DIR)/bin";
				ENABLE_STRICT_OBJC_MSGSEND = YES;
				ENABLE_TESTABILITY = YES;
				ENABLE_USER_SCRIPT_SANDBOXING = NO;
				EXECUTABLE_EXTENSION = a;
				EXECUTABLE_PREFIX = lib;
				GCC_C_LANGUAGE_STANDARD = c17;
				GCC_DYNAMIC_NO_PIC = NO;
				GCC_NO_COMMON_BLOCKS = YES;
				GCC_OPTIMIZATION_LEVEL = 0;
				GCC_PREPROCESSOR_DEFINITIONS = (
					"DEBUG=1",
					"XCODE_TESTING=1",
					"$(inherited)",
				);
				GCC_WARN_64_TO_32_BIT_CONVERSION = YES;
				GCC_WARN_ABOUT_RETURN_TYPE = YES_ERROR;
				GCC_WARN_UNDECLARED_SELECTOR = YES;
				GCC_WARN_UNINITIALIZED_AUTOS = YES_AGGRESSIVE;
				GCC_WARN_UNUSED_FUNCTION = YES;
				GCC_WARN_UNUSED_VARIABLE = YES;
				HEADER_PATH_1 = $SRCROOT/../../ActiveLib;
				HEADER_PATH_2 = "";
				HEADER_PATH_3 = "";
				HEADER_PATH_4 = "";
				HEADER_PATH_5 = "";
				HEADER_PATH_6 = "";
				HEADER_PATH_7 = "";
				HEADER_SEARCH_PATHS = "$(SRCROOT)";
				INSTALLER_FOLDER = "$(BASE_NAME)Mac$WORD_SIZE-$BIM_PLATFORM$BIM_VERSION-$LOCALISATION_SUFFIX";
				INSTALLER_PATH = $SRCROOT/Install/$BASE_NAME/$LOCALISATION_SUFFIX/$INSTALLER_FOLDER;
				LOCALISATION_SUFFIX = "EN-GB";
				LOCALIZATION_PREFERS_STRING_CATALOGS = YES;
				MACH_O_TYPE = staticlib;
				MACOSX_DEPLOYMENT_TARGET = 11.0;
				MTL_ENABLE_DEBUG_INFO = INCLUDE_SOURCE;
				MTL_FAST_MATH = YES;
				NNA_WARNING_CPLUSPLUSFLAGS = "-Wno-deprecated";
				OBJROOT = "$(PROJECT_DIR)/build";
				ONLY_ACTIVE_ARCH = YES;
				SDKROOT = macosx;
				SDK_PATH = Support;
				SYMROOT = "$(PROJECT_DIR)/bin";
				SYSTEM_HEADER_SEARCH_PATHS = "";
				USER_HEADER_SEARCH_PATHS = (
					"\"$(HEADER_PATH_1)\"",
					"\"$(HEADER_PATH_2)\"",
					"\"$(HEADER_PATH_3)\"",
					"\"$(HEADER_PATH_4)\"",
					"\"$(HEADER_PATH_5)\"",
					"\"$(HEADER_PATH_5)/Extensions\"",
					"\"$(HEADER_PATH_5)/Inc\"",
					"\"$(HEADER_PATH_5)/Modules\"/**",
					"\"$(HEADER_PATH_5)/Frameworks\"",
					"\"$(HEADER_PATH_6)\"",
					"\"$(HEADER_PATH_8)\"",
				);
				WORD_SIZE = 64;
			};
			name = Debug;
		};
		21379E122AE47A6400A1584C /* Release */ = {
			isa = XCBuildConfiguration;
			buildSettings = {
				ALWAYS_SEARCH_USER_PATHS = NO;
				ASSETCATALOG_COMPILER_GENERATE_SWIFT_ASSET_SYMBOL_EXTENSIONS = YES;
				BIM_PLATFORM = "";
				BIM_VERSION = "";
				CLANG_ANALYZER_NONNULL = YES;
				CLANG_ANALYZER_NUMBER_OBJECT_CONVERSION = YES_AGGRESSIVE;
				CLANG_CXX_LANGUAGE_STANDARD = "c++20";
				CLANG_ENABLE_MODULES = YES;
				CLANG_ENABLE_OBJC_ARC = YES;
				CLANG_ENABLE_OBJC_WEAK = YES;
				CLANG_WARN_BLOCK_CAPTURE_AUTORELEASING = YES;
				CLANG_WARN_BOOL_CONVERSION = YES;
				CLANG_WARN_COMMA = YES;
				CLANG_WARN_CONSTANT_CONVERSION = YES;
				CLANG_WARN_DEPRECATED_OBJC_IMPLEMENTATIONS = YES;
				CLANG_WARN_DIRECT_OBJC_ISA_USAGE = YES_ERROR;
				CLANG_WARN_DOCUMENTATION_COMMENTS = YES;
				CLANG_WARN_EMPTY_BODY = YES;
				CLANG_WARN_ENUM_CONVERSION = YES;
				CLANG_WARN_INFINITE_RECURSION = YES;
				CLANG_WARN_INT_CONVERSION = YES;
				CLANG_WARN_NON_LITERAL_NULL_CONVERSION = YES;
				CLANG_WARN_OBJC_IMPLICIT_RETAIN_SELF = YES;
				CLANG_WARN_OBJC_LITERAL_CONVERSION = YES;
				CLANG_WARN_OBJC_ROOT_CLASS = YES_ERROR;
				CLANG_WARN_QUOTED_INCLUDE_IN_FRAMEWORK_HEADER = YES;
				CLANG_WARN_RANGE_LOOP_ANALYSIS = YES;
				CLANG_WARN_STRICT_PROTOTYPES = YES;
				CLANG_WARN_SUSPICIOUS_MOVE = YES;
				CLANG_WARN_UNGUARDED_AVAILABILITY = YES_AGGRESSIVE;
				CLANG_WARN_UNREACHABLE_CODE = YES;
				CLANG_WARN__DUPLICATE_METHOD_MATCH = YES;
				COPY_PHASE_STRIP = NO;
				DEAD_CODE_STRIPPING = YES;
				DEBUG_INFORMATION_FORMAT = "dwarf-with-dsym";
				DEPLOYMENT_LOCATION = YES;
				DSTROOT = "$(PROJECT_DIR)/bin";
				ENABLE_NS_ASSERTIONS = NO;
				ENABLE_STRICT_OBJC_MSGSEND = YES;
				ENABLE_USER_SCRIPT_SANDBOXING = NO;
				EXECUTABLE_EXTENSION = a;
				EXECUTABLE_PREFIX = lib;
				GCC_C_LANGUAGE_STANDARD = c17;
				GCC_NO_COMMON_BLOCKS = YES;
				GCC_PREPROCESSOR_DEFINITIONS = (
					"XCODE_TESTING=1",
					"$(inherited)",
				);
				GCC_WARN_64_TO_32_BIT_CONVERSION = YES;
				GCC_WARN_ABOUT_RETURN_TYPE = YES_ERROR;
				GCC_WARN_UNDECLARED_SELECTOR = YES;
				GCC_WARN_UNINITIALIZED_AUTOS = YES_AGGRESSIVE;
				GCC_WARN_UNUSED_FUNCTION = YES;
				GCC_WARN_UNUSED_VARIABLE = YES;
				HEADER_PATH_1 = $SRCROOT/../../ActiveLib;
				HEADER_PATH_2 = "";
				HEADER_PATH_3 = "";
				HEADER_PATH_4 = "";
				HEADER_PATH_5 = "";
				HEADER_PATH_6 = "";
				HEADER_PATH_7 = "";
				HEADER_SEARCH_PATHS = "$(SRCROOT)";
				INSTALLER_FOLDER = "$(BASE_NAME)Mac$WORD_SIZE-$BIM_PLATFORM$BIM_VERSION-$LOCALISATION_SUFFIX";
				INSTALLER_PATH = $SRCROOT/Install/$BASE_NAME/$LOCALISATION_SUFFIX/$INSTALLER_FOLDER;
				LOCALISATION_SUFFIX = "EN-GB";
				LOCALIZATION_PREFERS_STRING_CATALOGS = YES;
				MACH_O_TYPE = staticlib;
				MACOSX_DEPLOYMENT_TARGET = 11.0;
				MTL_ENABLE_DEBUG_INFO = NO;
				MTL_FAST_MATH = YES;
				NNA_WARNING_CPLUSPLUSFLAGS = "-Wno-deprecated";
				OBJROOT = "$(PROJECT_DIR)/build";
				SDKROOT = macosx;
				SDK_PATH = Support;
				SYMROOT = "$(PROJECT_DIR)/bin";
				SYSTEM_HEADER_SEARCH_PATHS = "";
				USER_HEADER_SEARCH_PATHS = (
					"\"$(HEADER_PATH_1)\"",
					"\"$(HEADER_PATH_2)\"",
					"\"$(HEADER_PATH_3)\"",
					"\"$(HEADER_PATH_4)\"",
					"\"$(HEADER_PATH_5)\"",
					"\"$(HEADER_PATH_5)/Extensions\"",
					"\"$(HEADER_PATH_5)/Inc\"",
					"\"$(HEADER_PATH_5)/Modules\"/**",
					"\"$(HEADER_PATH_5)/Frameworks\"",
					"\"$(HEADER_PATH_6)\"",
					"\"$(HEADER_PATH_8)\"",
				);
				WORD_SIZE = 64;
			};
			name = Release;
		};
		21379E142AE47A6400A1584C /* Debug */ = {
			isa = XCBuildConfiguration;
			buildSettings = {
				BIM_PLATFORM = Archicad;
				BIM_VERSION = 27;
				CLANG_WARN_DOCUMENTATION_COMMENTS = YES;
				CODE_SIGN_STYLE = Automatic;
				DEAD_CODE_STRIPPING = YES;
				DEVELOPMENT_TEAM = T4C464595P;
				EXECUTABLE_PREFIX = lib;
				GCC_ENABLE_CPP_EXCEPTIONS = YES;
				GCC_ENABLE_CPP_RTTI = YES;
				GCC_PREPROCESSOR_DEFINITIONS = (
					"ARCHICAD=1",
					ACExtension,
					"macintosh=1",
					"$(inherited)",
				);
				HEADER_PATH_5 = "$(SRCROOT)/../../$BIM_PLATFORM $BIM_VERSION/$SDK_PATH";
				HEADER_PATH_7 = "$(SRCROOT)/RINT.$BIM_PLATFORM/$(LOCALISATION_SUFFIX)";
				INSTALL_PATH = "";
				LIBRARY_SEARCH_PATHS = "";
				PRODUCT_NAME = "$(TARGET_NAME)";
				SKIP_INSTALL = YES;
				SYSTEM_HEADER_SEARCH_PATHS = (
					"\"$(HEADER_PATH_5)\"",
					"\"$(HEADER_PATH_5)/Extensions\"",
					"\"$(HEADER_PATH_5)/Inc\"",
					"\"$(HEADER_PATH_5)/Modules\"/**",
					"\"$(HEADER_PATH_5)/Frameworks\"",
				);
				USER_HEADER_SEARCH_PATHS = (
					"\"$(HEADER_PATH_1)\"",
					"\"$(HEADER_PATH_2)\"",
					"\"$(HEADER_PATH_3)\"",
					"\"$(HEADER_PATH_4)\"",
					"\"$(HEADER_PATH_6)\"",
					"\"$(HEADER_PATH_8)\"",
				);
			};
			name = Debug;
		};
		21379E152AE47A6400A1584C /* Release */ = {
			isa = XCBuildConfiguration;
			buildSettings = {
				BIM_PLATFORM = Archicad;
				BIM_VERSION = 27;
				CLANG_WARN_DOCUMENTATION_COMMENTS = YES;
				CODE_SIGN_STYLE = Automatic;
				DEAD_CODE_STRIPPING = YES;
				DEVELOPMENT_TEAM = T4C464595P;
				EXECUTABLE_PREFIX = lib;
				GCC_ENABLE_CPP_EXCEPTIONS = YES;
				GCC_ENABLE_CPP_RTTI = YES;
				GCC_PREPROCESSOR_DEFINITIONS = (
					"ARCHICAD=1",
					ACExtension,
					"macintosh=1",
					"$(inherited)",
				);
				HEADER_PATH_5 = "$(SRCROOT)/../../$BIM_PLATFORM $BIM_VERSION/$SDK_PATH";
				HEADER_PATH_7 = "$(SRCROOT)/RINT.$BIM_PLATFORM/$(LOCALISATION_SUFFIX)";
				INSTALL_PATH = "";
				LIBRARY_SEARCH_PATHS = "";
				PRODUCT_NAME = "$(TARGET_NAME)";
				SKIP_INSTALL = YES;
				SYSTEM_HEADER_SEARCH_PATHS = (
					"\"$(HEADER_PATH_5)\"",
					"\"$(HEADER_PATH_5)/Extensions\"",
					"\"$(HEADER_PATH_5)/Inc\"",
					"\"$(HEADER_PATH_5)/Modules\"/**",
					"\"$(HEADER_PATH_5)/Frameworks\"",
				);
				USER_HEADER_SEARCH_PATHS = (
					"\"$(HEADER_PATH_1)\"",
					"\"$(HEADER_PATH_2)\"",
					"\"$(HEADER_PATH_3)\"",
					"\"$(HEADER_PATH_4)\"",
					"\"$(HEADER_PATH_6)\"",
					"\"$(HEADER_PATH_8)\"",
				);
			};
			name = Release;
		};
/* End XCBuildConfiguration section */

/* Begin XCConfigurationList section */
		212A87F62AE4868C001EAFE7 /* Build configuration list for PBXNativeTarget "SpeckleLib-test" */ = {
			isa = XCConfigurationList;
			buildConfigurations = (
				212A87F72AE4868C001EAFE7 /* Debug */,
				212A87F82AE4868C001EAFE7 /* Release */,
			);
			defaultConfigurationIsVisible = 0;
			defaultConfigurationName = Release;
		};
		21379E032AE47A6400A1584C /* Build configuration list for PBXProject "SpeckleLib" */ = {
			isa = XCConfigurationList;
			buildConfigurations = (
				21379E112AE47A6400A1584C /* Debug */,
				21379E122AE47A6400A1584C /* Release */,
			);
			defaultConfigurationIsVisible = 0;
			defaultConfigurationName = Release;
		};
		21379E132AE47A6400A1584C /* Build configuration list for PBXNativeTarget "Archicad27" */ = {
			isa = XCConfigurationList;
			buildConfigurations = (
				21379E142AE47A6400A1584C /* Debug */,
				21379E152AE47A6400A1584C /* Release */,
			);
			defaultConfigurationIsVisible = 0;
			defaultConfigurationName = Release;
		};
/* End XCConfigurationList section */
	};
	rootObject = 21379E002AE47A6400A1584C /* Project object */;
}
