// !$*UTF8*$!
{
	archiveVersion = 1;
	classes = {
	};
	objectVersion = 56;
	objects = {

/* Begin PBXBuildFile section */
		210CC86F2C7E879700610F58 /* ArgumentBase.h in Headers */ = {isa = PBXBuildFile; fileRef = 210CC86D2C7E879700610F58 /* ArgumentBase.h */; };
		210CC8802C80CD2A00610F58 /* BridgeChild.h in Headers */ = {isa = PBXBuildFile; fileRef = 210CC87D2C80CD2A00610F58 /* BridgeChild.h */; };
		210CC88F2C81A98500610F58 /* Guid64.h in Headers */ = {isa = PBXBuildFile; fileRef = 210CC88D2C81A98500610F58 /* Guid64.h */; };
		210CC8902C81A98500610F58 /* Guid64.cpp in Sources */ = {isa = PBXBuildFile; fileRef = 210CC88E2C81A98500610F58 /* Guid64.cpp */; };
		210CC8922C81AEBB00610F58 /* Guid32Tests.cpp in Sources */ = {isa = PBXBuildFile; fileRef = 210CC8912C81AEBB00610F58 /* Guid32Tests.cpp */; };
		210CC89F2C81E34400610F58 /* Platform.cpp in Sources */ = {isa = PBXBuildFile; fileRef = 210CC89D2C81E34400610F58 /* Platform.cpp */; };
		210CC8A02C81E34400610F58 /* Platform.h in Headers */ = {isa = PBXBuildFile; fileRef = 210CC89E2C81E34400610F58 /* Platform.h */; };
		212A88132AE48821001EAFE7 /* libArchicad27.a in Frameworks */ = {isa = PBXBuildFile; fileRef = 21379E082AE47A6400A1584C /* libArchicad27.a */; platformFilters = (macos, ); };
		215F08552C99DA8D00CD343B /* Project.cpp in Sources */ = {isa = PBXBuildFile; fileRef = 215F08512C99DA8D00CD343B /* Project.cpp */; };
		215F08562C99DA8D00CD343B /* Project.h in Headers */ = {isa = PBXBuildFile; fileRef = 215F08542C99DA8D00CD343B /* Project.h */; };
		215F08662C9B006800CD343B /* ProjectEvent.cpp in Sources */ = {isa = PBXBuildFile; fileRef = 215F08652C9B006700CD343B /* ProjectEvent.cpp */; };
		215F087D2CA18E1400CD343B /* Element.cpp in Sources */ = {isa = PBXBuildFile; fileRef = 215F08782CA18E1400CD343B /* Element.cpp */; };
		215F087E2CA18E1400CD343B /* Element.h in Headers */ = {isa = PBXBuildFile; fileRef = 215F08792CA18E1400CD343B /* Element.h */; };
		215F088B2CA195EC00CD343B /* ArchicadDBaseCore.cpp in Sources */ = {isa = PBXBuildFile; fileRef = 215F08872CA195EC00CD343B /* ArchicadDBaseCore.cpp */; };
		215F088C2CA195EC00CD343B /* ArchicadDBaseCore.h in Headers */ = {isa = PBXBuildFile; fileRef = 215F08882CA195EC00CD343B /* ArchicadDBaseCore.h */; };
		215F088D2CA195EC00CD343B /* ArchicadElementDBaseEngine.h in Headers */ = {isa = PBXBuildFile; fileRef = 215F08892CA195EC00CD343B /* ArchicadElementDBaseEngine.h */; };
		215F08952CA19AF800CD343B /* BIMElementDatabase.cpp in Sources */ = {isa = PBXBuildFile; fileRef = 215F08932CA19AF800CD343B /* BIMElementDatabase.cpp */; };
		215F08962CA19AF800CD343B /* BIMElementDatabase.h in Headers */ = {isa = PBXBuildFile; fileRef = 215F08942CA19AF800CD343B /* BIMElementDatabase.h */; };
		219245FE2CA2CC4300CF5703 /* BIMRecord.cpp in Sources */ = {isa = PBXBuildFile; fileRef = 219245FA2CA2CC4300CF5703 /* BIMRecord.cpp */; };
		219245FF2CA2CC4300CF5703 /* BIMRecord.h in Headers */ = {isa = PBXBuildFile; fileRef = 219245FD2CA2CC4300CF5703 /* BIMRecord.h */; };
		219246032CA2CE2700CF5703 /* BIMLink.h in Headers */ = {isa = PBXBuildFile; fileRef = 219246012CA2CE2700CF5703 /* BIMLink.h */; };
		219246042CA2CE2700CF5703 /* BIMLink.cpp in Sources */ = {isa = PBXBuildFile; fileRef = 219246022CA2CE2700CF5703 /* BIMLink.cpp */; };
		219246082CA2ED2F00CF5703 /* ArchicadElementDBaseEngine.cpp in Sources */ = {isa = PBXBuildFile; fileRef = 219246072CA2ED2F00CF5703 /* ArchicadElementDBaseEngine.cpp */; };
		219246122CA34DCE00CF5703 /* Mesh.cpp in Sources */ = {isa = PBXBuildFile; fileRef = 2192460E2CA34DCE00CF5703 /* Mesh.cpp */; };
		219246132CA34DCE00CF5703 /* Mesh.h in Headers */ = {isa = PBXBuildFile; fileRef = 2192460F2CA34DCE00CF5703 /* Mesh.h */; };
		2193517B2C624FC100E5A69C /* MenuSubscriber.cpp in Sources */ = {isa = PBXBuildFile; fileRef = 219351782C624FC100E5A69C /* MenuSubscriber.cpp */; };
		2193519B2C6278D900E5A69C /* SelectionSubscriber.cpp in Sources */ = {isa = PBXBuildFile; fileRef = 219351992C6278D900E5A69C /* SelectionSubscriber.cpp */; };
		219351B12C62CC1A00E5A69C /* Guid.cpp in Sources */ = {isa = PBXBuildFile; fileRef = 219351AC2C62CC1A00E5A69C /* Guid.cpp */; };
		219351B32C62CC1A00E5A69C /* String.cpp in Sources */ = {isa = PBXBuildFile; fileRef = 219351AE2C62CC1A00E5A69C /* String.cpp */; };
		2196F2E32CB05BAF00450DFC /* LengthUnit.cpp in Sources */ = {isa = PBXBuildFile; fileRef = 2196F2E22CB05BAF00450DFC /* LengthUnit.cpp */; };
		2196F2EB2CB4816B00450DFC /* ArchicadAttributeDBaseEngine.cpp in Sources */ = {isa = PBXBuildFile; fileRef = 2196F2E82CB4816B00450DFC /* ArchicadAttributeDBaseEngine.cpp */; };
		2196F2EC2CB4816B00450DFC /* ArchicadAttributeDBaseEngine.h in Headers */ = {isa = PBXBuildFile; fileRef = 2196F2E92CB4816B00450DFC /* ArchicadAttributeDBaseEngine.h */; };
		2196F2F02CB4823C00450DFC /* Attribute.cpp in Sources */ = {isa = PBXBuildFile; fileRef = 2196F2ED2CB4823C00450DFC /* Attribute.cpp */; };
		2196F2F12CB4823C00450DFC /* Attribute.h in Headers */ = {isa = PBXBuildFile; fileRef = 2196F2EE2CB4823C00450DFC /* Attribute.h */; };
		2196F2F42CB483D600450DFC /* Finish.h in Headers */ = {isa = PBXBuildFile; fileRef = 2196F2F22CB483D600450DFC /* Finish.h */; };
		2196F2F52CB483D600450DFC /* Finish.cpp in Sources */ = {isa = PBXBuildFile; fileRef = 2196F2F32CB483D600450DFC /* Finish.cpp */; };
		2196F2F82CB51ED400450DFC /* BIMAttributeDatabase.cpp in Sources */ = {isa = PBXBuildFile; fileRef = 2196F2F62CB51ED400450DFC /* BIMAttributeDatabase.cpp */; };
		2196F2F92CB51ED400450DFC /* BIMAttributeDatabase.h in Headers */ = {isa = PBXBuildFile; fileRef = 2196F2F72CB51ED400450DFC /* BIMAttributeDatabase.h */; };
		2196F3042CB57E8000450DFC /* Storey.h in Headers */ = {isa = PBXBuildFile; fileRef = 2196F3022CB57E7F00450DFC /* Storey.h */; };
		2196F3052CB57E8000450DFC /* Storey.cpp in Sources */ = {isa = PBXBuildFile; fileRef = 2196F3032CB57E7F00450DFC /* Storey.cpp */; };
		2199881E2BD833830035E5EA /* libArchicad27.a in CopyFiles */ = {isa = PBXBuildFile; fileRef = 21379E082AE47A6400A1584C /* libArchicad27.a */; };
		21A0FBA42CB880690023F24E /* FinishCollector.h in Headers */ = {isa = PBXBuildFile; fileRef = 21A0FB9F2CB880690023F24E /* FinishCollector.h */; };
		21A0FBB52CBA5E380023F24E /* Str256.h in Headers */ = {isa = PBXBuildFile; fileRef = 21A0FBB42CBA5E380023F24E /* Str256.h */; };
		21A0FBBC2CBBC04C0023F24E /* ArchicadRGB.h in Headers */ = {isa = PBXBuildFile; fileRef = 21A0FBB92CBBC04C0023F24E /* ArchicadRGB.h */; };
		21A0FBEA2CBD6B1A0023F24E /* ColumnSegment.cpp in Sources */ = {isa = PBXBuildFile; fileRef = 21A0FBDF2CBD6B1A0023F24E /* ColumnSegment.cpp */; };
		21A0FBEB2CBD6B1A0023F24E /* ColumnSegment.h in Headers */ = {isa = PBXBuildFile; fileRef = 21A0FBE22CBD6B1A0023F24E /* ColumnSegment.h */; };
		21A0FBED2CBD6B1A0023F24E /* Part.h in Headers */ = {isa = PBXBuildFile; fileRef = 21A0FBE42CBD6B1A0023F24E /* Part.h */; };
		21A0FBF02CBD6B1A0023F24E /* Column.cpp in Sources */ = {isa = PBXBuildFile; fileRef = 21A0FBE82CBD6B1A0023F24E /* Column.cpp */; };
		21A0FBF12CBD6B1A0023F24E /* Column.h in Headers */ = {isa = PBXBuildFile; fileRef = 21A0FBE92CBD6B1A0023F24E /* Column.h */; };
		21A0FBF42CBD6B700023F24E /* Memo.h in Headers */ = {isa = PBXBuildFile; fileRef = 21A0FBF22CBD6B700023F24E /* Memo.h */; };
		21A0FBF52CBD6B700023F24E /* Memo.cpp in Sources */ = {isa = PBXBuildFile; fileRef = 21A0FBF32CBD6B700023F24E /* Memo.cpp */; };
		21A0FBF82CBDB9A70023F24E /* BIMMemory.cpp in Sources */ = {isa = PBXBuildFile; fileRef = 21A0FBF62CBDB9A70023F24E /* BIMMemory.cpp */; };
		21A0FBF92CBDB9A70023F24E /* BIMMemory.h in Headers */ = {isa = PBXBuildFile; fileRef = 21A0FBF72CBDB9A70023F24E /* BIMMemory.h */; };
		21A0FC042CBE59A80023F24E /* SegmentedColumn.cpp in Sources */ = {isa = PBXBuildFile; fileRef = 21A0FBFF2CBE59A80023F24E /* SegmentedColumn.cpp */; };
		21A0FC052CBE59A80023F24E /* SegmentedColumn.h in Headers */ = {isa = PBXBuildFile; fileRef = 21A0FC002CBE59A80023F24E /* SegmentedColumn.h */; };
		21A0FC062CBE59A80023F24E /* Path.cpp in Sources */ = {isa = PBXBuildFile; fileRef = 21A0FC012CBE59A80023F24E /* Path.cpp */; };
		21A0FC072CBE59A80023F24E /* Path.h in Headers */ = {isa = PBXBuildFile; fileRef = 21A0FC022CBE59A80023F24E /* Path.h */; };
		21A0FC0A2CBE5E220023F24E /* Segment.cpp in Sources */ = {isa = PBXBuildFile; fileRef = 21A0FC082CBE5E220023F24E /* Segment.cpp */; };
		21A0FC0B2CBE5E220023F24E /* Segment.h in Headers */ = {isa = PBXBuildFile; fileRef = 21A0FC092CBE5E220023F24E /* Segment.h */; };
		21A0FC0E2CBE92F10023F24E /* ModelElement.cpp in Sources */ = {isa = PBXBuildFile; fileRef = 21A0FC0C2CBE92F10023F24E /* ModelElement.cpp */; };
		21A0FC0F2CBE92F10023F24E /* ModelElement.h in Headers */ = {isa = PBXBuildFile; fileRef = 21A0FC0D2CBE92F10023F24E /* ModelElement.h */; };
		21A0FC112CBEE5C30023F24E /* Part.cpp in Sources */ = {isa = PBXBuildFile; fileRef = 21A0FC102CBEE5C30023F24E /* Part.cpp */; };
		21A890C42CC171D80087E732 /* ArchicadPropertyDBaseEngine.cpp in Sources */ = {isa = PBXBuildFile; fileRef = 21A890BF2CC171D80087E732 /* ArchicadPropertyDBaseEngine.cpp */; };
		21A890C52CC171D80087E732 /* ArchicadPropertyDBaseEngine.h in Headers */ = {isa = PBXBuildFile; fileRef = 21A890C02CC171D80087E732 /* ArchicadPropertyDBaseEngine.h */; };
		21A890C82CC1B5FF0087E732 /* DrawingElement.cpp in Sources */ = {isa = PBXBuildFile; fileRef = 21A890C62CC1B5FF0087E732 /* DrawingElement.cpp */; };
		21A890C92CC1B5FF0087E732 /* DrawingElement.h in Headers */ = {isa = PBXBuildFile; fileRef = 21A890C72CC1B5FF0087E732 /* DrawingElement.h */; };
		21A890CE2CC1B87C0087E732 /* GenericDrawingElement.cpp in Sources */ = {isa = PBXBuildFile; fileRef = 21A890CA2CC1B87B0087E732 /* GenericDrawingElement.cpp */; };
		21A890CF2CC1B87C0087E732 /* GenericDrawingElement.h in Headers */ = {isa = PBXBuildFile; fileRef = 21A890CB2CC1B87B0087E732 /* GenericDrawingElement.h */; };
		21A890D02CC1B87C0087E732 /* GenericModelElement.h in Headers */ = {isa = PBXBuildFile; fileRef = 21A890CC2CC1B87B0087E732 /* GenericModelElement.h */; };
		21A890D12CC1B87C0087E732 /* GenericModelElement.cpp in Sources */ = {isa = PBXBuildFile; fileRef = 21A890CD2CC1B87C0087E732 /* GenericModelElement.cpp */; };
		21AE19512CC273F1004DBCFC /* Property.cpp in Sources */ = {isa = PBXBuildFile; fileRef = 21AE194A2CC273F1004DBCFC /* Property.cpp */; };
		21AE19522CC273F1004DBCFC /* Property.h in Headers */ = {isa = PBXBuildFile; fileRef = 21AE194B2CC273F1004DBCFC /* Property.h */; };
		21AE19532CC273F1004DBCFC /* Template.cpp in Sources */ = {isa = PBXBuildFile; fileRef = 21AE194C2CC273F1004DBCFC /* Template.cpp */; };
		21AE19542CC273F1004DBCFC /* Template.h in Headers */ = {isa = PBXBuildFile; fileRef = 21AE194D2CC273F1004DBCFC /* Template.h */; };
		21AE19572CC27DB3004DBCFC /* Value.cpp in Sources */ = {isa = PBXBuildFile; fileRef = 21AE19552CC27DB3004DBCFC /* Value.cpp */; };
		21AE19582CC27DB3004DBCFC /* Value.h in Headers */ = {isa = PBXBuildFile; fileRef = 21AE19562CC27DB3004DBCFC /* Value.h */; };
		21AE19612CC2D358004DBCFC /* Setting.h in Headers */ = {isa = PBXBuildFile; fileRef = 21AE195F2CC2D358004DBCFC /* Setting.h */; };
		21AE19622CC2D358004DBCFC /* Setting.cpp in Sources */ = {isa = PBXBuildFile; fileRef = 21AE19602CC2D358004DBCFC /* Setting.cpp */; };
		21AE19652CC2F702004DBCFC /* BIMPropertyDatabase.cpp in Sources */ = {isa = PBXBuildFile; fileRef = 21AE19632CC2F702004DBCFC /* BIMPropertyDatabase.cpp */; };
		21AE19662CC2F702004DBCFC /* BIMPropertyDatabase.h in Headers */ = {isa = PBXBuildFile; fileRef = 21AE19642CC2F702004DBCFC /* BIMPropertyDatabase.h */; };
		21AE19692CC57832004DBCFC /* Propertied.cpp in Sources */ = {isa = PBXBuildFile; fileRef = 21AE19672CC57832004DBCFC /* Propertied.cpp */; };
		21AE196A2CC57832004DBCFC /* Propertied.h in Headers */ = {isa = PBXBuildFile; fileRef = 21AE19682CC57832004DBCFC /* Propertied.h */; };
		21AE196E2CC64D37004DBCFC /* Classified.cpp in Sources */ = {isa = PBXBuildFile; fileRef = 21AE196B2CC64D37004DBCFC /* Classified.cpp */; };
		21AE196F2CC64D37004DBCFC /* Classified.h in Headers */ = {isa = PBXBuildFile; fileRef = 21AE196C2CC64D37004DBCFC /* Classified.h */; };
		21AE197B2CC7CE1A004DBCFC /* PropsAndClassWrapper.cpp in Sources */ = {isa = PBXBuildFile; fileRef = 21AE19762CC7CE1A004DBCFC /* PropsAndClassWrapper.cpp */; };
		21AE197C2CC7CE1A004DBCFC /* PropsAndClassWrapper.h in Headers */ = {isa = PBXBuildFile; fileRef = 21AE19772CC7CE1A004DBCFC /* PropsAndClassWrapper.h */; };
		21AE197F2CC7D265004DBCFC /* PropertiedWrapper.cpp in Sources */ = {isa = PBXBuildFile; fileRef = 21AE197D2CC7D265004DBCFC /* PropertiedWrapper.cpp */; };
		21AE19802CC7D265004DBCFC /* PropertiedWrapper.h in Headers */ = {isa = PBXBuildFile; fileRef = 21AE197E2CC7D265004DBCFC /* PropertiedWrapper.h */; };
		21AE19832CC7D517004DBCFC /* PropertyWrapper.cpp in Sources */ = {isa = PBXBuildFile; fileRef = 21AE19812CC7D517004DBCFC /* PropertyWrapper.cpp */; };
		21AE19842CC7D517004DBCFC /* PropertyWrapper.h in Headers */ = {isa = PBXBuildFile; fileRef = 21AE19822CC7D517004DBCFC /* PropertyWrapper.h */; };
		21AE19872CC7FF5F004DBCFC /* Group.h in Headers */ = {isa = PBXBuildFile; fileRef = 21AE19852CC7FF5F004DBCFC /* Group.h */; };
		21AE19882CC7FF5F004DBCFC /* Group.cpp in Sources */ = {isa = PBXBuildFile; fileRef = 21AE19862CC7FF5F004DBCFC /* Group.cpp */; };
		21AE198F2CC80541004DBCFC /* ArchicadGroupDBaseEngine.h in Headers */ = {isa = PBXBuildFile; fileRef = 21AE198D2CC80541004DBCFC /* ArchicadGroupDBaseEngine.h */; };
		21AE19902CC80541004DBCFC /* ArchicadGroupDBaseEngine.cpp in Sources */ = {isa = PBXBuildFile; fileRef = 21AE198E2CC80541004DBCFC /* ArchicadGroupDBaseEngine.cpp */; };
		21AE19932CC82866004DBCFC /* BIMGroupDatabase.cpp in Sources */ = {isa = PBXBuildFile; fileRef = 21AE19912CC82866004DBCFC /* BIMGroupDatabase.cpp */; };
		21AE19942CC82866004DBCFC /* BIMGroupDatabase.h in Headers */ = {isa = PBXBuildFile; fileRef = 21AE19922CC82866004DBCFC /* BIMGroupDatabase.h */; };
		21AEF9BA2CA606B5000B8681 /* DetachedReference.cpp in Sources */ = {isa = PBXBuildFile; fileRef = 21AEF9B92CA606B4000B8681 /* DetachedReference.cpp */; };
		21AEF9BC2CA6DF84000B8681 /* DetachmentManager.cpp in Sources */ = {isa = PBXBuildFile; fileRef = 21AEF9BB2CA6DF84000B8681 /* DetachmentManager.cpp */; };
		21AEF9BE2CA6FDA4000B8681 /* DetachedWrap.cpp in Sources */ = {isa = PBXBuildFile; fileRef = 21AEF9BD2CA6FDA4000B8681 /* DetachedWrap.cpp */; };
		21AEF9DD2CAAA4EA000B8681 /* DetachedObjectStore.h in Headers */ = {isa = PBXBuildFile; fileRef = 21AEF9DB2CAAA4EA000B8681 /* DetachedObjectStore.h */; };
		21B67D002C7CE15100FD64FC /* Exception.h in Headers */ = {isa = PBXBuildFile; fileRef = 21B67CFE2C7CE15100FD64FC /* Exception.h */; };
		21B67D0D2C7E0E8D00FD64FC /* ErrorReport.h in Headers */ = {isa = PBXBuildFile; fileRef = 21B67D092C7E0E8D00FD64FC /* ErrorReport.h */; };
		21B67D0E2C7E0E8D00FD64FC /* ErrorReport.cpp in Sources */ = {isa = PBXBuildFile; fileRef = 21B67D0C2C7E0E8D00FD64FC /* ErrorReport.cpp */; };
		21D0BD202C86F0280077E104 /* AccountDatabase.cpp in Sources */ = {isa = PBXBuildFile; fileRef = 21D0BD1D2C86F0280077E104 /* AccountDatabase.cpp */; };
		21D0BD212C86F0280077E104 /* AccountDatabase.h in Headers */ = {isa = PBXBuildFile; fileRef = 21D0BD1E2C86F0280077E104 /* AccountDatabase.h */; };
		21D0BD2B2C86FC350077E104 /* Record.cpp in Sources */ = {isa = PBXBuildFile; fileRef = 21D0BD252C86FC350077E104 /* Record.cpp */; };
		21D0BD2C2C86FC350077E104 /* Record.h in Headers */ = {isa = PBXBuildFile; fileRef = 21D0BD262C86FC350077E104 /* Record.h */; };
		21D0BD312C86FE090077E104 /* Index.h in Headers */ = {isa = PBXBuildFile; fileRef = 21D0BD2D2C86FE090077E104 /* Index.h */; };
		21D0BD332C86FE090077E104 /* Link.h in Headers */ = {isa = PBXBuildFile; fileRef = 21D0BD2F2C86FE090077E104 /* Link.h */; };
		21D0BD4D2C8901A00077E104 /* ServerInfo.h in Headers */ = {isa = PBXBuildFile; fileRef = 21D0BD4B2C8901A00077E104 /* ServerInfo.h */; };
		21D0BD4E2C8901A00077E104 /* ServerInfo.cpp in Sources */ = {isa = PBXBuildFile; fileRef = 21D0BD4C2C8901A00077E104 /* ServerInfo.cpp */; };
		21D0BD552C890B1C0077E104 /* ServerMigration.cpp in Sources */ = {isa = PBXBuildFile; fileRef = 21D0BD512C890B1C0077E104 /* ServerMigration.cpp */; };
		21D0BD562C890B1C0077E104 /* ServerMigration.h in Headers */ = {isa = PBXBuildFile; fileRef = 21D0BD542C890B1C0077E104 /* ServerMigration.h */; };
		21D0BD592C8910400077E104 /* UserInfo.cpp in Sources */ = {isa = PBXBuildFile; fileRef = 21D0BD572C8910400077E104 /* UserInfo.cpp */; };
		21D0BD5A2C8910400077E104 /* UserInfo.h in Headers */ = {isa = PBXBuildFile; fileRef = 21D0BD582C8910400077E104 /* UserInfo.h */; };
		21D0BDB32C8F8AB60077E104 /* DocumentStoreCore.cpp in Sources */ = {isa = PBXBuildFile; fileRef = 21D0BDAC2C8F8AB60077E104 /* DocumentStoreCore.cpp */; };
		21D0BDB42C8F8AB60077E104 /* DocumentStoreCore.h in Headers */ = {isa = PBXBuildFile; fileRef = 21D0BDAD2C8F8AB60077E104 /* DocumentStoreCore.h */; };
		21D0BDB52C8F8AB60077E104 /* DocumentStoreEngine.h in Headers */ = {isa = PBXBuildFile; fileRef = 21D0BDAE2C8F8AB60077E104 /* DocumentStoreEngine.h */; };
		21D0BDBD2C90F2830077E104 /* DocStoreSubscriber.cpp in Sources */ = {isa = PBXBuildFile; fileRef = 21D0BDBB2C90F2830077E104 /* DocStoreSubscriber.cpp */; };
		21D0BDC42C9241940077E104 /* ProjectSubscriber.cpp in Sources */ = {isa = PBXBuildFile; fileRef = 21D0BDC22C9241940077E104 /* ProjectSubscriber.cpp */; };
		21D0BDC52C9241940077E104 /* ProjectSubscriber.h in Headers */ = {isa = PBXBuildFile; fileRef = 21D0BDC32C9241940077E104 /* ProjectSubscriber.h */; };
		21D0BDE72C943D3F0077E104 /* RecordID.h in Headers */ = {isa = PBXBuildFile; fileRef = 21D0BDE42C943D3F0077E104 /* RecordID.h */; };
		21F69F3B2C6B880C008B6A06 /* JSBaseTransport.cpp in Sources */ = {isa = PBXBuildFile; fileRef = 21F69F382C6B880B008B6A06 /* JSBaseTransport.cpp */; };
		21F69F512C6CCC25008B6A06 /* BrowserBridge.cpp in Sources */ = {isa = PBXBuildFile; fileRef = 21F69F4A2C6CCC25008B6A06 /* BrowserBridge.cpp */; };
		21F69F612C6D0286008B6A06 /* GetBindingsMethodNames.cpp in Sources */ = {isa = PBXBuildFile; fileRef = 21F69F602C6D0286008B6A06 /* GetBindingsMethodNames.cpp */; };
		21F69F682C6DFB01008B6A06 /* RunMethod.cpp in Sources */ = {isa = PBXBuildFile; fileRef = 21F69F662C6DFB01008B6A06 /* RunMethod.cpp */; };
		21F69F7E2C6FD9FC008B6A06 /* GetCallResult.cpp in Sources */ = {isa = PBXBuildFile; fileRef = 21F69F7A2C6FD9FC008B6A06 /* GetCallResult.cpp */; };
		21F69F812C6FF3B0008B6A06 /* BridgeArgumentWrap.cpp in Sources */ = {isa = PBXBuildFile; fileRef = 21F69F802C6FF3B0008B6A06 /* BridgeArgumentWrap.cpp */; };
		21F69F962C71087A008B6A06 /* Account.cpp in Sources */ = {isa = PBXBuildFile; fileRef = 21F69F922C71087A008B6A06 /* Account.cpp */; };
		21F69FA62C733EDA008B6A06 /* BridgeArgument.cpp in Sources */ = {isa = PBXBuildFile; fileRef = 21F69FA52C733EDA008B6A06 /* BridgeArgument.cpp */; };
		21F93AEC2B2F406E009A2C5B /* Addon.cpp in Sources */ = {isa = PBXBuildFile; fileRef = 21F93AEA2B2F406D009A2C5B /* Addon.cpp */; };
/* End PBXBuildFile section */

/* Begin PBXContainerItemProxy section */
		212A88102AE48817001EAFE7 /* PBXContainerItemProxy */ = {
			isa = PBXContainerItemProxy;
			containerPortal = 21379E002AE47A6400A1584C /* Project object */;
			proxyType = 1;
			remoteGlobalIDString = 21379E072AE47A6400A1584C;
			remoteInfo = SpeckleLib;
		};
		2193516F2C62318B00E5A69C /* PBXContainerItemProxy */ = {
			isa = PBXContainerItemProxy;
			containerPortal = 2193516A2C62318B00E5A69C /* ActiveLib.xcodeproj */;
			proxyType = 2;
			remoteGlobalIDString = 21379E082AE47A6400A1584C;
			remoteInfo = ActiveLib;
		};
		219351712C62318B00E5A69C /* PBXContainerItemProxy */ = {
			isa = PBXContainerItemProxy;
			containerPortal = 2193516A2C62318B00E5A69C /* ActiveLib.xcodeproj */;
			proxyType = 2;
			remoteGlobalIDString = 212A87EF2AE4868C001EAFE7;
			remoteInfo = "ActiveLib-test";
		};
/* End PBXContainerItemProxy section */

/* Begin PBXCopyFilesBuildPhase section */
		2199881D2BD831D60035E5EA /* CopyFiles */ = {
			isa = PBXCopyFilesBuildPhase;
			buildActionMask = 12;
			dstPath = "";
			dstSubfolderSpec = 0;
			files = (
				2199881E2BD833830035E5EA /* libArchicad27.a in CopyFiles */,
			);
			runOnlyForDeploymentPostprocessing = 0;
		};
/* End PBXCopyFilesBuildPhase section */

/* Begin PBXFileReference section */
		210CC86D2C7E879700610F58 /* ArgumentBase.h */ = {isa = PBXFileReference; fileEncoding = 4; lastKnownFileType = sourcecode.c.h; path = ArgumentBase.h; sourceTree = "<group>"; };
		210CC87D2C80CD2A00610F58 /* BridgeChild.h */ = {isa = PBXFileReference; fileEncoding = 4; lastKnownFileType = sourcecode.c.h; path = BridgeChild.h; sourceTree = "<group>"; };
		210CC88D2C81A98500610F58 /* Guid64.h */ = {isa = PBXFileReference; fileEncoding = 4; lastKnownFileType = sourcecode.c.h; path = Guid64.h; sourceTree = "<group>"; };
		210CC88E2C81A98500610F58 /* Guid64.cpp */ = {isa = PBXFileReference; fileEncoding = 4; lastKnownFileType = sourcecode.cpp.cpp; path = Guid64.cpp; sourceTree = "<group>"; };
		210CC8912C81AEBB00610F58 /* Guid32Tests.cpp */ = {isa = PBXFileReference; explicitFileType = sourcecode.cpp.objcpp; fileEncoding = 4; path = Guid32Tests.cpp; sourceTree = "<group>"; };
		210CC89D2C81E34400610F58 /* Platform.cpp */ = {isa = PBXFileReference; fileEncoding = 4; lastKnownFileType = sourcecode.cpp.cpp; path = Platform.cpp; sourceTree = "<group>"; };
		210CC89E2C81E34400610F58 /* Platform.h */ = {isa = PBXFileReference; fileEncoding = 4; lastKnownFileType = sourcecode.c.h; path = Platform.h; sourceTree = "<group>"; };
		212A87EF2AE4868C001EAFE7 /* SpeckleLib-test.xctest */ = {isa = PBXFileReference; explicitFileType = wrapper.cfbundle; includeInIndex = 0; path = "SpeckleLib-test.xctest"; sourceTree = BUILT_PRODUCTS_DIR; };
		21329F472BFA611C00B5C7AF /* README.md */ = {isa = PBXFileReference; lastKnownFileType = net.daringfireball.markdown; path = README.md; sourceTree = "<group>"; };
		21329F632BFD452C00B5C7AF /* Environment.md */ = {isa = PBXFileReference; lastKnownFileType = net.daringfireball.markdown; path = Environment.md; sourceTree = "<group>"; };
		21329F642BFD457000B5C7AF /* Event.md */ = {isa = PBXFileReference; lastKnownFileType = net.daringfireball.markdown; path = Event.md; sourceTree = "<group>"; };
		21379E082AE47A6400A1584C /* libArchicad27.a */ = {isa = PBXFileReference; explicitFileType = archive.ar; includeInIndex = 0; path = libArchicad27.a; sourceTree = BUILT_PRODUCTS_DIR; };
		214EA4C52BA374FD008E5358 /* CMakeLists.txt */ = {isa = PBXFileReference; fileEncoding = 4; lastKnownFileType = text; path = CMakeLists.txt; sourceTree = "<group>"; };
		214EA4C62BA3762D008E5358 /* CMakeLists.txt */ = {isa = PBXFileReference; lastKnownFileType = text; path = CMakeLists.txt; sourceTree = SOURCE_ROOT; };
		215F08512C99DA8D00CD343B /* Project.cpp */ = {isa = PBXFileReference; fileEncoding = 4; lastKnownFileType = sourcecode.cpp.cpp; path = Project.cpp; sourceTree = "<group>"; };
		215F08542C99DA8D00CD343B /* Project.h */ = {isa = PBXFileReference; fileEncoding = 4; lastKnownFileType = sourcecode.c.h; path = Project.h; sourceTree = "<group>"; };
		215F085B2C9AE23200CD343B /* SpeckleResource.h */ = {isa = PBXFileReference; lastKnownFileType = sourcecode.c.h; path = SpeckleResource.h; sourceTree = "<group>"; };
		215F08622C9AE3D200CD343B /* Speckle.grc */ = {isa = PBXFileReference; lastKnownFileType = text; path = Speckle.grc; sourceTree = "<group>"; };
		215F08652C9B006700CD343B /* ProjectEvent.cpp */ = {isa = PBXFileReference; fileEncoding = 4; lastKnownFileType = sourcecode.cpp.cpp; path = ProjectEvent.cpp; sourceTree = "<group>"; };
		215F08782CA18E1400CD343B /* Element.cpp */ = {isa = PBXFileReference; fileEncoding = 4; lastKnownFileType = sourcecode.cpp.cpp; path = Element.cpp; sourceTree = "<group>"; };
		215F08792CA18E1400CD343B /* Element.h */ = {isa = PBXFileReference; fileEncoding = 4; lastKnownFileType = sourcecode.c.h; path = Element.h; sourceTree = "<group>"; };
		215F08872CA195EC00CD343B /* ArchicadDBaseCore.cpp */ = {isa = PBXFileReference; fileEncoding = 4; lastKnownFileType = sourcecode.cpp.cpp; path = ArchicadDBaseCore.cpp; sourceTree = "<group>"; };
		215F08882CA195EC00CD343B /* ArchicadDBaseCore.h */ = {isa = PBXFileReference; fileEncoding = 4; lastKnownFileType = sourcecode.c.h; path = ArchicadDBaseCore.h; sourceTree = "<group>"; };
		215F08892CA195EC00CD343B /* ArchicadElementDBaseEngine.h */ = {isa = PBXFileReference; fileEncoding = 4; lastKnownFileType = sourcecode.c.h; path = ArchicadElementDBaseEngine.h; sourceTree = "<group>"; };
		215F08932CA19AF800CD343B /* BIMElementDatabase.cpp */ = {isa = PBXFileReference; fileEncoding = 4; lastKnownFileType = sourcecode.cpp.cpp; path = BIMElementDatabase.cpp; sourceTree = "<group>"; };
		215F08942CA19AF800CD343B /* BIMElementDatabase.h */ = {isa = PBXFileReference; fileEncoding = 4; lastKnownFileType = sourcecode.c.h; path = BIMElementDatabase.h; sourceTree = "<group>"; };
		2167E2782C4911E2000827D3 /* CMakeLists.txt */ = {isa = PBXFileReference; lastKnownFileType = text; path = CMakeLists.txt; sourceTree = "<group>"; };
		2167E2792C4911EB000827D3 /* CMakeLists.txt */ = {isa = PBXFileReference; lastKnownFileType = text; path = CMakeLists.txt; sourceTree = "<group>"; };
		2167E27C2C49121F000827D3 /* CMakeLists.txt */ = {isa = PBXFileReference; lastKnownFileType = text; path = CMakeLists.txt; sourceTree = "<group>"; };
		218953A32C0C9CB00078F182 /* Version.h */ = {isa = PBXFileReference; fileEncoding = 4; lastKnownFileType = sourcecode.c.h; path = Version.h; sourceTree = "<group>"; };
		219245FA2CA2CC4300CF5703 /* BIMRecord.cpp */ = {isa = PBXFileReference; fileEncoding = 4; lastKnownFileType = sourcecode.cpp.cpp; path = BIMRecord.cpp; sourceTree = "<group>"; };
		219245FD2CA2CC4300CF5703 /* BIMRecord.h */ = {isa = PBXFileReference; fileEncoding = 4; lastKnownFileType = sourcecode.c.h; path = BIMRecord.h; sourceTree = "<group>"; };
		219246002CA2CCD700CF5703 /* BIMRecordID.h */ = {isa = PBXFileReference; lastKnownFileType = sourcecode.c.h; path = BIMRecordID.h; sourceTree = "<group>"; };
		219246012CA2CE2700CF5703 /* BIMLink.h */ = {isa = PBXFileReference; fileEncoding = 4; lastKnownFileType = sourcecode.c.h; path = BIMLink.h; sourceTree = "<group>"; };
		219246022CA2CE2700CF5703 /* BIMLink.cpp */ = {isa = PBXFileReference; fileEncoding = 4; lastKnownFileType = sourcecode.cpp.cpp; path = BIMLink.cpp; sourceTree = "<group>"; };
		219246052CA2CFF000CF5703 /* BIMIndex.h */ = {isa = PBXFileReference; lastKnownFileType = sourcecode.c.h; path = BIMIndex.h; sourceTree = "<group>"; };
		219246072CA2ED2F00CF5703 /* ArchicadElementDBaseEngine.cpp */ = {isa = PBXFileReference; fileEncoding = 4; lastKnownFileType = sourcecode.cpp.cpp; path = ArchicadElementDBaseEngine.cpp; sourceTree = "<group>"; };
		2192460E2CA34DCE00CF5703 /* Mesh.cpp */ = {isa = PBXFileReference; fileEncoding = 4; lastKnownFileType = sourcecode.cpp.cpp; path = Mesh.cpp; sourceTree = "<group>"; };
		2192460F2CA34DCE00CF5703 /* Mesh.h */ = {isa = PBXFileReference; fileEncoding = 4; lastKnownFileType = sourcecode.c.h; path = Mesh.h; sourceTree = "<group>"; };
		2193516A2C62318B00E5A69C /* ActiveLib.xcodeproj */ = {isa = PBXFileReference; lastKnownFileType = "wrapper.pb-project"; name = ActiveLib.xcodeproj; path = ../../ActiveLib/ActiveLib.xcodeproj; sourceTree = "<group>"; };
		219351782C624FC100E5A69C /* MenuSubscriber.cpp */ = {isa = PBXFileReference; fileEncoding = 4; lastKnownFileType = sourcecode.cpp.cpp; path = MenuSubscriber.cpp; sourceTree = "<group>"; };
		219351792C624FC100E5A69C /* MenuSubscriber.h */ = {isa = PBXFileReference; fileEncoding = 4; lastKnownFileType = sourcecode.c.h; path = MenuSubscriber.h; sourceTree = "<group>"; };
		219351892C62655700E5A69C /* MenuEvent.h */ = {isa = PBXFileReference; fileEncoding = 4; lastKnownFileType = sourcecode.c.h; path = MenuEvent.h; sourceTree = "<group>"; };
		219351982C6278D900E5A69C /* SelectionSubscriber.h */ = {isa = PBXFileReference; fileEncoding = 4; lastKnownFileType = sourcecode.c.h; path = SelectionSubscriber.h; sourceTree = "<group>"; };
		219351992C6278D900E5A69C /* SelectionSubscriber.cpp */ = {isa = PBXFileReference; fileEncoding = 4; lastKnownFileType = sourcecode.cpp.cpp; path = SelectionSubscriber.cpp; sourceTree = "<group>"; };
		2193519C2C627E3100E5A69C /* SelectionEvent.h */ = {isa = PBXFileReference; fileEncoding = 4; lastKnownFileType = sourcecode.c.h; path = SelectionEvent.h; sourceTree = "<group>"; };
		219351AC2C62CC1A00E5A69C /* Guid.cpp */ = {isa = PBXFileReference; fileEncoding = 4; lastKnownFileType = sourcecode.cpp.cpp; path = Guid.cpp; sourceTree = "<group>"; };
		219351AD2C62CC1A00E5A69C /* Guid.h */ = {isa = PBXFileReference; fileEncoding = 4; lastKnownFileType = sourcecode.c.h; path = Guid.h; sourceTree = "<group>"; };
		219351AE2C62CC1A00E5A69C /* String.cpp */ = {isa = PBXFileReference; fileEncoding = 4; lastKnownFileType = sourcecode.cpp.cpp; path = String.cpp; sourceTree = "<group>"; };
		219351AF2C62CC1A00E5A69C /* String.h */ = {isa = PBXFileReference; fileEncoding = 4; lastKnownFileType = sourcecode.c.h; path = String.h; sourceTree = "<group>"; };
		2196F2DE2CB0566500450DFC /* LengthUnit.h */ = {isa = PBXFileReference; lastKnownFileType = sourcecode.c.h; path = LengthUnit.h; sourceTree = "<group>"; };
		2196F2E22CB05BAF00450DFC /* LengthUnit.cpp */ = {isa = PBXFileReference; fileEncoding = 4; lastKnownFileType = sourcecode.cpp.cpp; path = LengthUnit.cpp; sourceTree = "<group>"; };
		2196F2E82CB4816B00450DFC /* ArchicadAttributeDBaseEngine.cpp */ = {isa = PBXFileReference; fileEncoding = 4; lastKnownFileType = sourcecode.cpp.cpp; path = ArchicadAttributeDBaseEngine.cpp; sourceTree = "<group>"; };
		2196F2E92CB4816B00450DFC /* ArchicadAttributeDBaseEngine.h */ = {isa = PBXFileReference; fileEncoding = 4; lastKnownFileType = sourcecode.c.h; path = ArchicadAttributeDBaseEngine.h; sourceTree = "<group>"; };
		2196F2ED2CB4823C00450DFC /* Attribute.cpp */ = {isa = PBXFileReference; fileEncoding = 4; lastKnownFileType = sourcecode.cpp.cpp; path = Attribute.cpp; sourceTree = "<group>"; };
		2196F2EE2CB4823C00450DFC /* Attribute.h */ = {isa = PBXFileReference; fileEncoding = 4; lastKnownFileType = sourcecode.c.h; path = Attribute.h; sourceTree = "<group>"; };
		2196F2F22CB483D600450DFC /* Finish.h */ = {isa = PBXFileReference; fileEncoding = 4; lastKnownFileType = sourcecode.c.h; path = Finish.h; sourceTree = "<group>"; };
		2196F2F32CB483D600450DFC /* Finish.cpp */ = {isa = PBXFileReference; fileEncoding = 4; lastKnownFileType = sourcecode.cpp.cpp; path = Finish.cpp; sourceTree = "<group>"; };
		2196F2F62CB51ED400450DFC /* BIMAttributeDatabase.cpp */ = {isa = PBXFileReference; fileEncoding = 4; lastKnownFileType = sourcecode.cpp.cpp; path = BIMAttributeDatabase.cpp; sourceTree = "<group>"; };
		2196F2F72CB51ED400450DFC /* BIMAttributeDatabase.h */ = {isa = PBXFileReference; fileEncoding = 4; lastKnownFileType = sourcecode.c.h; path = BIMAttributeDatabase.h; sourceTree = "<group>"; };
		2196F3022CB57E7F00450DFC /* Storey.h */ = {isa = PBXFileReference; fileEncoding = 4; lastKnownFileType = sourcecode.c.h; path = Storey.h; sourceTree = "<group>"; };
		2196F3032CB57E7F00450DFC /* Storey.cpp */ = {isa = PBXFileReference; fileEncoding = 4; lastKnownFileType = sourcecode.cpp.cpp; path = Storey.cpp; sourceTree = "<group>"; };
		219712682BE7E2D500D9EF7E /* Serialisation.md */ = {isa = PBXFileReference; lastKnownFileType = net.daringfireball.markdown; path = Serialisation.md; sourceTree = "<group>"; };
		21A0FB9F2CB880690023F24E /* FinishCollector.h */ = {isa = PBXFileReference; fileEncoding = 4; lastKnownFileType = sourcecode.c.h; path = FinishCollector.h; sourceTree = "<group>"; };
		21A0FBA92CB9324A0023F24E /* FinishProxy.h */ = {isa = PBXFileReference; lastKnownFileType = sourcecode.c.h; path = FinishProxy.h; sourceTree = "<group>"; };
		21A0FBB42CBA5E380023F24E /* Str256.h */ = {isa = PBXFileReference; fileEncoding = 4; lastKnownFileType = sourcecode.c.h; path = Str256.h; sourceTree = "<group>"; };
		21A0FBB92CBBC04C0023F24E /* ArchicadRGB.h */ = {isa = PBXFileReference; fileEncoding = 4; lastKnownFileType = sourcecode.c.h; path = ArchicadRGB.h; sourceTree = "<group>"; };
		21A0FBDF2CBD6B1A0023F24E /* ColumnSegment.cpp */ = {isa = PBXFileReference; fileEncoding = 4; lastKnownFileType = sourcecode.cpp.cpp; path = ColumnSegment.cpp; sourceTree = "<group>"; };
		21A0FBE22CBD6B1A0023F24E /* ColumnSegment.h */ = {isa = PBXFileReference; fileEncoding = 4; lastKnownFileType = sourcecode.c.h; path = ColumnSegment.h; sourceTree = "<group>"; };
		21A0FBE42CBD6B1A0023F24E /* Part.h */ = {isa = PBXFileReference; fileEncoding = 4; lastKnownFileType = sourcecode.c.h; path = Part.h; sourceTree = "<group>"; };
		21A0FBE82CBD6B1A0023F24E /* Column.cpp */ = {isa = PBXFileReference; fileEncoding = 4; lastKnownFileType = sourcecode.cpp.cpp; path = Column.cpp; sourceTree = "<group>"; };
		21A0FBE92CBD6B1A0023F24E /* Column.h */ = {isa = PBXFileReference; fileEncoding = 4; lastKnownFileType = sourcecode.c.h; path = Column.h; sourceTree = "<group>"; };
		21A0FBF22CBD6B700023F24E /* Memo.h */ = {isa = PBXFileReference; fileEncoding = 4; lastKnownFileType = sourcecode.c.h; path = Memo.h; sourceTree = "<group>"; };
		21A0FBF32CBD6B700023F24E /* Memo.cpp */ = {isa = PBXFileReference; fileEncoding = 4; lastKnownFileType = sourcecode.cpp.cpp; path = Memo.cpp; sourceTree = "<group>"; };
		21A0FBF62CBDB9A70023F24E /* BIMMemory.cpp */ = {isa = PBXFileReference; fileEncoding = 4; lastKnownFileType = sourcecode.cpp.cpp; path = BIMMemory.cpp; sourceTree = "<group>"; };
		21A0FBF72CBDB9A70023F24E /* BIMMemory.h */ = {isa = PBXFileReference; fileEncoding = 4; lastKnownFileType = sourcecode.c.h; path = BIMMemory.h; sourceTree = "<group>"; };
		21A0FBFF2CBE59A80023F24E /* SegmentedColumn.cpp */ = {isa = PBXFileReference; fileEncoding = 4; lastKnownFileType = sourcecode.cpp.cpp; path = SegmentedColumn.cpp; sourceTree = "<group>"; };
		21A0FC002CBE59A80023F24E /* SegmentedColumn.h */ = {isa = PBXFileReference; fileEncoding = 4; lastKnownFileType = sourcecode.c.h; path = SegmentedColumn.h; sourceTree = "<group>"; };
		21A0FC012CBE59A80023F24E /* Path.cpp */ = {isa = PBXFileReference; fileEncoding = 4; lastKnownFileType = sourcecode.cpp.cpp; path = Path.cpp; sourceTree = "<group>"; };
		21A0FC022CBE59A80023F24E /* Path.h */ = {isa = PBXFileReference; fileEncoding = 4; lastKnownFileType = sourcecode.c.h; path = Path.h; sourceTree = "<group>"; };
		21A0FC082CBE5E220023F24E /* Segment.cpp */ = {isa = PBXFileReference; fileEncoding = 4; lastKnownFileType = sourcecode.cpp.cpp; path = Segment.cpp; sourceTree = "<group>"; };
		21A0FC092CBE5E220023F24E /* Segment.h */ = {isa = PBXFileReference; fileEncoding = 4; lastKnownFileType = sourcecode.c.h; path = Segment.h; sourceTree = "<group>"; };
		21A0FC0C2CBE92F10023F24E /* ModelElement.cpp */ = {isa = PBXFileReference; fileEncoding = 4; lastKnownFileType = sourcecode.cpp.cpp; path = ModelElement.cpp; sourceTree = "<group>"; };
		21A0FC0D2CBE92F10023F24E /* ModelElement.h */ = {isa = PBXFileReference; fileEncoding = 4; lastKnownFileType = sourcecode.c.h; path = ModelElement.h; sourceTree = "<group>"; };
		21A0FC102CBEE5C30023F24E /* Part.cpp */ = {isa = PBXFileReference; fileEncoding = 4; lastKnownFileType = sourcecode.cpp.cpp; name = Part.cpp; path = Speckle/Record/Element/Interface/Part.cpp; sourceTree = SOURCE_ROOT; };
		21A890BF2CC171D80087E732 /* ArchicadPropertyDBaseEngine.cpp */ = {isa = PBXFileReference; fileEncoding = 4; lastKnownFileType = sourcecode.cpp.cpp; path = ArchicadPropertyDBaseEngine.cpp; sourceTree = "<group>"; };
		21A890C02CC171D80087E732 /* ArchicadPropertyDBaseEngine.h */ = {isa = PBXFileReference; fileEncoding = 4; lastKnownFileType = sourcecode.c.h; path = ArchicadPropertyDBaseEngine.h; sourceTree = "<group>"; };
		21A890C62CC1B5FF0087E732 /* DrawingElement.cpp */ = {isa = PBXFileReference; fileEncoding = 4; lastKnownFileType = sourcecode.cpp.cpp; path = DrawingElement.cpp; sourceTree = "<group>"; };
		21A890C72CC1B5FF0087E732 /* DrawingElement.h */ = {isa = PBXFileReference; fileEncoding = 4; lastKnownFileType = sourcecode.c.h; path = DrawingElement.h; sourceTree = "<group>"; };
		21A890CA2CC1B87B0087E732 /* GenericDrawingElement.cpp */ = {isa = PBXFileReference; fileEncoding = 4; lastKnownFileType = sourcecode.cpp.cpp; path = GenericDrawingElement.cpp; sourceTree = "<group>"; };
		21A890CB2CC1B87B0087E732 /* GenericDrawingElement.h */ = {isa = PBXFileReference; fileEncoding = 4; lastKnownFileType = sourcecode.c.h; path = GenericDrawingElement.h; sourceTree = "<group>"; };
		21A890CC2CC1B87B0087E732 /* GenericModelElement.h */ = {isa = PBXFileReference; fileEncoding = 4; lastKnownFileType = sourcecode.c.h; path = GenericModelElement.h; sourceTree = "<group>"; };
		21A890CD2CC1B87C0087E732 /* GenericModelElement.cpp */ = {isa = PBXFileReference; fileEncoding = 4; lastKnownFileType = sourcecode.cpp.cpp; path = GenericModelElement.cpp; sourceTree = "<group>"; };
		21AE194A2CC273F1004DBCFC /* Property.cpp */ = {isa = PBXFileReference; fileEncoding = 4; lastKnownFileType = sourcecode.cpp.cpp; path = Property.cpp; sourceTree = "<group>"; };
		21AE194B2CC273F1004DBCFC /* Property.h */ = {isa = PBXFileReference; fileEncoding = 4; lastKnownFileType = sourcecode.c.h; path = Property.h; sourceTree = "<group>"; };
		21AE194C2CC273F1004DBCFC /* Template.cpp */ = {isa = PBXFileReference; fileEncoding = 4; lastKnownFileType = sourcecode.cpp.cpp; path = Template.cpp; sourceTree = "<group>"; };
		21AE194D2CC273F1004DBCFC /* Template.h */ = {isa = PBXFileReference; fileEncoding = 4; lastKnownFileType = sourcecode.c.h; path = Template.h; sourceTree = "<group>"; };
		21AE19552CC27DB3004DBCFC /* Value.cpp */ = {isa = PBXFileReference; fileEncoding = 4; lastKnownFileType = sourcecode.cpp.cpp; path = Value.cpp; sourceTree = "<group>"; };
		21AE19562CC27DB3004DBCFC /* Value.h */ = {isa = PBXFileReference; fileEncoding = 4; lastKnownFileType = sourcecode.c.h; path = Value.h; sourceTree = "<group>"; };
		21AE195F2CC2D358004DBCFC /* Setting.h */ = {isa = PBXFileReference; fileEncoding = 4; lastKnownFileType = sourcecode.c.h; path = Setting.h; sourceTree = "<group>"; };
		21AE19602CC2D358004DBCFC /* Setting.cpp */ = {isa = PBXFileReference; fileEncoding = 4; lastKnownFileType = sourcecode.cpp.cpp; path = Setting.cpp; sourceTree = "<group>"; };
		21AE19632CC2F702004DBCFC /* BIMPropertyDatabase.cpp */ = {isa = PBXFileReference; fileEncoding = 4; lastKnownFileType = sourcecode.cpp.cpp; path = BIMPropertyDatabase.cpp; sourceTree = "<group>"; };
		21AE19642CC2F702004DBCFC /* BIMPropertyDatabase.h */ = {isa = PBXFileReference; fileEncoding = 4; lastKnownFileType = sourcecode.c.h; path = BIMPropertyDatabase.h; sourceTree = "<group>"; };
		21AE19672CC57832004DBCFC /* Propertied.cpp */ = {isa = PBXFileReference; fileEncoding = 4; lastKnownFileType = sourcecode.cpp.cpp; path = Propertied.cpp; sourceTree = "<group>"; };
		21AE19682CC57832004DBCFC /* Propertied.h */ = {isa = PBXFileReference; fileEncoding = 4; lastKnownFileType = sourcecode.c.h; path = Propertied.h; sourceTree = "<group>"; };
		21AE196B2CC64D37004DBCFC /* Classified.cpp */ = {isa = PBXFileReference; fileEncoding = 4; lastKnownFileType = sourcecode.cpp.cpp; path = Classified.cpp; sourceTree = "<group>"; };
		21AE196C2CC64D37004DBCFC /* Classified.h */ = {isa = PBXFileReference; fileEncoding = 4; lastKnownFileType = sourcecode.c.h; path = Classified.h; sourceTree = "<group>"; };
		21AE19762CC7CE1A004DBCFC /* PropsAndClassWrapper.cpp */ = {isa = PBXFileReference; fileEncoding = 4; lastKnownFileType = sourcecode.cpp.cpp; path = PropsAndClassWrapper.cpp; sourceTree = "<group>"; };
		21AE19772CC7CE1A004DBCFC /* PropsAndClassWrapper.h */ = {isa = PBXFileReference; fileEncoding = 4; lastKnownFileType = sourcecode.c.h; path = PropsAndClassWrapper.h; sourceTree = "<group>"; };
		21AE197D2CC7D265004DBCFC /* PropertiedWrapper.cpp */ = {isa = PBXFileReference; fileEncoding = 4; lastKnownFileType = sourcecode.cpp.cpp; path = PropertiedWrapper.cpp; sourceTree = "<group>"; };
		21AE197E2CC7D265004DBCFC /* PropertiedWrapper.h */ = {isa = PBXFileReference; fileEncoding = 4; lastKnownFileType = sourcecode.c.h; path = PropertiedWrapper.h; sourceTree = "<group>"; };
		21AE19812CC7D517004DBCFC /* PropertyWrapper.cpp */ = {isa = PBXFileReference; fileEncoding = 4; lastKnownFileType = sourcecode.cpp.cpp; path = PropertyWrapper.cpp; sourceTree = "<group>"; };
		21AE19822CC7D517004DBCFC /* PropertyWrapper.h */ = {isa = PBXFileReference; fileEncoding = 4; lastKnownFileType = sourcecode.c.h; path = PropertyWrapper.h; sourceTree = "<group>"; };
		21AE19852CC7FF5F004DBCFC /* Group.h */ = {isa = PBXFileReference; fileEncoding = 4; lastKnownFileType = sourcecode.c.h; path = Group.h; sourceTree = "<group>"; };
		21AE19862CC7FF5F004DBCFC /* Group.cpp */ = {isa = PBXFileReference; fileEncoding = 4; lastKnownFileType = sourcecode.cpp.cpp; path = Group.cpp; sourceTree = "<group>"; };
		21AE198D2CC80541004DBCFC /* ArchicadGroupDBaseEngine.h */ = {isa = PBXFileReference; fileEncoding = 4; lastKnownFileType = sourcecode.c.h; path = ArchicadGroupDBaseEngine.h; sourceTree = "<group>"; };
		21AE198E2CC80541004DBCFC /* ArchicadGroupDBaseEngine.cpp */ = {isa = PBXFileReference; fileEncoding = 4; lastKnownFileType = sourcecode.cpp.cpp; path = ArchicadGroupDBaseEngine.cpp; sourceTree = "<group>"; };
		21AE19912CC82866004DBCFC /* BIMGroupDatabase.cpp */ = {isa = PBXFileReference; fileEncoding = 4; lastKnownFileType = sourcecode.cpp.cpp; path = BIMGroupDatabase.cpp; sourceTree = "<group>"; };
		21AE19922CC82866004DBCFC /* BIMGroupDatabase.h */ = {isa = PBXFileReference; fileEncoding = 4; lastKnownFileType = sourcecode.c.h; path = BIMGroupDatabase.h; sourceTree = "<group>"; };
		21AEF9B32CA5F7CF000B8681 /* DetachedWrap.h */ = {isa = PBXFileReference; fileEncoding = 4; lastKnownFileType = sourcecode.c.h; path = DetachedWrap.h; sourceTree = "<group>"; };
		21AEF9B52CA5FA02000B8681 /* DetachedReference.h */ = {isa = PBXFileReference; fileEncoding = 4; lastKnownFileType = sourcecode.c.h; path = DetachedReference.h; sourceTree = "<group>"; };
		21AEF9B72CA5FCB6000B8681 /* DetachmentManager.h */ = {isa = PBXFileReference; fileEncoding = 4; lastKnownFileType = sourcecode.c.h; path = DetachmentManager.h; sourceTree = "<group>"; };
		21AEF9B92CA606B4000B8681 /* DetachedReference.cpp */ = {isa = PBXFileReference; fileEncoding = 4; lastKnownFileType = sourcecode.cpp.cpp; path = DetachedReference.cpp; sourceTree = "<group>"; };
		21AEF9BB2CA6DF84000B8681 /* DetachmentManager.cpp */ = {isa = PBXFileReference; fileEncoding = 4; lastKnownFileType = sourcecode.cpp.cpp; path = DetachmentManager.cpp; sourceTree = "<group>"; };
		21AEF9BD2CA6FDA4000B8681 /* DetachedWrap.cpp */ = {isa = PBXFileReference; fileEncoding = 4; lastKnownFileType = sourcecode.cpp.cpp; path = DetachedWrap.cpp; sourceTree = "<group>"; };
		21AEF9DB2CAAA4EA000B8681 /* DetachedObjectStore.h */ = {isa = PBXFileReference; fileEncoding = 4; lastKnownFileType = sourcecode.c.h; path = DetachedObjectStore.h; sourceTree = "<group>"; };
		21AEF9DF2CAAC2AF000B8681 /* DetachedMemoryStore.h */ = {isa = PBXFileReference; fileEncoding = 4; lastKnownFileType = sourcecode.c.h; path = DetachedMemoryStore.h; sourceTree = "<group>"; };
		21B67CFE2C7CE15100FD64FC /* Exception.h */ = {isa = PBXFileReference; fileEncoding = 4; lastKnownFileType = sourcecode.c.h; path = Exception.h; sourceTree = "<group>"; };
		21B67D092C7E0E8D00FD64FC /* ErrorReport.h */ = {isa = PBXFileReference; fileEncoding = 4; lastKnownFileType = sourcecode.c.h; path = ErrorReport.h; sourceTree = "<group>"; };
		21B67D0C2C7E0E8D00FD64FC /* ErrorReport.cpp */ = {isa = PBXFileReference; fileEncoding = 4; lastKnownFileType = sourcecode.cpp.cpp; path = ErrorReport.cpp; sourceTree = "<group>"; };
		21D0BD1D2C86F0280077E104 /* AccountDatabase.cpp */ = {isa = PBXFileReference; fileEncoding = 4; lastKnownFileType = sourcecode.cpp.cpp; path = AccountDatabase.cpp; sourceTree = "<group>"; };
		21D0BD1E2C86F0280077E104 /* AccountDatabase.h */ = {isa = PBXFileReference; fileEncoding = 4; lastKnownFileType = sourcecode.c.h; path = AccountDatabase.h; sourceTree = "<group>"; };
		21D0BD252C86FC350077E104 /* Record.cpp */ = {isa = PBXFileReference; fileEncoding = 4; lastKnownFileType = sourcecode.cpp.cpp; path = Record.cpp; sourceTree = "<group>"; };
		21D0BD262C86FC350077E104 /* Record.h */ = {isa = PBXFileReference; fileEncoding = 4; lastKnownFileType = sourcecode.c.h; path = Record.h; sourceTree = "<group>"; };
		21D0BD2D2C86FE090077E104 /* Index.h */ = {isa = PBXFileReference; fileEncoding = 4; lastKnownFileType = sourcecode.c.h; path = Index.h; sourceTree = "<group>"; };
		21D0BD2F2C86FE090077E104 /* Link.h */ = {isa = PBXFileReference; fileEncoding = 4; lastKnownFileType = sourcecode.c.h; path = Link.h; sourceTree = "<group>"; };
		21D0BD4B2C8901A00077E104 /* ServerInfo.h */ = {isa = PBXFileReference; fileEncoding = 4; lastKnownFileType = sourcecode.c.h; path = ServerInfo.h; sourceTree = "<group>"; };
		21D0BD4C2C8901A00077E104 /* ServerInfo.cpp */ = {isa = PBXFileReference; fileEncoding = 4; lastKnownFileType = sourcecode.cpp.cpp; path = ServerInfo.cpp; sourceTree = "<group>"; };
		21D0BD512C890B1C0077E104 /* ServerMigration.cpp */ = {isa = PBXFileReference; fileEncoding = 4; lastKnownFileType = sourcecode.cpp.cpp; path = ServerMigration.cpp; sourceTree = "<group>"; };
		21D0BD542C890B1C0077E104 /* ServerMigration.h */ = {isa = PBXFileReference; fileEncoding = 4; lastKnownFileType = sourcecode.c.h; path = ServerMigration.h; sourceTree = "<group>"; };
		21D0BD572C8910400077E104 /* UserInfo.cpp */ = {isa = PBXFileReference; fileEncoding = 4; lastKnownFileType = sourcecode.cpp.cpp; path = UserInfo.cpp; sourceTree = "<group>"; };
		21D0BD582C8910400077E104 /* UserInfo.h */ = {isa = PBXFileReference; fileEncoding = 4; lastKnownFileType = sourcecode.c.h; path = UserInfo.h; sourceTree = "<group>"; };
		21D0BDAC2C8F8AB60077E104 /* DocumentStoreCore.cpp */ = {isa = PBXFileReference; fileEncoding = 4; lastKnownFileType = sourcecode.cpp.cpp; path = DocumentStoreCore.cpp; sourceTree = "<group>"; };
		21D0BDAD2C8F8AB60077E104 /* DocumentStoreCore.h */ = {isa = PBXFileReference; fileEncoding = 4; lastKnownFileType = sourcecode.c.h; path = DocumentStoreCore.h; sourceTree = "<group>"; };
		21D0BDAE2C8F8AB60077E104 /* DocumentStoreEngine.h */ = {isa = PBXFileReference; fileEncoding = 4; lastKnownFileType = sourcecode.c.h; path = DocumentStoreEngine.h; sourceTree = "<group>"; };
		21D0BDBA2C90F2830077E104 /* DocStoreSubscriber.h */ = {isa = PBXFileReference; fileEncoding = 4; lastKnownFileType = sourcecode.c.h; path = DocStoreSubscriber.h; sourceTree = "<group>"; };
		21D0BDBB2C90F2830077E104 /* DocStoreSubscriber.cpp */ = {isa = PBXFileReference; fileEncoding = 4; lastKnownFileType = sourcecode.cpp.cpp; path = DocStoreSubscriber.cpp; sourceTree = "<group>"; };
		21D0BDBE2C90F36B0077E104 /* DocStoreMergeEvent.h */ = {isa = PBXFileReference; fileEncoding = 4; lastKnownFileType = sourcecode.c.h; path = DocStoreMergeEvent.h; sourceTree = "<group>"; };
		21D0BDC22C9241940077E104 /* ProjectSubscriber.cpp */ = {isa = PBXFileReference; fileEncoding = 4; lastKnownFileType = sourcecode.cpp.cpp; path = ProjectSubscriber.cpp; sourceTree = "<group>"; };
		21D0BDC32C9241940077E104 /* ProjectSubscriber.h */ = {isa = PBXFileReference; fileEncoding = 4; lastKnownFileType = sourcecode.c.h; path = ProjectSubscriber.h; sourceTree = "<group>"; };
		21D0BDC62C9245E40077E104 /* ProjectEvent.h */ = {isa = PBXFileReference; fileEncoding = 4; lastKnownFileType = sourcecode.c.h; path = ProjectEvent.h; sourceTree = "<group>"; };
		21D0BDE42C943D3F0077E104 /* RecordID.h */ = {isa = PBXFileReference; fileEncoding = 4; lastKnownFileType = sourcecode.c.h; path = RecordID.h; sourceTree = "<group>"; };
		21F69F012C66C229008B6A06 /* Doxyfile */ = {isa = PBXFileReference; lastKnownFileType = text; name = Doxyfile; path = Documentation/Doxyfile; sourceTree = "<group>"; };
		21F69F192C6A0FE2008B6A06 /* JSBinding.h */ = {isa = PBXFileReference; fileEncoding = 4; lastKnownFileType = sourcecode.c.h; path = JSBinding.h; sourceTree = "<group>"; };
		21F69F352C6AA9B3008B6A06 /* JSFunction.h */ = {isa = PBXFileReference; lastKnownFileType = sourcecode.c.h; path = JSFunction.h; sourceTree = "<group>"; };
		21F69F362C6AA9B3008B6A06 /* JSObject.h */ = {isa = PBXFileReference; lastKnownFileType = sourcecode.c.h; path = JSObject.h; sourceTree = "<group>"; };
		21F69F382C6B880B008B6A06 /* JSBaseTransport.cpp */ = {isa = PBXFileReference; fileEncoding = 4; lastKnownFileType = sourcecode.cpp.cpp; path = JSBaseTransport.cpp; sourceTree = "<group>"; };
		21F69F392C6B880B008B6A06 /* JSBaseTransport.h */ = {isa = PBXFileReference; fileEncoding = 4; lastKnownFileType = sourcecode.c.h; path = JSBaseTransport.h; sourceTree = "<group>"; };
		21F69F432C6BF202008B6A06 /* NamedFunction.h */ = {isa = PBXFileReference; lastKnownFileType = sourcecode.c.h; path = NamedFunction.h; sourceTree = "<group>"; };
		21F69F492C6CC2B8008B6A06 /* Functional.h */ = {isa = PBXFileReference; lastKnownFileType = sourcecode.c.h; path = Functional.h; sourceTree = "<group>"; };
		21F69F4A2C6CCC25008B6A06 /* BrowserBridge.cpp */ = {isa = PBXFileReference; fileEncoding = 4; lastKnownFileType = sourcecode.cpp.cpp; path = BrowserBridge.cpp; sourceTree = "<group>"; };
		21F69F4B2C6CCC25008B6A06 /* BrowserBridge.h */ = {isa = PBXFileReference; fileEncoding = 4; lastKnownFileType = sourcecode.c.h; path = BrowserBridge.h; sourceTree = "<group>"; };
		21F69F4D2C6CCC25008B6A06 /* BridgeArgument.h */ = {isa = PBXFileReference; fileEncoding = 4; lastKnownFileType = sourcecode.c.h; path = BridgeArgument.h; sourceTree = "<group>"; };
		21F69F4F2C6CCC25008B6A06 /* BridgeMethod.h */ = {isa = PBXFileReference; fileEncoding = 4; lastKnownFileType = sourcecode.c.h; path = BridgeMethod.h; sourceTree = "<group>"; };
		21F69F572C6CDAEE008B6A06 /* GetBindingsMethodNames.h */ = {isa = PBXFileReference; lastKnownFileType = sourcecode.c.h; path = GetBindingsMethodNames.h; sourceTree = "<group>"; };
		21F69F602C6D0286008B6A06 /* GetBindingsMethodNames.cpp */ = {isa = PBXFileReference; fileEncoding = 4; lastKnownFileType = sourcecode.cpp.cpp; path = GetBindingsMethodNames.cpp; sourceTree = "<group>"; };
		21F69F652C6DFB01008B6A06 /* RunMethod.h */ = {isa = PBXFileReference; fileEncoding = 4; lastKnownFileType = sourcecode.c.h; path = RunMethod.h; sourceTree = "<group>"; };
		21F69F662C6DFB01008B6A06 /* RunMethod.cpp */ = {isa = PBXFileReference; fileEncoding = 4; lastKnownFileType = sourcecode.cpp.cpp; path = RunMethod.cpp; sourceTree = "<group>"; };
		21F69F692C6E0D59008B6A06 /* BridgeArgumentWrap.h */ = {isa = PBXFileReference; lastKnownFileType = sourcecode.c.h; path = BridgeArgumentWrap.h; sourceTree = "<group>"; };
		21F69F6A2C6E61E1008B6A06 /* JSPortal.h */ = {isa = PBXFileReference; lastKnownFileType = sourcecode.c.h; path = JSPortal.h; sourceTree = "<group>"; };
		21F69F6D2C6E7D9F008B6A06 /* PlatformBinding.h */ = {isa = PBXFileReference; lastKnownFileType = sourcecode.c.h; path = PlatformBinding.h; sourceTree = "<group>"; };
		21F69F7A2C6FD9FC008B6A06 /* GetCallResult.cpp */ = {isa = PBXFileReference; fileEncoding = 4; lastKnownFileType = sourcecode.cpp.cpp; path = GetCallResult.cpp; sourceTree = "<group>"; };
		21F69F7D2C6FD9FC008B6A06 /* GetCallResult.h */ = {isa = PBXFileReference; fileEncoding = 4; lastKnownFileType = sourcecode.c.h; path = GetCallResult.h; sourceTree = "<group>"; };
		21F69F802C6FF3B0008B6A06 /* BridgeArgumentWrap.cpp */ = {isa = PBXFileReference; fileEncoding = 4; lastKnownFileType = sourcecode.cpp.cpp; path = BridgeArgumentWrap.cpp; sourceTree = "<group>"; };
		21F69F822C701A8E008B6A06 /* BridgeMethodBase.h */ = {isa = PBXFileReference; lastKnownFileType = sourcecode.c.h; path = BridgeMethodBase.h; sourceTree = "<group>"; };
		21F69F922C71087A008B6A06 /* Account.cpp */ = {isa = PBXFileReference; fileEncoding = 4; lastKnownFileType = sourcecode.cpp.cpp; path = Account.cpp; sourceTree = "<group>"; };
		21F69F932C71087A008B6A06 /* Account.h */ = {isa = PBXFileReference; fileEncoding = 4; lastKnownFileType = sourcecode.c.h; path = Account.h; sourceTree = "<group>"; };
		21F69FA52C733EDA008B6A06 /* BridgeArgument.cpp */ = {isa = PBXFileReference; fileEncoding = 4; lastKnownFileType = sourcecode.cpp.cpp; path = BridgeArgument.cpp; sourceTree = "<group>"; };
		21F93AE92B2F406D009A2C5B /* Addon.h */ = {isa = PBXFileReference; fileEncoding = 4; lastKnownFileType = sourcecode.c.h; path = Addon.h; sourceTree = "<group>"; };
		21F93AEA2B2F406D009A2C5B /* Addon.cpp */ = {isa = PBXFileReference; fileEncoding = 4; lastKnownFileType = sourcecode.cpp.cpp; path = Addon.cpp; sourceTree = "<group>"; };
/* End PBXFileReference section */

/* Begin PBXFrameworksBuildPhase section */
		212A87EC2AE4868C001EAFE7 /* Frameworks */ = {
			isa = PBXFrameworksBuildPhase;
			buildActionMask = 2147483647;
			files = (
				212A88132AE48821001EAFE7 /* libArchicad27.a in Frameworks */,
			);
			runOnlyForDeploymentPostprocessing = 0;
		};
		21379E062AE47A6400A1584C /* Frameworks */ = {
			isa = PBXFrameworksBuildPhase;
			buildActionMask = 2147483647;
			files = (
			);
			runOnlyForDeploymentPostprocessing = 0;
		};
/* End PBXFrameworksBuildPhase section */

/* Begin PBXGroup section */
		212A83422AE47AD9001EAFE7 /* Speckle */ = {
			isa = PBXGroup;
			children = (
				214EA4C52BA374FD008E5358 /* CMakeLists.txt */,
				21D0BD1F2C86F0280077E104 /* Database */,
				21F93AE82B2F406D009A2C5B /* Environment */,
				21F93ACC2B2B67FC009A2C5B /* Event */,
				21F69F1B2C6A0FE2008B6A06 /* Interface */,
				219246112CA34DCE00CF5703 /* Primitive */,
				21F69F952C71087A008B6A06 /* Record */,
				212A834E2AE47AD9001EAFE7 /* Serialise */,
				215F085B2C9AE23200CD343B /* SpeckleResource.h */,
				219351B02C62CC1A00E5A69C /* Utility */,
				218953A32C0C9CB00078F182 /* Version.h */,
			);
			path = Speckle;
			sourceTree = "<group>";
		};
		212A834E2AE47AD9001EAFE7 /* Serialise */ = {
			isa = PBXGroup;
			children = (
				2167E27C2C49121F000827D3 /* CMakeLists.txt */,
				21A0FBA02CB880690023F24E /* Collection */,
				21AEF9C72CA818EA000B8681 /* Detached */,
				21F69F3A2C6B880B008B6A06 /* JSBase */,
				219712682BE7E2D500D9EF7E /* Serialisation.md */,
				21A0FBB12CBA5E0E0023F24E /* Types */,
			);
			path = Serialise;
			sourceTree = "<group>";
		};
		21379DFF2AE47A6400A1584C = {
			isa = PBXGroup;
			children = (
				2193516A2C62318B00E5A69C /* ActiveLib.xcodeproj */,
				214EA4C62BA3762D008E5358 /* CMakeLists.txt */,
				21F69F012C66C229008B6A06 /* Doxyfile */,
				21379E092AE47A6400A1584C /* Products */,
				21329F472BFA611C00B5C7AF /* README.md */,
				215F08612C9AE3D200CD343B /* RINT */,
				212A83422AE47AD9001EAFE7 /* Speckle */,
				219987FA2BD708BC0035E5EA /* SpeckleLibDoctest */,
			);
			sourceTree = "<group>";
		};
		21379E092AE47A6400A1584C /* Products */ = {
			isa = PBXGroup;
			children = (
				21379E082AE47A6400A1584C /* libArchicad27.a */,
				212A87EF2AE4868C001EAFE7 /* SpeckleLib-test.xctest */,
			);
			name = Products;
			sourceTree = "<group>";
		};
		215F08612C9AE3D200CD343B /* RINT */ = {
			isa = PBXGroup;
			children = (
				215F08622C9AE3D200CD343B /* Speckle.grc */,
			);
			path = RINT;
			sourceTree = SOURCE_ROOT;
		};
		215F087A2CA18E1400CD343B /* Element */ = {
			isa = PBXGroup;
			children = (
				21A0FBE82CBD6B1A0023F24E /* Column.cpp */,
				21A0FBE92CBD6B1A0023F24E /* Column.h */,
				21A0FBDF2CBD6B1A0023F24E /* ColumnSegment.cpp */,
				21A0FBE22CBD6B1A0023F24E /* ColumnSegment.h */,
				21A890C62CC1B5FF0087E732 /* DrawingElement.cpp */,
				21A890C72CC1B5FF0087E732 /* DrawingElement.h */,
				215F08782CA18E1400CD343B /* Element.cpp */,
				215F08792CA18E1400CD343B /* Element.h */,
				21A890CA2CC1B87B0087E732 /* GenericDrawingElement.cpp */,
				21A890CB2CC1B87B0087E732 /* GenericDrawingElement.h */,
				21A890CD2CC1B87C0087E732 /* GenericModelElement.cpp */,
				21A890CC2CC1B87B0087E732 /* GenericModelElement.h */,
				21A0FC0C2CBE92F10023F24E /* ModelElement.cpp */,
				21A0FC0D2CBE92F10023F24E /* ModelElement.h */,
				21A0FBE72CBD6B1A0023F24E /* Interface */,
				21A0FBF32CBD6B700023F24E /* Memo.cpp */,
				21A0FBF22CBD6B700023F24E /* Memo.h */,
			);
			path = Element;
			sourceTree = "<group>";
		};
		215F088A2CA195EC00CD343B /* ArchicadDBase */ = {
			isa = PBXGroup;
			children = (
				215F08872CA195EC00CD343B /* ArchicadDBaseCore.cpp */,
				215F08882CA195EC00CD343B /* ArchicadDBaseCore.h */,
				2196F2EA2CB4816B00450DFC /* Attribute */,
				219246062CA2D22D00CF5703 /* Element */,
				21A890C12CC171D80087E732 /* Property */,
			);
			path = ArchicadDBase;
			sourceTree = "<group>";
		};
		218953A92C0F29FB0078F182 /* EventTests */ = {
			isa = PBXGroup;
			children = (
			);
			name = EventTests;
			sourceTree = "<group>";
		};
		219246062CA2D22D00CF5703 /* Element */ = {
			isa = PBXGroup;
			children = (
				219246072CA2ED2F00CF5703 /* ArchicadElementDBaseEngine.cpp */,
				215F08892CA195EC00CD343B /* ArchicadElementDBaseEngine.h */,
			);
			path = Element;
			sourceTree = "<group>";
		};
		219246102CA34DCE00CF5703 /* Mesh */ = {
			isa = PBXGroup;
			children = (
				2192460E2CA34DCE00CF5703 /* Mesh.cpp */,
				2192460F2CA34DCE00CF5703 /* Mesh.h */,
			);
			path = Mesh;
			sourceTree = "<group>";
		};
		219246112CA34DCE00CF5703 /* Primitive */ = {
			isa = PBXGroup;
			children = (
				219246102CA34DCE00CF5703 /* Mesh */,
			);
			path = Primitive;
			sourceTree = "<group>";
		};
		2193516B2C62318B00E5A69C /* Products */ = {
			isa = PBXGroup;
			children = (
				219351702C62318B00E5A69C /* libActiveLib.a */,
				219351722C62318B00E5A69C /* ActiveLib-test.xctest */,
			);
			name = Products;
			sourceTree = "<group>";
		};
		2193517A2C624FC100E5A69C /* Subscriber */ = {
			isa = PBXGroup;
			children = (
				21D0BDBB2C90F2830077E104 /* DocStoreSubscriber.cpp */,
				21D0BDBA2C90F2830077E104 /* DocStoreSubscriber.h */,
				219351782C624FC100E5A69C /* MenuSubscriber.cpp */,
				219351792C624FC100E5A69C /* MenuSubscriber.h */,
				21D0BDC22C9241940077E104 /* ProjectSubscriber.cpp */,
				21D0BDC32C9241940077E104 /* ProjectSubscriber.h */,
				219351992C6278D900E5A69C /* SelectionSubscriber.cpp */,
				219351982C6278D900E5A69C /* SelectionSubscriber.h */,
			);
			path = Subscriber;
			sourceTree = "<group>";
		};
		2193518A2C62655700E5A69C /* Type */ = {
			isa = PBXGroup;
			children = (
				21D0BDBE2C90F36B0077E104 /* DocStoreMergeEvent.h */,
				219351892C62655700E5A69C /* MenuEvent.h */,
				215F08652C9B006700CD343B /* ProjectEvent.cpp */,
				21D0BDC62C9245E40077E104 /* ProjectEvent.h */,
				2193519C2C627E3100E5A69C /* SelectionEvent.h */,
			);
			path = Type;
			sourceTree = "<group>";
		};
		219351B02C62CC1A00E5A69C /* Utility */ = {
			isa = PBXGroup;
			children = (
				21A0FBF62CBDB9A70023F24E /* BIMMemory.cpp */,
				21A0FBF72CBDB9A70023F24E /* BIMMemory.h */,
				21B67CFE2C7CE15100FD64FC /* Exception.h */,
				219351AC2C62CC1A00E5A69C /* Guid.cpp */,
				219351AD2C62CC1A00E5A69C /* Guid.h */,
				210CC88E2C81A98500610F58 /* Guid64.cpp */,
				210CC88D2C81A98500610F58 /* Guid64.h */,
				219351AE2C62CC1A00E5A69C /* String.cpp */,
				219351AF2C62CC1A00E5A69C /* String.h */,
			);
			path = Utility;
			sourceTree = "<group>";
		};
		2196F2DF2CB0566500450DFC /* Units */ = {
			isa = PBXGroup;
			children = (
				2196F2E22CB05BAF00450DFC /* LengthUnit.cpp */,
				2196F2DE2CB0566500450DFC /* LengthUnit.h */,
			);
			path = Units;
			sourceTree = "<group>";
		};
		2196F2EA2CB4816B00450DFC /* Attribute */ = {
			isa = PBXGroup;
			children = (
				2196F2E82CB4816B00450DFC /* ArchicadAttributeDBaseEngine.cpp */,
				2196F2E92CB4816B00450DFC /* ArchicadAttributeDBaseEngine.h */,
			);
			path = Attribute;
			sourceTree = "<group>";
		};
		2196F2EF2CB4823C00450DFC /* Attribute */ = {
			isa = PBXGroup;
			children = (
				2196F2ED2CB4823C00450DFC /* Attribute.cpp */,
				2196F2EE2CB4823C00450DFC /* Attribute.h */,
				2196F2F32CB483D600450DFC /* Finish.cpp */,
				2196F2F22CB483D600450DFC /* Finish.h */,
				2196F3032CB57E7F00450DFC /* Storey.cpp */,
				2196F3022CB57E7F00450DFC /* Storey.h */,
			);
			path = Attribute;
			sourceTree = "<group>";
		};
		219987FA2BD708BC0035E5EA /* SpeckleLibDoctest */ = {
			isa = PBXGroup;
			children = (
				210CC8912C81AEBB00610F58 /* Guid32Tests.cpp */,
				218953A92C0F29FB0078F182 /* EventTests */,
			);
			path = SpeckleLibDoctest;
			sourceTree = "<group>";
		};
		21A0FBA02CB880690023F24E /* Collection */ = {
			isa = PBXGroup;
			children = (
				21A0FB9F2CB880690023F24E /* FinishCollector.h */,
				21A0FBA92CB9324A0023F24E /* FinishProxy.h */,
			);
			path = Collection;
			sourceTree = "<group>";
		};
		21A0FBB12CBA5E0E0023F24E /* Types */ = {
			isa = PBXGroup;
			children = (
				21A0FBB92CBBC04C0023F24E /* ArchicadRGB.h */,
				21A0FBB42CBA5E380023F24E /* Str256.h */,
				2196F2DF2CB0566500450DFC /* Units */,
			);
			path = Types;
			sourceTree = "<group>";
		};
		21A0FBE72CBD6B1A0023F24E /* Interface */ = {
			isa = PBXGroup;
			children = (
				21A0FC032CBE59A80023F24E /* Assembly */,
				21A0FC102CBEE5C30023F24E /* Part.cpp */,
				21A0FBE42CBD6B1A0023F24E /* Part.h */,
				21A0FBFF2CBE59A80023F24E /* SegmentedColumn.cpp */,
				21A0FC002CBE59A80023F24E /* SegmentedColumn.h */,
			);
			path = Interface;
			sourceTree = "<group>";
		};
		21A0FC032CBE59A80023F24E /* Assembly */ = {
			isa = PBXGroup;
			children = (
				21A0FC012CBE59A80023F24E /* Path.cpp */,
				21A0FC022CBE59A80023F24E /* Path.h */,
				21A0FC082CBE5E220023F24E /* Segment.cpp */,
				21A0FC092CBE5E220023F24E /* Segment.h */,
			);
			path = Assembly;
			sourceTree = "<group>";
		};
		21A890C12CC171D80087E732 /* Property */ = {
			isa = PBXGroup;
			children = (
				21AE198E2CC80541004DBCFC /* ArchicadGroupDBaseEngine.cpp */,
				21AE198D2CC80541004DBCFC /* ArchicadGroupDBaseEngine.h */,
				21A890BF2CC171D80087E732 /* ArchicadPropertyDBaseEngine.cpp */,
				21A890C02CC171D80087E732 /* ArchicadPropertyDBaseEngine.h */,
			);
			path = Property;
			sourceTree = "<group>";
		};
		21AE194E2CC273F1004DBCFC /* Property */ = {
			isa = PBXGroup;
			children = (
				21AE19862CC7FF5F004DBCFC /* Group.cpp */,
				21AE19852CC7FF5F004DBCFC /* Group.h */,
				21AE19672CC57832004DBCFC /* Propertied.cpp */,
				21AE19682CC57832004DBCFC /* Propertied.h */,
				21AE194A2CC273F1004DBCFC /* Property.cpp */,
				21AE194B2CC273F1004DBCFC /* Property.h */,
				21AE19602CC2D358004DBCFC /* Setting.cpp */,
				21AE195F2CC2D358004DBCFC /* Setting.h */,
				21AE194C2CC273F1004DBCFC /* Template.cpp */,
				21AE194D2CC273F1004DBCFC /* Template.h */,
				21AE19552CC27DB3004DBCFC /* Value.cpp */,
				21AE19562CC27DB3004DBCFC /* Value.h */,
				21AE19782CC7CE1A004DBCFC /* Wrapper */,
			);
			path = Property;
			sourceTree = "<group>";
		};
		21AE196D2CC64D37004DBCFC /* Classification */ = {
			isa = PBXGroup;
			children = (
				21AE196B2CC64D37004DBCFC /* Classified.cpp */,
				21AE196C2CC64D37004DBCFC /* Classified.h */,
			);
			path = Classification;
			sourceTree = "<group>";
		};
		21AE19782CC7CE1A004DBCFC /* Wrapper */ = {
			isa = PBXGroup;
			children = (
				21AE197D2CC7D265004DBCFC /* PropertiedWrapper.cpp */,
				21AE197E2CC7D265004DBCFC /* PropertiedWrapper.h */,
				21AE19812CC7D517004DBCFC /* PropertyWrapper.cpp */,
				21AE19822CC7D517004DBCFC /* PropertyWrapper.h */,
				21AE19762CC7CE1A004DBCFC /* PropsAndClassWrapper.cpp */,
				21AE19772CC7CE1A004DBCFC /* PropsAndClassWrapper.h */,
			);
			path = Wrapper;
			sourceTree = "<group>";
		};
		21AEF9C72CA818EA000B8681 /* Detached */ = {
			isa = PBXGroup;
			children = (
				21AEF9B92CA606B4000B8681 /* DetachedReference.cpp */,
				21AEF9B52CA5FA02000B8681 /* DetachedReference.h */,
				21AEF9BD2CA6FDA4000B8681 /* DetachedWrap.cpp */,
				21AEF9B32CA5F7CF000B8681 /* DetachedWrap.h */,
				21AEF9BB2CA6DF84000B8681 /* DetachmentManager.cpp */,
				21AEF9B72CA5FCB6000B8681 /* DetachmentManager.h */,
				21AEF9DE2CAAA78A000B8681 /* Storage */,
			);
			path = Detached;
			sourceTree = "<group>";
		};
		21AEF9DE2CAAA78A000B8681 /* Storage */ = {
			isa = PBXGroup;
			children = (
				21AEF9DB2CAAA4EA000B8681 /* DetachedObjectStore.h */,
				21AEF9DF2CAAC2AF000B8681 /* DetachedMemoryStore.h */,
			);
			path = Storage;
			sourceTree = "<group>";
		};
		21D0BD1F2C86F0280077E104 /* Database */ = {
			isa = PBXGroup;
			children = (
				21D0BD1D2C86F0280077E104 /* AccountDatabase.cpp */,
				21D0BD1E2C86F0280077E104 /* AccountDatabase.h */,
				2196F2F62CB51ED400450DFC /* BIMAttributeDatabase.cpp */,
				2196F2F72CB51ED400450DFC /* BIMAttributeDatabase.h */,
				215F08932CA19AF800CD343B /* BIMElementDatabase.cpp */,
				215F08942CA19AF800CD343B /* BIMElementDatabase.h */,
				21AE19912CC82866004DBCFC /* BIMGroupDatabase.cpp */,
				21AE19922CC82866004DBCFC /* BIMGroupDatabase.h */,
				21AE19632CC2F702004DBCFC /* BIMPropertyDatabase.cpp */,
				21AE19642CC2F702004DBCFC /* BIMPropertyDatabase.h */,
				21D0BD272C86FC350077E104 /* Content */,
				21D0BD302C86FE090077E104 /* Identity */,
				21D0BDB02C8F8AB60077E104 /* Storage */,
			);
			path = Database;
			sourceTree = "<group>";
		};
		21D0BD272C86FC350077E104 /* Content */ = {
			isa = PBXGroup;
			children = (
				219245FA2CA2CC4300CF5703 /* BIMRecord.cpp */,
				219245FD2CA2CC4300CF5703 /* BIMRecord.h */,
				21D0BD252C86FC350077E104 /* Record.cpp */,
				21D0BD262C86FC350077E104 /* Record.h */,
			);
			path = Content;
			sourceTree = "<group>";
		};
		21D0BD302C86FE090077E104 /* Identity */ = {
			isa = PBXGroup;
			children = (
				219246052CA2CFF000CF5703 /* BIMIndex.h */,
				219246022CA2CE2700CF5703 /* BIMLink.cpp */,
				219246012CA2CE2700CF5703 /* BIMLink.h */,
				219246002CA2CCD700CF5703 /* BIMRecordID.h */,
				21D0BD2D2C86FE090077E104 /* Index.h */,
				21D0BD2F2C86FE090077E104 /* Link.h */,
				21D0BDE42C943D3F0077E104 /* RecordID.h */,
			);
			path = Identity;
			sourceTree = "<group>";
		};
		21D0BDAF2C8F8AB60077E104 /* DocumentStore */ = {
			isa = PBXGroup;
			children = (
				21D0BDAC2C8F8AB60077E104 /* DocumentStoreCore.cpp */,
				21D0BDAD2C8F8AB60077E104 /* DocumentStoreCore.h */,
				21D0BDAE2C8F8AB60077E104 /* DocumentStoreEngine.h */,
			);
			path = DocumentStore;
			sourceTree = "<group>";
		};
		21D0BDB02C8F8AB60077E104 /* Storage */ = {
			isa = PBXGroup;
			children = (
				215F088A2CA195EC00CD343B /* ArchicadDBase */,
				21D0BDAF2C8F8AB60077E104 /* DocumentStore */,
			);
			path = Storage;
			sourceTree = "<group>";
		};
		21F69F1A2C6A0FE2008B6A06 /* Browser */ = {
			isa = PBXGroup;
			children = (
				21F69F502C6CCC25008B6A06 /* Bridge */,
				21F69F492C6CC2B8008B6A06 /* Functional.h */,
				21F69F192C6A0FE2008B6A06 /* JSBinding.h */,
				21F69F352C6AA9B3008B6A06 /* JSFunction.h */,
				21F69F362C6AA9B3008B6A06 /* JSObject.h */,
				21F69F6A2C6E61E1008B6A06 /* JSPortal.h */,
				21F69F432C6BF202008B6A06 /* NamedFunction.h */,
				21F69F6D2C6E7D9F008B6A06 /* PlatformBinding.h */,
			);
			path = Browser;
			sourceTree = "<group>";
		};
		21F69F1B2C6A0FE2008B6A06 /* Interface */ = {
			isa = PBXGroup;
			children = (
				21F69F1A2C6A0FE2008B6A06 /* Browser */,
			);
			path = Interface;
			sourceTree = "<group>";
		};
		21F69F3A2C6B880B008B6A06 /* JSBase */ = {
			isa = PBXGroup;
			children = (
				21F69F382C6B880B008B6A06 /* JSBaseTransport.cpp */,
				21F69F392C6B880B008B6A06 /* JSBaseTransport.h */,
			);
			path = JSBase;
			sourceTree = "<group>";
		};
		21F69F502C6CCC25008B6A06 /* Bridge */ = {
			isa = PBXGroup;
			children = (
				21F69F4A2C6CCC25008B6A06 /* BrowserBridge.cpp */,
				21F69F4B2C6CCC25008B6A06 /* BrowserBridge.h */,
				21F69F582C6CDAEE008B6A06 /* Functions */,
				210CC86D2C7E879700610F58 /* ArgumentBase.h */,
				21F69FA52C733EDA008B6A06 /* BridgeArgument.cpp */,
				21F69F4D2C6CCC25008B6A06 /* BridgeArgument.h */,
				21F69F802C6FF3B0008B6A06 /* BridgeArgumentWrap.cpp */,
				21F69F692C6E0D59008B6A06 /* BridgeArgumentWrap.h */,
				210CC87D2C80CD2A00610F58 /* BridgeChild.h */,
				21F69F4F2C6CCC25008B6A06 /* BridgeMethod.h */,
				21F69F822C701A8E008B6A06 /* BridgeMethodBase.h */,
			);
			path = Bridge;
			sourceTree = "<group>";
		};
		21F69F582C6CDAEE008B6A06 /* Functions */ = {
			isa = PBXGroup;
			children = (
				21B67D0C2C7E0E8D00FD64FC /* ErrorReport.cpp */,
				21B67D092C7E0E8D00FD64FC /* ErrorReport.h */,
				21F69F602C6D0286008B6A06 /* GetBindingsMethodNames.cpp */,
				21F69F572C6CDAEE008B6A06 /* GetBindingsMethodNames.h */,
				21F69F7A2C6FD9FC008B6A06 /* GetCallResult.cpp */,
				21F69F7D2C6FD9FC008B6A06 /* GetCallResult.h */,
				21F69F662C6DFB01008B6A06 /* RunMethod.cpp */,
				21F69F652C6DFB01008B6A06 /* RunMethod.h */,
			);
			path = Functions;
			sourceTree = "<group>";
		};
		21F69F942C71087A008B6A06 /* Credentials */ = {
			isa = PBXGroup;
			children = (
				21F69F922C71087A008B6A06 /* Account.cpp */,
				21F69F932C71087A008B6A06 /* Account.h */,
				21D0BD4C2C8901A00077E104 /* ServerInfo.cpp */,
				21D0BD4B2C8901A00077E104 /* ServerInfo.h */,
				21D0BD512C890B1C0077E104 /* ServerMigration.cpp */,
				21D0BD542C890B1C0077E104 /* ServerMigration.h */,
				21D0BD572C8910400077E104 /* UserInfo.cpp */,
				21D0BD582C8910400077E104 /* UserInfo.h */,
			);
			path = Credentials;
			sourceTree = "<group>";
		};
		21F69F952C71087A008B6A06 /* Record */ = {
			isa = PBXGroup;
			children = (
				2196F2EF2CB4823C00450DFC /* Attribute */,
				21AE196D2CC64D37004DBCFC /* Classification */,
				21F69F942C71087A008B6A06 /* Credentials */,
				215F087A2CA18E1400CD343B /* Element */,
				21AE194E2CC273F1004DBCFC /* Property */,
			);
			path = Record;
			sourceTree = "<group>";
		};
		21F93ACC2B2B67FC009A2C5B /* Event */ = {
			isa = PBXGroup;
			children = (
				2167E2792C4911EB000827D3 /* CMakeLists.txt */,
				21329F642BFD457000B5C7AF /* Event.md */,
				2193517A2C624FC100E5A69C /* Subscriber */,
				2193518A2C62655700E5A69C /* Type */,
			);
			path = Event;
			sourceTree = "<group>";
		};
		21F93AE82B2F406D009A2C5B /* Environment */ = {
			isa = PBXGroup;
			children = (
				2167E2782C4911E2000827D3 /* CMakeLists.txt */,
				21F93AEA2B2F406D009A2C5B /* Addon.cpp */,
				21F93AE92B2F406D009A2C5B /* Addon.h */,
				210CC89D2C81E34400610F58 /* Platform.cpp */,
				210CC89E2C81E34400610F58 /* Platform.h */,
				215F08512C99DA8D00CD343B /* Project.cpp */,
				215F08542C99DA8D00CD343B /* Project.h */,
				21329F632BFD452C00B5C7AF /* Environment.md */,
			);
			path = Environment;
			sourceTree = "<group>";
		};
/* End PBXGroup section */

/* Begin PBXHeadersBuildPhase section */
		21379E042AE47A6400A1584C /* Headers */ = {
			isa = PBXHeadersBuildPhase;
			buildActionMask = 2147483647;
			files = (
				21A0FBF42CBD6B700023F24E /* Memo.h in Headers */,
				215F088C2CA195EC00CD343B /* ArchicadDBaseCore.h in Headers */,
				21D0BDE72C943D3F0077E104 /* RecordID.h in Headers */,
				21D0BD212C86F0280077E104 /* AccountDatabase.h in Headers */,
				21A0FBB52CBA5E380023F24E /* Str256.h in Headers */,
				210CC86F2C7E879700610F58 /* ArgumentBase.h in Headers */,
				21AE19872CC7FF5F004DBCFC /* Group.h in Headers */,
				210CC8A02C81E34400610F58 /* Platform.h in Headers */,
				219246132CA34DCE00CF5703 /* Mesh.h in Headers */,
				21A890CF2CC1B87C0087E732 /* GenericDrawingElement.h in Headers */,
				219246032CA2CE2700CF5703 /* BIMLink.h in Headers */,
				21B67D0D2C7E0E8D00FD64FC /* ErrorReport.h in Headers */,
				215F08962CA19AF800CD343B /* BIMElementDatabase.h in Headers */,
				2196F2F12CB4823C00450DFC /* Attribute.h in Headers */,
				21D0BD332C86FE090077E104 /* Link.h in Headers */,
				21AE19612CC2D358004DBCFC /* Setting.h in Headers */,
				21D0BD5A2C8910400077E104 /* UserInfo.h in Headers */,
				21A890C92CC1B5FF0087E732 /* DrawingElement.h in Headers */,
				21D0BD562C890B1C0077E104 /* ServerMigration.h in Headers */,
				210CC88F2C81A98500610F58 /* Guid64.h in Headers */,
				21AEF9DD2CAAA4EA000B8681 /* DetachedObjectStore.h in Headers */,
				21A0FBF12CBD6B1A0023F24E /* Column.h in Headers */,
				21AE19662CC2F702004DBCFC /* BIMPropertyDatabase.h in Headers */,
				21A0FC072CBE59A80023F24E /* Path.h in Headers */,
				21A0FBA42CB880690023F24E /* FinishCollector.h in Headers */,
				21AE19802CC7D265004DBCFC /* PropertiedWrapper.h in Headers */,
				21A0FC0B2CBE5E220023F24E /* Segment.h in Headers */,
				215F088D2CA195EC00CD343B /* ArchicadElementDBaseEngine.h in Headers */,
				2196F2F42CB483D600450DFC /* Finish.h in Headers */,
				21A0FBED2CBD6B1A0023F24E /* Part.h in Headers */,
				21B67D002C7CE15100FD64FC /* Exception.h in Headers */,
				21A0FBEB2CBD6B1A0023F24E /* ColumnSegment.h in Headers */,
				21D0BD2C2C86FC350077E104 /* Record.h in Headers */,
				21D0BDB42C8F8AB60077E104 /* DocumentStoreCore.h in Headers */,
				215F087E2CA18E1400CD343B /* Element.h in Headers */,
				21AE197C2CC7CE1A004DBCFC /* PropsAndClassWrapper.h in Headers */,
				2196F2F92CB51ED400450DFC /* BIMAttributeDatabase.h in Headers */,
				215F08562C99DA8D00CD343B /* Project.h in Headers */,
				219245FF2CA2CC4300CF5703 /* BIMRecord.h in Headers */,
				210CC8802C80CD2A00610F58 /* BridgeChild.h in Headers */,
				21AE198F2CC80541004DBCFC /* ArchicadGroupDBaseEngine.h in Headers */,
				21D0BD4D2C8901A00077E104 /* ServerInfo.h in Headers */,
				2196F3042CB57E8000450DFC /* Storey.h in Headers */,
				21AE196F2CC64D37004DBCFC /* Classified.h in Headers */,
				21AE19522CC273F1004DBCFC /* Property.h in Headers */,
				21A0FBF92CBDB9A70023F24E /* BIMMemory.h in Headers */,
				21AE19942CC82866004DBCFC /* BIMGroupDatabase.h in Headers */,
				21AE19542CC273F1004DBCFC /* Template.h in Headers */,
				21A0FBBC2CBBC04C0023F24E /* ArchicadRGB.h in Headers */,
				21AE19842CC7D517004DBCFC /* PropertyWrapper.h in Headers */,
				21A0FC052CBE59A80023F24E /* SegmentedColumn.h in Headers */,
				21A0FC0F2CBE92F10023F24E /* ModelElement.h in Headers */,
				21D0BDB52C8F8AB60077E104 /* DocumentStoreEngine.h in Headers */,
				21A890D02CC1B87C0087E732 /* GenericModelElement.h in Headers */,
				21A890C52CC171D80087E732 /* ArchicadPropertyDBaseEngine.h in Headers */,
				21D0BDC52C9241940077E104 /* ProjectSubscriber.h in Headers */,
				21AE196A2CC57832004DBCFC /* Propertied.h in Headers */,
				2196F2EC2CB4816B00450DFC /* ArchicadAttributeDBaseEngine.h in Headers */,
				21AE19582CC27DB3004DBCFC /* Value.h in Headers */,
				21D0BD312C86FE090077E104 /* Index.h in Headers */,
			);
			runOnlyForDeploymentPostprocessing = 0;
		};
/* End PBXHeadersBuildPhase section */

/* Begin PBXNativeTarget section */
		212A87EE2AE4868C001EAFE7 /* SpeckleLib-test */ = {
			isa = PBXNativeTarget;
			buildConfigurationList = 212A87F62AE4868C001EAFE7 /* Build configuration list for PBXNativeTarget "SpeckleLib-test" */;
			buildPhases = (
				212A87EB2AE4868C001EAFE7 /* Sources */,
				212A87EC2AE4868C001EAFE7 /* Frameworks */,
				212A87ED2AE4868C001EAFE7 /* Resources */,
			);
			buildRules = (
			);
			dependencies = (
				212A88112AE48817001EAFE7 /* PBXTargetDependency */,
			);
			name = "SpeckleLib-test";
			productName = "SpeckleLib-test";
			productReference = 212A87EF2AE4868C001EAFE7 /* SpeckleLib-test.xctest */;
			productType = "com.apple.product-type.bundle.unit-test";
		};
		21379E072AE47A6400A1584C /* Archicad27 */ = {
			isa = PBXNativeTarget;
			buildConfigurationList = 21379E132AE47A6400A1584C /* Build configuration list for PBXNativeTarget "Archicad27" */;
			buildPhases = (
				21379E042AE47A6400A1584C /* Headers */,
				21379E052AE47A6400A1584C /* Sources */,
				21379E062AE47A6400A1584C /* Frameworks */,
				2199881D2BD831D60035E5EA /* CopyFiles */,
			);
			buildRules = (
			);
			dependencies = (
			);
			name = Archicad27;
			productName = SpeckleLib;
			productReference = 21379E082AE47A6400A1584C /* libArchicad27.a */;
			productType = "com.apple.product-type.library.static";
		};
/* End PBXNativeTarget section */

/* Begin PBXProject section */
		21379E002AE47A6400A1584C /* Project object */ = {
			isa = PBXProject;
			attributes = {
				BuildIndependentTargetsInParallel = 1;
				LastUpgradeCheck = 1510;
				TargetAttributes = {
					212A87EE2AE4868C001EAFE7 = {
						CreatedOnToolsVersion = 15.0;
					};
					21379E072AE47A6400A1584C = {
						CreatedOnToolsVersion = 15.0;
					};
				};
			};
			buildConfigurationList = 21379E032AE47A6400A1584C /* Build configuration list for PBXProject "SpeckleLib" */;
			compatibilityVersion = "Xcode 14.0";
			developmentRegion = en;
			hasScannedForEncodings = 0;
			knownRegions = (
				en,
				Base,
			);
			mainGroup = 21379DFF2AE47A6400A1584C;
			productRefGroup = 21379E092AE47A6400A1584C /* Products */;
			projectDirPath = "";
			projectReferences = (
				{
					ProductGroup = 2193516B2C62318B00E5A69C /* Products */;
					ProjectRef = 2193516A2C62318B00E5A69C /* ActiveLib.xcodeproj */;
				},
			);
			projectRoot = "";
			targets = (
				21379E072AE47A6400A1584C /* Archicad27 */,
				212A87EE2AE4868C001EAFE7 /* SpeckleLib-test */,
			);
		};
/* End PBXProject section */

/* Begin PBXReferenceProxy section */
		219351702C62318B00E5A69C /* libActiveLib.a */ = {
			isa = PBXReferenceProxy;
			fileType = archive.ar;
			path = libActiveLib.a;
			remoteRef = 2193516F2C62318B00E5A69C /* PBXContainerItemProxy */;
			sourceTree = BUILT_PRODUCTS_DIR;
		};
		219351722C62318B00E5A69C /* ActiveLib-test.xctest */ = {
			isa = PBXReferenceProxy;
			fileType = wrapper.cfbundle;
			path = "ActiveLib-test.xctest";
			remoteRef = 219351712C62318B00E5A69C /* PBXContainerItemProxy */;
			sourceTree = BUILT_PRODUCTS_DIR;
		};
/* End PBXReferenceProxy section */

/* Begin PBXResourcesBuildPhase section */
		212A87ED2AE4868C001EAFE7 /* Resources */ = {
			isa = PBXResourcesBuildPhase;
			buildActionMask = 2147483647;
			files = (
			);
			runOnlyForDeploymentPostprocessing = 0;
		};
/* End PBXResourcesBuildPhase section */

/* Begin PBXSourcesBuildPhase section */
		212A87EB2AE4868C001EAFE7 /* Sources */ = {
			isa = PBXSourcesBuildPhase;
			buildActionMask = 2147483647;
			files = (
				210CC8922C81AEBB00610F58 /* Guid32Tests.cpp in Sources */,
			);
			runOnlyForDeploymentPostprocessing = 0;
		};
		21379E052AE47A6400A1584C /* Sources */ = {
			isa = PBXSourcesBuildPhase;
			buildActionMask = 2147483647;
			files = (
				21A0FC0A2CBE5E220023F24E /* Segment.cpp in Sources */,
				21D0BD552C890B1C0077E104 /* ServerMigration.cpp in Sources */,
				21F69FA62C733EDA008B6A06 /* BridgeArgument.cpp in Sources */,
				21F69F682C6DFB01008B6A06 /* RunMethod.cpp in Sources */,
				21F69F812C6FF3B0008B6A06 /* BridgeArgumentWrap.cpp in Sources */,
				21AE197F2CC7D265004DBCFC /* PropertiedWrapper.cpp in Sources */,
				215F088B2CA195EC00CD343B /* ArchicadDBaseCore.cpp in Sources */,
				2193517B2C624FC100E5A69C /* MenuSubscriber.cpp in Sources */,
				2196F2F02CB4823C00450DFC /* Attribute.cpp in Sources */,
				21F69F612C6D0286008B6A06 /* GetBindingsMethodNames.cpp in Sources */,
				215F08662C9B006800CD343B /* ProjectEvent.cpp in Sources */,
				21AE19932CC82866004DBCFC /* BIMGroupDatabase.cpp in Sources */,
				21D0BDBD2C90F2830077E104 /* DocStoreSubscriber.cpp in Sources */,
				21AE197B2CC7CE1A004DBCFC /* PropsAndClassWrapper.cpp in Sources */,
				21D0BDB32C8F8AB60077E104 /* DocumentStoreCore.cpp in Sources */,
				219246082CA2ED2F00CF5703 /* ArchicadElementDBaseEngine.cpp in Sources */,
				2196F2E32CB05BAF00450DFC /* LengthUnit.cpp in Sources */,
				21F93AEC2B2F406E009A2C5B /* Addon.cpp in Sources */,
				215F087D2CA18E1400CD343B /* Element.cpp in Sources */,
				2196F2F82CB51ED400450DFC /* BIMAttributeDatabase.cpp in Sources */,
				21D0BD4E2C8901A00077E104 /* ServerInfo.cpp in Sources */,
				21AE19512CC273F1004DBCFC /* Property.cpp in Sources */,
				21B67D0E2C7E0E8D00FD64FC /* ErrorReport.cpp in Sources */,
				21AE19902CC80541004DBCFC /* ArchicadGroupDBaseEngine.cpp in Sources */,
				21AE19692CC57832004DBCFC /* Propertied.cpp in Sources */,
				21F69F7E2C6FD9FC008B6A06 /* GetCallResult.cpp in Sources */,
				2196F3052CB57E8000450DFC /* Storey.cpp in Sources */,
				219245FE2CA2CC4300CF5703 /* BIMRecord.cpp in Sources */,
				21AE19572CC27DB3004DBCFC /* Value.cpp in Sources */,
				21AEF9BE2CA6FDA4000B8681 /* DetachedWrap.cpp in Sources */,
				21A0FC062CBE59A80023F24E /* Path.cpp in Sources */,
				2196F2F52CB483D600450DFC /* Finish.cpp in Sources */,
				21A0FBEA2CBD6B1A0023F24E /* ColumnSegment.cpp in Sources */,
				2193519B2C6278D900E5A69C /* SelectionSubscriber.cpp in Sources */,
				21D0BD2B2C86FC350077E104 /* Record.cpp in Sources */,
				219246042CA2CE2700CF5703 /* BIMLink.cpp in Sources */,
				21A890CE2CC1B87C0087E732 /* GenericDrawingElement.cpp in Sources */,
				215F08952CA19AF800CD343B /* BIMElementDatabase.cpp in Sources */,
				21A0FC0E2CBE92F10023F24E /* ModelElement.cpp in Sources */,
				219246122CA34DCE00CF5703 /* Mesh.cpp in Sources */,
				21A0FBF02CBD6B1A0023F24E /* Column.cpp in Sources */,
				21A890C42CC171D80087E732 /* ArchicadPropertyDBaseEngine.cpp in Sources */,
				21AE19832CC7D517004DBCFC /* PropertyWrapper.cpp in Sources */,
				21AE196E2CC64D37004DBCFC /* Classified.cpp in Sources */,
				21A890C82CC1B5FF0087E732 /* DrawingElement.cpp in Sources */,
				21AE19652CC2F702004DBCFC /* BIMPropertyDatabase.cpp in Sources */,
				21D0BD592C8910400077E104 /* UserInfo.cpp in Sources */,
				210CC8902C81A98500610F58 /* Guid64.cpp in Sources */,
				21D0BDC42C9241940077E104 /* ProjectSubscriber.cpp in Sources */,
				21AE19622CC2D358004DBCFC /* Setting.cpp in Sources */,
				219351B32C62CC1A00E5A69C /* String.cpp in Sources */,
				219351B12C62CC1A00E5A69C /* Guid.cpp in Sources */,
				21F69F512C6CCC25008B6A06 /* BrowserBridge.cpp in Sources */,
				21A0FC112CBEE5C30023F24E /* Part.cpp in Sources */,
				21A890D12CC1B87C0087E732 /* GenericModelElement.cpp in Sources */,
				21AEF9BC2CA6DF84000B8681 /* DetachmentManager.cpp in Sources */,
				215F08552C99DA8D00CD343B /* Project.cpp in Sources */,
				21AE19882CC7FF5F004DBCFC /* Group.cpp in Sources */,
				21F69F3B2C6B880C008B6A06 /* JSBaseTransport.cpp in Sources */,
				2196F2EB2CB4816B00450DFC /* ArchicadAttributeDBaseEngine.cpp in Sources */,
				21AE19532CC273F1004DBCFC /* Template.cpp in Sources */,
				21A0FC042CBE59A80023F24E /* SegmentedColumn.cpp in Sources */,
				210CC89F2C81E34400610F58 /* Platform.cpp in Sources */,
				21D0BD202C86F0280077E104 /* AccountDatabase.cpp in Sources */,
				21F69F962C71087A008B6A06 /* Account.cpp in Sources */,
				21A0FBF82CBDB9A70023F24E /* BIMMemory.cpp in Sources */,
				21A0FBF52CBD6B700023F24E /* Memo.cpp in Sources */,
				21AEF9BA2CA606B5000B8681 /* DetachedReference.cpp in Sources */,
			);
			runOnlyForDeploymentPostprocessing = 0;
		};
/* End PBXSourcesBuildPhase section */

/* Begin PBXTargetDependency section */
		212A88112AE48817001EAFE7 /* PBXTargetDependency */ = {
			isa = PBXTargetDependency;
			platformFilters = (
				macos,
			);
			target = 21379E072AE47A6400A1584C /* Archicad27 */;
			targetProxy = 212A88102AE48817001EAFE7 /* PBXContainerItemProxy */;
		};
/* End PBXTargetDependency section */

/* Begin XCBuildConfiguration section */
		212A87F72AE4868C001EAFE7 /* Debug */ = {
			isa = XCBuildConfiguration;
			buildSettings = {
				CODE_SIGN_STYLE = Automatic;
				CURRENT_PROJECT_VERSION = 1;
				DEAD_CODE_STRIPPING = YES;
				DEVELOPMENT_TEAM = T4C464595P;
				GENERATE_INFOPLIST_FILE = YES;
				LIBRARY_SEARCH_PATHS = "";
				MACH_O_TYPE = mh_bundle;
				MARKETING_VERSION = 1.0;
				PRODUCT_BUNDLE_IDENTIFIER = "speckle.systems.SpeckleLib-test";
				PRODUCT_NAME = "$(TARGET_NAME)";
				SDKROOT = auto;
				SUPPORTED_PLATFORMS = "iphoneos iphonesimulator macosx";
				SWIFT_EMIT_LOC_STRINGS = NO;
				SYMROOT = "";
				TARGETED_DEVICE_FAMILY = "1,2";
			};
			name = Debug;
		};
		212A87F82AE4868C001EAFE7 /* Release */ = {
			isa = XCBuildConfiguration;
			buildSettings = {
				CODE_SIGN_STYLE = Automatic;
				CURRENT_PROJECT_VERSION = 1;
				DEAD_CODE_STRIPPING = YES;
				DEVELOPMENT_TEAM = T4C464595P;
				GENERATE_INFOPLIST_FILE = YES;
				LIBRARY_SEARCH_PATHS = "";
				MACH_O_TYPE = mh_bundle;
				MARKETING_VERSION = 1.0;
				PRODUCT_BUNDLE_IDENTIFIER = "speckle.systems.SpeckleLib-test";
				PRODUCT_NAME = "$(TARGET_NAME)";
				SDKROOT = auto;
				SUPPORTED_PLATFORMS = "iphoneos iphonesimulator macosx";
				SWIFT_EMIT_LOC_STRINGS = NO;
				SYMROOT = "";
				TARGETED_DEVICE_FAMILY = "1,2";
			};
			name = Release;
		};
		21379E112AE47A6400A1584C /* Debug */ = {
			isa = XCBuildConfiguration;
			buildSettings = {
				ALWAYS_SEARCH_USER_PATHS = NO;
				ASSETCATALOG_COMPILER_GENERATE_SWIFT_ASSET_SYMBOL_EXTENSIONS = YES;
				BIM_PLATFORM = "";
				BIM_VERSION = "";
				CLANG_ANALYZER_NONNULL = YES;
				CLANG_ANALYZER_NUMBER_OBJECT_CONVERSION = YES_AGGRESSIVE;
				CLANG_CXX_LANGUAGE_STANDARD = "c++20";
				CLANG_ENABLE_MODULES = YES;
				CLANG_ENABLE_OBJC_ARC = YES;
				CLANG_ENABLE_OBJC_WEAK = YES;
				CLANG_WARN_BLOCK_CAPTURE_AUTORELEASING = YES;
				CLANG_WARN_BOOL_CONVERSION = YES;
				CLANG_WARN_COMMA = YES;
				CLANG_WARN_CONSTANT_CONVERSION = YES;
				CLANG_WARN_DEPRECATED_OBJC_IMPLEMENTATIONS = YES;
				CLANG_WARN_DIRECT_OBJC_ISA_USAGE = YES_ERROR;
				CLANG_WARN_DOCUMENTATION_COMMENTS = YES;
				CLANG_WARN_EMPTY_BODY = YES;
				CLANG_WARN_ENUM_CONVERSION = YES;
				CLANG_WARN_INFINITE_RECURSION = YES;
				CLANG_WARN_INT_CONVERSION = YES;
				CLANG_WARN_NON_LITERAL_NULL_CONVERSION = YES;
				CLANG_WARN_OBJC_IMPLICIT_RETAIN_SELF = YES;
				CLANG_WARN_OBJC_LITERAL_CONVERSION = YES;
				CLANG_WARN_OBJC_ROOT_CLASS = YES_ERROR;
				CLANG_WARN_QUOTED_INCLUDE_IN_FRAMEWORK_HEADER = YES;
				CLANG_WARN_RANGE_LOOP_ANALYSIS = YES;
				CLANG_WARN_STRICT_PROTOTYPES = YES;
				CLANG_WARN_SUSPICIOUS_MOVE = YES;
				CLANG_WARN_UNGUARDED_AVAILABILITY = YES_AGGRESSIVE;
				CLANG_WARN_UNREACHABLE_CODE = YES;
				CLANG_WARN__DUPLICATE_METHOD_MATCH = YES;
				COPY_PHASE_STRIP = NO;
				DEAD_CODE_STRIPPING = YES;
				DEBUG_INFORMATION_FORMAT = dwarf;
				DEPLOYMENT_LOCATION = YES;
				DSTROOT = "$(PROJECT_DIR)/bin";
				ENABLE_STRICT_OBJC_MSGSEND = YES;
				ENABLE_TESTABILITY = YES;
				ENABLE_USER_SCRIPT_SANDBOXING = NO;
				EXECUTABLE_EXTENSION = a;
				EXECUTABLE_PREFIX = lib;
				GCC_C_LANGUAGE_STANDARD = c17;
				GCC_DYNAMIC_NO_PIC = NO;
				GCC_NO_COMMON_BLOCKS = YES;
				GCC_OPTIMIZATION_LEVEL = 0;
				GCC_PREPROCESSOR_DEFINITIONS = (
					"DEBUG=1",
					"XCODE_TESTING=1",
					"$(inherited)",
				);
				GCC_WARN_64_TO_32_BIT_CONVERSION = YES;
				GCC_WARN_ABOUT_RETURN_TYPE = YES_ERROR;
				GCC_WARN_UNDECLARED_SELECTOR = YES;
				GCC_WARN_UNINITIALIZED_AUTOS = YES_AGGRESSIVE;
				GCC_WARN_UNUSED_FUNCTION = YES;
				GCC_WARN_UNUSED_VARIABLE = YES;
				HEADER_PATH_1 = $SRCROOT/../../ActiveLib;
				HEADER_PATH_2 = "";
				HEADER_PATH_3 = "";
				HEADER_PATH_4 = "";
				HEADER_PATH_5 = "";
				HEADER_PATH_6 = "";
				HEADER_PATH_7 = "";
				HEADER_SEARCH_PATHS = "$(SRCROOT)";
				INSTALLER_FOLDER = "$(BASE_NAME)Mac$WORD_SIZE-$BIM_PLATFORM$BIM_VERSION-$LOCALISATION_SUFFIX";
				INSTALLER_PATH = $SRCROOT/Install/$BASE_NAME/$LOCALISATION_SUFFIX/$INSTALLER_FOLDER;
				LOCALISATION_SUFFIX = "EN-GB";
				LOCALIZATION_PREFERS_STRING_CATALOGS = YES;
				MACH_O_TYPE = staticlib;
				MACOSX_DEPLOYMENT_TARGET = 11.0;
				MTL_ENABLE_DEBUG_INFO = INCLUDE_SOURCE;
				MTL_FAST_MATH = YES;
				NNA_WARNING_CPLUSPLUSFLAGS = "-Wno-deprecated";
				OBJROOT = "$(PROJECT_DIR)/build";
				ONLY_ACTIVE_ARCH = YES;
				SDKROOT = macosx;
				SDK_PATH = Support;
				SYMROOT = "$(PROJECT_DIR)/bin";
				SYSTEM_HEADER_SEARCH_PATHS = "";
				USER_HEADER_SEARCH_PATHS = (
					"\"$(HEADER_PATH_1)\"",
					"\"$(HEADER_PATH_2)\"",
					"\"$(HEADER_PATH_3)\"",
					"\"$(HEADER_PATH_4)\"",
					"\"$(HEADER_PATH_5)\"",
					"\"$(HEADER_PATH_5)/Extensions\"",
					"\"$(HEADER_PATH_5)/Inc\"",
					"\"$(HEADER_PATH_5)/Modules\"/**",
					"\"$(HEADER_PATH_5)/Frameworks\"",
					"\"$(HEADER_PATH_6)\"",
					"\"$(HEADER_PATH_8)\"",
				);
				WORD_SIZE = 64;
			};
			name = Debug;
		};
		21379E122AE47A6400A1584C /* Release */ = {
			isa = XCBuildConfiguration;
			buildSettings = {
				ALWAYS_SEARCH_USER_PATHS = NO;
				ASSETCATALOG_COMPILER_GENERATE_SWIFT_ASSET_SYMBOL_EXTENSIONS = YES;
				BIM_PLATFORM = "";
				BIM_VERSION = "";
				CLANG_ANALYZER_NONNULL = YES;
				CLANG_ANALYZER_NUMBER_OBJECT_CONVERSION = YES_AGGRESSIVE;
				CLANG_CXX_LANGUAGE_STANDARD = "c++20";
				CLANG_ENABLE_MODULES = YES;
				CLANG_ENABLE_OBJC_ARC = YES;
				CLANG_ENABLE_OBJC_WEAK = YES;
				CLANG_WARN_BLOCK_CAPTURE_AUTORELEASING = YES;
				CLANG_WARN_BOOL_CONVERSION = YES;
				CLANG_WARN_COMMA = YES;
				CLANG_WARN_CONSTANT_CONVERSION = YES;
				CLANG_WARN_DEPRECATED_OBJC_IMPLEMENTATIONS = YES;
				CLANG_WARN_DIRECT_OBJC_ISA_USAGE = YES_ERROR;
				CLANG_WARN_DOCUMENTATION_COMMENTS = YES;
				CLANG_WARN_EMPTY_BODY = YES;
				CLANG_WARN_ENUM_CONVERSION = YES;
				CLANG_WARN_INFINITE_RECURSION = YES;
				CLANG_WARN_INT_CONVERSION = YES;
				CLANG_WARN_NON_LITERAL_NULL_CONVERSION = YES;
				CLANG_WARN_OBJC_IMPLICIT_RETAIN_SELF = YES;
				CLANG_WARN_OBJC_LITERAL_CONVERSION = YES;
				CLANG_WARN_OBJC_ROOT_CLASS = YES_ERROR;
				CLANG_WARN_QUOTED_INCLUDE_IN_FRAMEWORK_HEADER = YES;
				CLANG_WARN_RANGE_LOOP_ANALYSIS = YES;
				CLANG_WARN_STRICT_PROTOTYPES = YES;
				CLANG_WARN_SUSPICIOUS_MOVE = YES;
				CLANG_WARN_UNGUARDED_AVAILABILITY = YES_AGGRESSIVE;
				CLANG_WARN_UNREACHABLE_CODE = YES;
				CLANG_WARN__DUPLICATE_METHOD_MATCH = YES;
				COPY_PHASE_STRIP = NO;
				DEAD_CODE_STRIPPING = YES;
				DEBUG_INFORMATION_FORMAT = "dwarf-with-dsym";
				DEPLOYMENT_LOCATION = YES;
				DSTROOT = "$(PROJECT_DIR)/bin";
				ENABLE_NS_ASSERTIONS = NO;
				ENABLE_STRICT_OBJC_MSGSEND = YES;
				ENABLE_USER_SCRIPT_SANDBOXING = NO;
				EXECUTABLE_EXTENSION = a;
				EXECUTABLE_PREFIX = lib;
				GCC_C_LANGUAGE_STANDARD = c17;
				GCC_NO_COMMON_BLOCKS = YES;
				GCC_PREPROCESSOR_DEFINITIONS = (
					"XCODE_TESTING=1",
					"$(inherited)",
				);
				GCC_WARN_64_TO_32_BIT_CONVERSION = YES;
				GCC_WARN_ABOUT_RETURN_TYPE = YES_ERROR;
				GCC_WARN_UNDECLARED_SELECTOR = YES;
				GCC_WARN_UNINITIALIZED_AUTOS = YES_AGGRESSIVE;
				GCC_WARN_UNUSED_FUNCTION = YES;
				GCC_WARN_UNUSED_VARIABLE = YES;
				HEADER_PATH_1 = $SRCROOT/../../ActiveLib;
				HEADER_PATH_2 = "";
				HEADER_PATH_3 = "";
				HEADER_PATH_4 = "";
				HEADER_PATH_5 = "";
				HEADER_PATH_6 = "";
				HEADER_PATH_7 = "";
				HEADER_SEARCH_PATHS = "$(SRCROOT)";
				INSTALLER_FOLDER = "$(BASE_NAME)Mac$WORD_SIZE-$BIM_PLATFORM$BIM_VERSION-$LOCALISATION_SUFFIX";
				INSTALLER_PATH = $SRCROOT/Install/$BASE_NAME/$LOCALISATION_SUFFIX/$INSTALLER_FOLDER;
				LOCALISATION_SUFFIX = "EN-GB";
				LOCALIZATION_PREFERS_STRING_CATALOGS = YES;
				MACH_O_TYPE = staticlib;
				MACOSX_DEPLOYMENT_TARGET = 11.0;
				MTL_ENABLE_DEBUG_INFO = NO;
				MTL_FAST_MATH = YES;
				NNA_WARNING_CPLUSPLUSFLAGS = "-Wno-deprecated";
				OBJROOT = "$(PROJECT_DIR)/build";
				SDKROOT = macosx;
				SDK_PATH = Support;
				SYMROOT = "$(PROJECT_DIR)/bin";
				SYSTEM_HEADER_SEARCH_PATHS = "";
				USER_HEADER_SEARCH_PATHS = (
					"\"$(HEADER_PATH_1)\"",
					"\"$(HEADER_PATH_2)\"",
					"\"$(HEADER_PATH_3)\"",
					"\"$(HEADER_PATH_4)\"",
					"\"$(HEADER_PATH_5)\"",
					"\"$(HEADER_PATH_5)/Extensions\"",
					"\"$(HEADER_PATH_5)/Inc\"",
					"\"$(HEADER_PATH_5)/Modules\"/**",
					"\"$(HEADER_PATH_5)/Frameworks\"",
					"\"$(HEADER_PATH_6)\"",
					"\"$(HEADER_PATH_8)\"",
				);
				WORD_SIZE = 64;
			};
			name = Release;
		};
		21379E142AE47A6400A1584C /* Debug */ = {
			isa = XCBuildConfiguration;
			buildSettings = {
				BIM_PLATFORM = Archicad;
				BIM_VERSION = 27;
				CLANG_WARN_DOCUMENTATION_COMMENTS = YES;
				CODE_SIGN_STYLE = Automatic;
				DEAD_CODE_STRIPPING = YES;
				DEVELOPMENT_TEAM = T4C464595P;
				EXECUTABLE_PREFIX = lib;
				GCC_ENABLE_CPP_EXCEPTIONS = YES;
				GCC_ENABLE_CPP_RTTI = YES;
				GCC_PREPROCESSOR_DEFINITIONS = (
					"ARCHICAD=1",
					ACExtension,
					"macintosh=1",
					"$(inherited)",
				);
				HEADER_PATH_5 = "$(SRCROOT)/../../$BIM_PLATFORM $BIM_VERSION/$SDK_PATH";
				HEADER_PATH_7 = "$(SRCROOT)/RINT.$BIM_PLATFORM/$(LOCALISATION_SUFFIX)";
				INSTALL_PATH = "";
				LIBRARY_SEARCH_PATHS = "";
				PRODUCT_NAME = "$(TARGET_NAME)";
				SKIP_INSTALL = YES;
				SYSTEM_HEADER_SEARCH_PATHS = (
					"\"$(HEADER_PATH_5)\"",
					"\"$(HEADER_PATH_5)/Extensions\"",
					"\"$(HEADER_PATH_5)/Inc\"",
					"\"$(HEADER_PATH_5)/Modules\"/**",
					"\"$(HEADER_PATH_5)/Frameworks\"",
				);
				USER_HEADER_SEARCH_PATHS = (
					"\"$(HEADER_PATH_1)\"",
					"\"$(HEADER_PATH_2)\"",
					"\"$(HEADER_PATH_3)\"",
					"\"$(HEADER_PATH_4)\"",
					"\"$(HEADER_PATH_6)\"",
					"\"$(HEADER_PATH_8)\"",
				);
			};
			name = Debug;
		};
		21379E152AE47A6400A1584C /* Release */ = {
			isa = XCBuildConfiguration;
			buildSettings = {
				BIM_PLATFORM = Archicad;
				BIM_VERSION = 27;
				CLANG_WARN_DOCUMENTATION_COMMENTS = YES;
				CODE_SIGN_STYLE = Automatic;
				DEAD_CODE_STRIPPING = YES;
				DEVELOPMENT_TEAM = T4C464595P;
				EXECUTABLE_PREFIX = lib;
				GCC_ENABLE_CPP_EXCEPTIONS = YES;
				GCC_ENABLE_CPP_RTTI = YES;
				GCC_PREPROCESSOR_DEFINITIONS = (
					"ARCHICAD=1",
					ACExtension,
					"macintosh=1",
					"$(inherited)",
				);
				HEADER_PATH_5 = "$(SRCROOT)/../../$BIM_PLATFORM $BIM_VERSION/$SDK_PATH";
				HEADER_PATH_7 = "$(SRCROOT)/RINT.$BIM_PLATFORM/$(LOCALISATION_SUFFIX)";
				INSTALL_PATH = "";
				LIBRARY_SEARCH_PATHS = "";
				PRODUCT_NAME = "$(TARGET_NAME)";
				SKIP_INSTALL = YES;
				SYSTEM_HEADER_SEARCH_PATHS = (
					"\"$(HEADER_PATH_5)\"",
					"\"$(HEADER_PATH_5)/Extensions\"",
					"\"$(HEADER_PATH_5)/Inc\"",
					"\"$(HEADER_PATH_5)/Modules\"/**",
					"\"$(HEADER_PATH_5)/Frameworks\"",
				);
				USER_HEADER_SEARCH_PATHS = (
					"\"$(HEADER_PATH_1)\"",
					"\"$(HEADER_PATH_2)\"",
					"\"$(HEADER_PATH_3)\"",
					"\"$(HEADER_PATH_4)\"",
					"\"$(HEADER_PATH_6)\"",
					"\"$(HEADER_PATH_8)\"",
				);
			};
			name = Release;
		};
/* End XCBuildConfiguration section */

/* Begin XCConfigurationList section */
		212A87F62AE4868C001EAFE7 /* Build configuration list for PBXNativeTarget "SpeckleLib-test" */ = {
			isa = XCConfigurationList;
			buildConfigurations = (
				212A87F72AE4868C001EAFE7 /* Debug */,
				212A87F82AE4868C001EAFE7 /* Release */,
			);
			defaultConfigurationIsVisible = 0;
			defaultConfigurationName = Release;
		};
		21379E032AE47A6400A1584C /* Build configuration list for PBXProject "SpeckleLib" */ = {
			isa = XCConfigurationList;
			buildConfigurations = (
				21379E112AE47A6400A1584C /* Debug */,
				21379E122AE47A6400A1584C /* Release */,
			);
			defaultConfigurationIsVisible = 0;
			defaultConfigurationName = Release;
		};
		21379E132AE47A6400A1584C /* Build configuration list for PBXNativeTarget "Archicad27" */ = {
			isa = XCConfigurationList;
			buildConfigurations = (
				21379E142AE47A6400A1584C /* Debug */,
				21379E152AE47A6400A1584C /* Release */,
			);
			defaultConfigurationIsVisible = 0;
			defaultConfigurationName = Release;
		};
/* End XCConfigurationList section */
	};
	rootObject = 21379E002AE47A6400A1584C /* Project object */;
}
