<?xml version="1.0" encoding="utf-8"?>
<Project ToolsVersion="4.0" xmlns="http://schemas.microsoft.com/developer/msbuild/2003">
  <ItemGroup>
    <Filter Include="Resource Files">
      <UniqueIdentifier>{67DA6AB6-F800-4c08-8B7A-83BB121AAD01}</UniqueIdentifier>
      <Extensions>rc;ico;cur;bmp;dlg;rc2;rct;bin;rgs;gif;jpg;jpeg;jpe;resx;tiff;tif;png;wav;mfcribbon-ms</Extensions>
    </Filter>
    <Filter Include="Speckle">
      <UniqueIdentifier>{bacfd662-e289-4d32-925c-478df65d01ba}</UniqueIdentifier>
    </Filter>
    <Filter Include="Speckle\Serialise">
      <UniqueIdentifier>{23bca613-7f6a-40bd-af6c-6da6288e6461}</UniqueIdentifier>
    </Filter>
    <Filter Include="Speckle\Utility">
      <UniqueIdentifier>{2872ccda-08d8-4a2e-9d0a-345ac5b63187}</UniqueIdentifier>
    </Filter>
    <Filter Include="Speckle\Event">
      <UniqueIdentifier>{6bf46721-5a13-4cc0-9645-dd25106baf93}</UniqueIdentifier>
    </Filter>
    <Filter Include="Speckle\Database">
      <UniqueIdentifier>{2c4d0103-93f0-48d5-b616-955e81ed86f8}</UniqueIdentifier>
    </Filter>
    <Filter Include="Speckle\Environment">
      <UniqueIdentifier>{fccb627d-9084-44a2-8668-12ace3efc5d3}</UniqueIdentifier>
    </Filter>
    <Filter Include="Speckle\Database\Content">
      <UniqueIdentifier>{2828f96b-4fb0-4286-a9ae-13d111064e23}</UniqueIdentifier>
    </Filter>
    <Filter Include="Speckle\Event\Subscriber">
      <UniqueIdentifier>{f691d452-4473-43b3-8f99-efe401397c5e}</UniqueIdentifier>
    </Filter>
    <Filter Include="Speckle\Event\Type">
      <UniqueIdentifier>{2eb94e5f-1177-4a92-a79a-a3ccc3357966}</UniqueIdentifier>
    </Filter>
    <Filter Include="Speckle\Interface">
      <UniqueIdentifier>{aa3a0c13-86b0-4b96-aacc-b2fcfb9312b9}</UniqueIdentifier>
    </Filter>
    <Filter Include="Speckle\Interface\Browser">
      <UniqueIdentifier>{63a44b3f-03ea-4e3e-be15-844ddb200c78}</UniqueIdentifier>
    </Filter>
    <Filter Include="Speckle\Interface\Browser\Bridge">
      <UniqueIdentifier>{04ef2e26-b425-4bd6-bc6b-8872eec33b37}</UniqueIdentifier>
    </Filter>
    <Filter Include="Speckle\Interface\Browser\Bridge\Functions">
      <UniqueIdentifier>{df3ba1ec-5b6c-44a1-b730-c7ecd616a8e1}</UniqueIdentifier>
    </Filter>
    <Filter Include="Speckle\Record">
      <UniqueIdentifier>{b5309a8d-e3cc-4f4c-8dcb-2ce98885bffe}</UniqueIdentifier>
    </Filter>
    <Filter Include="Speckle\Record\Credentials">
      <UniqueIdentifier>{3e11de76-8d19-4e97-9da6-f0466bde1d91}</UniqueIdentifier>
    </Filter>
    <Filter Include="Speckle\Serialise\JSBase">
      <UniqueIdentifier>{8b3f75a2-8538-4f58-bc69-07679e9af863}</UniqueIdentifier>
    </Filter>
    <Filter Include="Speckle\Database\Identity">
      <UniqueIdentifier>{ef1710f6-d890-4286-8fb2-f5c432a2c5ac}</UniqueIdentifier>
    </Filter>
    <Filter Include="Speckle\Database\Storage">
      <UniqueIdentifier>{afbc554e-df7d-4310-a967-4df8e9febcd0}</UniqueIdentifier>
    </Filter>
    <Filter Include="Speckle\Database\Storage\DocumentStore">
      <UniqueIdentifier>{c4146af8-d1a1-44cc-9810-cc8da1a705a8}</UniqueIdentifier>
    </Filter>
    <Filter Include="Speckle\Record\Element">
      <UniqueIdentifier>{728f7e85-53d8-4fe0-9994-394010324eb8}</UniqueIdentifier>
    </Filter>
    <Filter Include="Speckle\Primitive">
      <UniqueIdentifier>{896361f5-4195-4662-be29-9e8241cab17c}</UniqueIdentifier>
    </Filter>
    <Filter Include="Speckle\Primitive\Mesh">
      <UniqueIdentifier>{87719e02-08cb-466e-a01b-66fdbb278efe}</UniqueIdentifier>
    </Filter>
    <Filter Include="Speckle\Database\Storage\ArchicadDBase">
      <UniqueIdentifier>{c99c6ba7-cdb5-4182-9df9-debe5559b460}</UniqueIdentifier>
    </Filter>
    <Filter Include="Speckle\Database\Storage\ArchicadDBase\Element">
      <UniqueIdentifier>{93db2ed5-fd21-4ed1-86ee-f549682f66a5}</UniqueIdentifier>
    </Filter>
    <Filter Include="Speckle\Serialise\Detached">
      <UniqueIdentifier>{e9aec552-0aa8-4193-867d-69febdf93139}</UniqueIdentifier>
    </Filter>
    <Filter Include="Speckle\Serialise\Detached\Storage">
      <UniqueIdentifier>{cb77e795-e8d8-4e31-9773-dd32beb694d3}</UniqueIdentifier>
    </Filter>
    <Filter Include="Speckle\Database\Storage\ArchicadDBase\Attribute">
      <UniqueIdentifier>{490a65bd-28e3-4282-bb33-67823e81e825}</UniqueIdentifier>
    </Filter>
    <Filter Include="Speckle\Record\Attribute">
      <UniqueIdentifier>{525b6bd6-96e4-48c8-91e9-9710e1e54389}</UniqueIdentifier>
    </Filter>
    <Filter Include="Speckle\Serialise\Collection">
      <UniqueIdentifier>{b5733e9f-b72a-4162-9fc7-8feeec594e5b}</UniqueIdentifier>
    </Filter>
    <Filter Include="Speckle\Serialise\Types">
      <UniqueIdentifier>{b992941c-66d5-4f16-89b2-82e27a22e229}</UniqueIdentifier>
    </Filter>
    <Filter Include="Speckle\Serialise\Types\Units">
      <UniqueIdentifier>{7f43d4ea-b876-4587-a646-90eab81f7976}</UniqueIdentifier>
    </Filter>
  </ItemGroup>
  <ItemGroup>
    <ClInclude Include="Speckle\Environment\Addon.h">
      <Filter>Speckle\Environment</Filter>
    </ClInclude>
    <ClInclude Include="Speckle\Event\Subscriber\MenuSubscriber.h">
      <Filter>Speckle\Event\Subscriber</Filter>
    </ClInclude>
    <ClInclude Include="Speckle\Event\Subscriber\SelectionSubscriber.h">
      <Filter>Speckle\Event\Subscriber</Filter>
    </ClInclude>
    <ClInclude Include="Speckle\Event\Type\MenuEvent.h">
      <Filter>Speckle\Event\Type</Filter>
    </ClInclude>
    <ClInclude Include="Speckle\Event\Type\SelectionEvent.h">
      <Filter>Speckle\Event\Type</Filter>
    </ClInclude>
    <ClInclude Include="Speckle\Utility\Guid.h">
      <Filter>Speckle\Utility</Filter>
    </ClInclude>
    <ClInclude Include="Speckle\Utility\String.h">
      <Filter>Speckle\Utility</Filter>
    </ClInclude>
    <ClInclude Include="Speckle\Interface\Browser\Functional.h">
      <Filter>Speckle\Interface\Browser</Filter>
    </ClInclude>
    <ClInclude Include="Speckle\Interface\Browser\JSBinding.h">
      <Filter>Speckle\Interface\Browser</Filter>
    </ClInclude>
    <ClInclude Include="Speckle\Interface\Browser\JSFunction.h">
      <Filter>Speckle\Interface\Browser</Filter>
    </ClInclude>
    <ClInclude Include="Speckle\Interface\Browser\JSObject.h">
      <Filter>Speckle\Interface\Browser</Filter>
    </ClInclude>
    <ClInclude Include="Speckle\Interface\Browser\JSPortal.h">
      <Filter>Speckle\Interface\Browser</Filter>
    </ClInclude>
    <ClInclude Include="Speckle\Interface\Browser\NamedFunction.h">
      <Filter>Speckle\Interface\Browser</Filter>
    </ClInclude>
    <ClInclude Include="Speckle\Interface\Browser\PlatformBinding.h">
      <Filter>Speckle\Interface\Browser</Filter>
    </ClInclude>
    <ClInclude Include="Speckle\Interface\Browser\Bridge\BrowserBridge.h">
      <Filter>Speckle\Interface\Browser\Bridge</Filter>
    </ClInclude>
    <ClInclude Include="Speckle\Interface\Browser\Bridge\Functions\PlatformBinding.h">
      <Filter>Speckle\Interface\Browser\Bridge\Functions</Filter>
    </ClInclude>
    <ClInclude Include="Speckle\Interface\Browser\Bridge\Functions\GetBindingsMethodNames.h">
      <Filter>Speckle\Interface\Browser\Bridge\Functions</Filter>
    </ClInclude>
    <ClInclude Include="Speckle\Interface\Browser\Bridge\Functions\GetCallResult.h">
      <Filter>Speckle\Interface\Browser\Bridge\Functions</Filter>
    </ClInclude>
    <ClInclude Include="Speckle\Interface\Browser\Bridge\Functions\RunMethod.h">
      <Filter>Speckle\Interface\Browser\Bridge\Functions</Filter>
    </ClInclude>
    <ClInclude Include="Speckle\Record\Credentials\Account.h">
      <Filter>Speckle\Record\Credentials</Filter>
    </ClInclude>
    <ClInclude Include="Speckle\Database\Content\Record.h">
      <Filter>Speckle\Database\Content</Filter>
    </ClInclude>
    <ClInclude Include="Speckle\Serialise\JSBase\JSBaseTransport.h">
      <Filter>Speckle\Serialise\JSBase</Filter>
    </ClInclude>
    <ClInclude Include="Speckle\Utility\Exception.h">
      <Filter>Speckle\Utility</Filter>
    </ClInclude>
    <ClInclude Include="Speckle\Interface\Browser\Bridge\Functions\ErrorReport.h">
      <Filter>Speckle\Interface\Browser\Bridge\Functions</Filter>
    </ClInclude>
    <ClInclude Include="Speckle\Interface\Browser\Bridge\BridgeArgument.h">
      <Filter>Speckle\Interface\Browser\Bridge</Filter>
    </ClInclude>
    <ClInclude Include="Speckle\Interface\Browser\Bridge\BridgeArgumentWrap.h">
      <Filter>Speckle\Interface\Browser\Bridge</Filter>
    </ClInclude>
    <ClInclude Include="Speckle\Interface\Browser\Bridge\BridgeChild.h">
      <Filter>Speckle\Interface\Browser\Bridge</Filter>
    </ClInclude>
    <ClInclude Include="Speckle\Interface\Browser\Bridge\BridgeMethod.h">
      <Filter>Speckle\Interface\Browser\Bridge</Filter>
    </ClInclude>
    <ClInclude Include="Speckle\Interface\Browser\Bridge\BridgeMethodBase.h">
      <Filter>Speckle\Interface\Browser\Bridge</Filter>
    </ClInclude>
    <ClInclude Include="Speckle\Utility\Guid64.h">
      <Filter>Speckle\Utility</Filter>
    </ClInclude>
    <ClInclude Include="Speckle\Database\Identity\Index.h">
      <Filter>Speckle\Database\Identity</Filter>
    </ClInclude>
    <ClInclude Include="Speckle\Database\Identity\Link.h">
      <Filter>Speckle\Database\Identity</Filter>
    </ClInclude>
    <ClInclude Include="Speckle\Database\AccountDatabase.h">
      <Filter>Speckle\Database</Filter>
    </ClInclude>
    <ClInclude Include="Speckle\Record\Credentials\ServerInfo.h">
      <Filter>Speckle\Record\Credentials</Filter>
    </ClInclude>
    <ClInclude Include="Speckle\Record\Credentials\ServerMigration.h">
      <Filter>Speckle\Record\Credentials</Filter>
    </ClInclude>
    <ClInclude Include="Speckle\Record\Credentials\UserInfo.h">
      <Filter>Speckle\Record\Credentials</Filter>
    </ClInclude>
    <ClInclude Include="Speckle\Environment\Platform.h">
      <Filter>Speckle\Environment</Filter>
    </ClInclude>
    <ClInclude Include="Speckle\Event\Subscriber\DocStoreSubscriber.h">
      <Filter>Speckle\Event\Subscriber</Filter>
    </ClInclude>
    <ClInclude Include="Speckle\Event\Subscriber\ProjectSubscriber.h">
      <Filter>Speckle\Event\Subscriber</Filter>
    </ClInclude>
    <ClInclude Include="Speckle\Event\Type\DocStoreMergeEvent.h">
      <Filter>Speckle\Event\Type</Filter>
    </ClInclude>
    <ClInclude Include="Speckle\Event\Type\ProjectEvent.h">
      <Filter>Speckle\Event\Type</Filter>
    </ClInclude>
    <ClInclude Include="Speckle\Database\Storage\DocumentStore\DocumentStoreCore.h">
      <Filter>Speckle\Database\Storage\DocumentStore</Filter>
    </ClInclude>
    <ClInclude Include="Speckle\Database\Storage\DocumentStore\DocumentStoreEngine.h">
      <Filter>Speckle\Database\Storage\DocumentStore</Filter>
    </ClInclude>
    <ClInclude Include="Speckle\Environment\Project.h">
      <Filter>Speckle\Environment</Filter>
    </ClInclude>
    <ClInclude Include="Speckle\SpeckleResource.h">
      <Filter>Speckle</Filter>
    </ClInclude>
    <ClInclude Include="Speckle\Version.h">
      <Filter>Speckle</Filter>
    </ClInclude>
    <ClInclude Include="Speckle\Record\Element\Element.h">
      <Filter>Speckle\Record\Element</Filter>
    </ClInclude>
    <ClInclude Include="Speckle\Primitive\Mesh\Mesh.h">
      <Filter>Speckle\Primitive\Mesh</Filter>
    </ClInclude>
    <ClInclude Include="Speckle\Database\Storage\ArchicadDBase\ArchicadDBaseCore.h">
      <Filter>Speckle\Database\Storage\ArchicadDBase</Filter>
    </ClInclude>
    <ClInclude Include="Speckle\Database\Storage\ArchicadDBase\Element\ArchicadElementDBaseEngine.h">
      <Filter>Speckle\Database\Storage\ArchicadDBase\Element</Filter>
    </ClInclude>
    <ClInclude Include="Speckle\Database\BIMElementDatabase.h">
      <Filter>Speckle\Database</Filter>
    </ClInclude>
    <ClInclude Include="Speckle\Database\Content\BIMRecord.h">
      <Filter>Speckle\Database\Content</Filter>
    </ClInclude>
    <ClInclude Include="Speckle\Database\Identity\BIMIndex.h">
      <Filter>Speckle\Database\Identity</Filter>
    </ClInclude>
    <ClInclude Include="Speckle\Database\Identity\BIMLink.h">
      <Filter>Speckle\Database\Identity</Filter>
    </ClInclude>
    <ClInclude Include="Speckle\Database\Identity\BIMRecordID.h">
      <Filter>Speckle\Database\Identity</Filter>
    </ClInclude>
    <ClInclude Include="Speckle\Serialise\Detached\DetachedReference.h">
      <Filter>Speckle\Serialise\Detached</Filter>
    </ClInclude>
    <ClInclude Include="Speckle\Serialise\Detached\DetachedWrap.h">
      <Filter>Speckle\Serialise\Detached</Filter>
    </ClInclude>
    <ClInclude Include="Speckle\Serialise\Detached\DetachmentManager.h">
      <Filter>Speckle\Serialise\Detached</Filter>
    </ClInclude>
    <ClInclude Include="Speckle\Serialise\Detached\Storage\DetachedMemoryStore.h">
      <Filter>Speckle\Serialise\Detached\Storage</Filter>
    </ClInclude>
    <ClInclude Include="Speckle\Serialise\Detached\Storage\DetachedObjectStore.h">
      <Filter>Speckle\Serialise\Detached\Storage</Filter>
    </ClInclude>
    <ClInclude Include="Speckle\Database\BIMAttributeDatabase.h">
      <Filter>Speckle\Database</Filter>
    </ClInclude>
    <ClInclude Include="Speckle\Database\Storage\ArchicadDBase\Attribute\ArchicadAttributeDBaseEngine.h">
      <Filter>Speckle\Database\Storage\ArchicadDBase\Attribute</Filter>
    </ClInclude>
    <ClInclude Include="Speckle\Record\Attribute\Attribute.h">
      <Filter>Speckle\Record\Attribute</Filter>
    </ClInclude>
    <ClInclude Include="Speckle\Record\Attribute\Finish.h">
      <Filter>Speckle\Record\Attribute</Filter>
    </ClInclude>
    <ClInclude Include="Speckle\Record\Attribute\Storey.h">
      <Filter>Speckle\Record\Attribute</Filter>
    </ClInclude>
    <ClInclude Include="Speckle\Serialise\Collection\FinishCollector.h">
      <Filter>Speckle\Serialise\Collection</Filter>
    </ClInclude>
    <ClInclude Include="Speckle\Serialise\Collection\FinishProxy.h">
      <Filter>Speckle\Serialise\Collection</Filter>
    </ClInclude>
    <ClInclude Include="Speckle\Serialise\Types\Str256.h">
      <Filter>Speckle\Serialise\Types</Filter>
    </ClInclude>
    <ClInclude Include="Speckle\Serialise\Types\Units\LengthUnit.h">
      <Filter>Speckle\Serialise\Types\Units</Filter>
    </ClInclude>
  </ItemGroup>
  <ItemGroup>
    <ClCompile Include="Speckle\Environment\Addon.cpp">
      <Filter>Speckle\Environment</Filter>
    </ClCompile>
    <ClCompile Include="Speckle\Event\Subscriber\MenuSubscriber.cpp">
      <Filter>Speckle\Event\Subscriber</Filter>
    </ClCompile>
    <ClCompile Include="Speckle\Event\Subscriber\SelectionSubscriber.cpp">
      <Filter>Speckle\Event\Subscriber</Filter>
    </ClCompile>
    <ClCompile Include="Speckle\Utility\Guid.cpp">
      <Filter>Speckle\Utility</Filter>
    </ClCompile>
    <ClCompile Include="Speckle\Utility\String.cpp">
      <Filter>Speckle\Utility</Filter>
    </ClCompile>
    <ClCompile Include="Speckle\Interface\Browser\Bridge\BrowserBridge.cpp">
      <Filter>Speckle\Interface\Browser\Bridge</Filter>
    </ClCompile>
    <ClCompile Include="Speckle\Interface\Browser\Bridge\Functions\GetBindingsMethodNames.cpp">
      <Filter>Speckle\Interface\Browser\Bridge\Functions</Filter>
    </ClCompile>
    <ClCompile Include="Speckle\Interface\Browser\Bridge\Functions\GetCallResult.cpp">
      <Filter>Speckle\Interface\Browser\Bridge\Functions</Filter>
    </ClCompile>
    <ClCompile Include="Speckle\Interface\Browser\Bridge\Functions\RunMethod.cpp">
      <Filter>Speckle\Interface\Browser\Bridge\Functions</Filter>
    </ClCompile>
    <ClCompile Include="Speckle\Record\Credentials\Account.cpp">
      <Filter>Speckle\Record\Credentials</Filter>
    </ClCompile>
    <ClCompile Include="Speckle\Database\Content\Record.cpp">
      <Filter>Speckle\Database\Content</Filter>
    </ClCompile>
    <ClCompile Include="Speckle\Serialise\JSBase\JSBaseTransport.cpp">
      <Filter>Speckle\Serialise\JSBase</Filter>
    </ClCompile>
    <ClCompile Include="Speckle\Interface\Browser\Bridge\Functions\ErrorReport.cpp">
      <Filter>Speckle\Interface\Browser\Bridge\Functions</Filter>
    </ClCompile>
    <ClCompile Include="Speckle\Interface\Browser\Bridge\BridgeArgument.cpp">
      <Filter>Speckle\Interface\Browser\Bridge</Filter>
    </ClCompile>
    <ClCompile Include="Speckle\Interface\Browser\Bridge\BridgeArgumentWrap.cpp">
      <Filter>Speckle\Interface\Browser\Bridge</Filter>
    </ClCompile>
    <ClCompile Include="Speckle\Utility\Guid64.cpp">
      <Filter>Speckle\Utility</Filter>
    </ClCompile>
    <ClCompile Include="Speckle\Database\AccountDatabase.cpp">
      <Filter>Speckle\Database</Filter>
    </ClCompile>
    <ClCompile Include="Speckle\Record\Credentials\ServerInfo.cpp">
      <Filter>Speckle\Record\Credentials</Filter>
    </ClCompile>
    <ClCompile Include="Speckle\Record\Credentials\ServerMigration.cpp">
      <Filter>Speckle\Record\Credentials</Filter>
    </ClCompile>
    <ClCompile Include="Speckle\Record\Credentials\UserInfo.cpp">
      <Filter>Speckle\Record\Credentials</Filter>
    </ClCompile>
    <ClCompile Include="Speckle\Environment\Platform.cpp">
      <Filter>Speckle\Environment</Filter>
    </ClCompile>
    <ClCompile Include="Speckle\Event\Subscriber\DocStoreSubscriber.cpp">
      <Filter>Speckle\Event\Subscriber</Filter>
    </ClCompile>
    <ClCompile Include="Speckle\Event\Subscriber\ProjectSubscriber.cpp">
      <Filter>Speckle\Event\Subscriber</Filter>
    </ClCompile>
    <ClCompile Include="Speckle\Database\Storage\DocumentStore\DocumentStoreCore.cpp">
      <Filter>Speckle\Database\Storage\DocumentStore</Filter>
    </ClCompile>
    <ClCompile Include="Speckle\Environment\Project.cpp">
      <Filter>Speckle\Environment</Filter>
    </ClCompile>
    <ClCompile Include="Speckle\Event\Type\ProjectEvent.cpp">
      <Filter>Speckle\Event\Type</Filter>
    </ClCompile>
    <ClCompile Include="Speckle\Record\Element\Element.cpp">
      <Filter>Speckle\Record\Element</Filter>
    </ClCompile>
    <ClCompile Include="Speckle\Primitive\Mesh\Mesh.cpp">
      <Filter>Speckle\Primitive\Mesh</Filter>
    </ClCompile>
    <ClCompile Include="Speckle\Database\Storage\ArchicadDBase\ArchicadDBaseCore.cpp">
      <Filter>Speckle\Database\Storage\ArchicadDBase</Filter>
    </ClCompile>
    <ClCompile Include="Speckle\Database\Storage\ArchicadDBase\Element\ArchicadElementDBaseEngine.cpp">
      <Filter>Speckle\Database\Storage\ArchicadDBase\Element</Filter>
    </ClCompile>
    <ClCompile Include="Speckle\Database\BIMElementDatabase.cpp">
      <Filter>Speckle\Database</Filter>
    </ClCompile>
    <ClCompile Include="Speckle\Database\Content\BIMRecord.cpp">
      <Filter>Speckle\Database\Content</Filter>
    </ClCompile>
    <ClCompile Include="Speckle\Database\Identity\BIMLink.cpp">
      <Filter>Speckle\Database\Identity</Filter>
    </ClCompile>
    <ClCompile Include="Speckle\Serialise\Detached\DetachedReference.cpp">
      <Filter>Speckle\Serialise\Detached</Filter>
    </ClCompile>
    <ClCompile Include="Speckle\Serialise\Detached\DetachedWrap.cpp">
      <Filter>Speckle\Serialise\Detached</Filter>
    </ClCompile>
    <ClCompile Include="Speckle\Serialise\Detached\DetachmentManager.cpp">
      <Filter>Speckle\Serialise\Detached</Filter>
    </ClCompile>
    <ClCompile Include="Speckle\Database\BIMAttributeDatabase.cpp">
      <Filter>Speckle\Database</Filter>
    </ClCompile>
    <ClCompile Include="Speckle\Database\Storage\ArchicadDBase\Attribute\ArchicadAttributeDBaseEngine.cpp">
      <Filter>Speckle\Database\Storage\ArchicadDBase\Attribute</Filter>
    </ClCompile>
    <ClCompile Include="Speckle\Record\Attribute\Attribute.cpp">
      <Filter>Speckle\Record\Attribute</Filter>
    </ClCompile>
    <ClCompile Include="Speckle\Record\Attribute\Finish.cpp">
      <Filter>Speckle\Record\Attribute</Filter>
    </ClCompile>
    <ClCompile Include="Speckle\Record\Attribute\Storey.cpp">
      <Filter>Speckle\Record\Attribute</Filter>
    </ClCompile>
    <ClCompile Include="Speckle\Serialise\Types\Units\LengthUnit.cpp">
      <Filter>Speckle\Serialise\Types\Units</Filter>
    </ClCompile>
  </ItemGroup>
  <ItemGroup>
    <Text Include="Speckle\CMakeLists.txt">
      <Filter>Speckle</Filter>
    </Text>
    <Text Include="Speckle\Environment\CMakeLists.txt">
      <Filter>Speckle\Environment</Filter>
    </Text>
    <Text Include="Speckle\Event\CMakeLists.txt">
      <Filter>Speckle\Event</Filter>
    </Text>
    <Text Include="Speckle\Serialise\CMakeLists.txt">
      <Filter>Speckle\Serialise</Filter>
    </Text>
  </ItemGroup>
  <ItemGroup>
    <None Include="Speckle\Environment\Environment.md">
      <Filter>Speckle\Environment</Filter>
    </None>
    <None Include="Speckle\Event\Event.md">
      <Filter>Speckle\Event</Filter>
    </None>
    <None Include="Speckle\Serialise\Serialisation.md">
      <Filter>Speckle\Serialise</Filter>
    </None>
    <None Include="RINT\Speckle.grc">
      <Filter>Resource Files</Filter>
    </None>
  </ItemGroup>
</Project>